{"SurveyEntry":{"SurveyID":"SV_3gWQdZdiR6iB2gl","SurveyName":"Sample Survey","SurveyDescription":null,"SurveyOwnerID":"UR_8kzO7vEaBPWnAB7","SurveyBrandID":"tufts","DivisionID":null,"SurveyLanguage":"EN","SurveyActiveResponseSet":"RS_3CcdTLpUDOFQmnr","SurveyStatus":"Inactive","SurveyStartDate":"0000-00-00 00:00:00","SurveyExpirationDate":"0000-00-00 00:00:00","SurveyCreationDate":"2016-05-12 16:31:10","CreatorID":"UR_8kzO7vEaBPWnAB7","LastModified":"2016-05-23 14:22:25","LastAccessed":"0000-00-00 00:00:00","LastActivated":"0000-00-00 00:00:00","Deleted":null},"SurveyElements":[{"SurveyID":"SV_3gWQdZdiR6iB2gl","Element":"BL","PrimaryAttribute":"Survey Blocks","SecondaryAttribute":null,"TertiaryAttribute":null,"Payload":[{"Type":"Default","Description":"Normal","ID":"BL_9SQ6Rw9e0cyuQsJ","BlockElements":[{"Type":"Question","QuestionID":"QID1"},{"Type":"Question","QuestionID":"QID2"},{"Type":"Question","QuestionID":"QID3"},{"Type":"Question","QuestionID":"QID44"},{"Type":"Question","QuestionID":"QID4"},{"Type":"Question","QuestionID":"QID11"},{"Type":"Question","QuestionID":"QID5"},{"Type":"Question","QuestionID":"QID18"}]},{"Type":"Trash","Description":"Trash \/ Unused Questions","ID":"BL_bBkDRM5JcadHiyV","BlockElements":[{"Type":"Question","QuestionID":"QID26"},{"Type":"Question","QuestionID":"QID27"},{"Type":"Question","QuestionID":"QID28"},{"Type":"Question","QuestionID":"QID29"},{"Type":"Question","QuestionID":"QID30"},{"Type":"Question","QuestionID":"QID31"},{"Type":"Question","QuestionID":"QID32"},{"Type":"Question","QuestionID":"QID12"},{"Type":"Question","QuestionID":"QID13"},{"Type":"Question","QuestionID":"QID14"},{"Type":"Question","QuestionID":"QID15"},{"Type":"Question","QuestionID":"QID16"},{"Type":"Question","QuestionID":"QID17"},{"Type":"Question","QuestionID":"QID6"},{"Type":"Question","QuestionID":"QID7"},{"Type":"Question","QuestionID":"QID8"},{"Type":"Question","QuestionID":"QID9"},{"Type":"Question","QuestionID":"QID10"},{"Type":"Question","QuestionID":"QID34"},{"Type":"Question","QuestionID":"QID33"}]},{"Type":"Standard","Description":"With HTML","ID":"BL_2lrpERsoxuJUIdf","BlockElements":[{"Type":"Question","QuestionID":"QID19"},{"Type":"Question","QuestionID":"QID20"},{"Type":"Question","QuestionID":"QID21"},{"Type":"Question","QuestionID":"QID35"},{"Type":"Question","QuestionID":"QID22"},{"Type":"Question","QuestionID":"QID23"},{"Type":"Question","QuestionID":"QID24"},{"Type":"Question","QuestionID":"QID25"}]},{"Type":"Standard","Description":"With Survey Logic","ID":"BL_9uIiBINBAq8od13","BlockElements":[{"Type":"Question","QuestionID":"QID36"},{"Type":"Question","QuestionID":"QID37"},{"Type":"Question","QuestionID":"QID38"},{"Type":"Question","QuestionID":"QID39"},{"Type":"Question","QuestionID":"QID40"},{"Type":"Question","QuestionID":"QID41"},{"Type":"Question","QuestionID":"QID42"},{"Type":"Question","QuestionID":"QID43"}]},{"Type":"Standard","Description":"With Recoded Values","ID":"BL_6qYZtdFxhyqSi33","BlockElements":[{"Type":"Question","QuestionID":"QID45"},{"Type":"Question","QuestionID":"QID46"},{"Type":"Question","QuestionID":"QID47"},{"Type":"Question","QuestionID":"QID48"},{"Type":"Question","QuestionID":"QID49"},{"Type":"Question","QuestionID":"QID50"},{"Type":"Question","QuestionID":"QID51"},{"Type":"Question","QuestionID":"QID52"}]}]},{"SurveyID":"SV_3gWQdZdiR6iB2gl","Element":"FL","PrimaryAttribute":"Survey Flow","SecondaryAttribute":null,"TertiaryAttribute":null,"Payload":{"Flow":[{"ID":"BL_9SQ6Rw9e0cyuQsJ","Type":"Block","FlowID":"FL_2"},{"ID":"BL_2lrpERsoxuJUIdf","Type":"Standard","FlowID":"FL_5"},{"ID":"BL_9uIiBINBAq8od13","Type":"Standard","FlowID":"FL_7"},{"ID":"BL_6qYZtdFxhyqSi33","Type":"Standard","FlowID":"FL_8"}],"Properties":{"Count":8},"FlowID":"FL_1","Type":"Root"}},{"SurveyID":"SV_3gWQdZdiR6iB2gl","Element":"SO","PrimaryAttribute":"Survey Options","SecondaryAttribute":null,"TertiaryAttribute":null,"Payload":{"BackButton":"false","SaveAndContinue":"true","SurveyProtection":"PublicSurvey","BallotBoxStuffingPrevention":"false","NoIndex":"Yes","SecureResponseFiles":"true","SurveyExpiration":"None","SurveyTermination":"DefaultMessage","Header":"","Footer":"","ProgressBarDisplay":"None","PartialData":"+1 week","ValidationMessage":"","PreviousButton":"  <<  ","NextButton":"  >>  ","SkinLibrary":"tufts","SkinType":"MQ","Skin":"tufts1","NewScoring":1,"ProtectSelectionIds":true}},{"SurveyID":"SV_3gWQdZdiR6iB2gl","Element":"SCO","PrimaryAttribute":"Scoring","SecondaryAttribute":null,"TertiaryAttribute":null,"Payload":{"ScoringCategories":[],"ScoringCategoryGroups":[],"ScoringSummaryCategory":null,"ScoringSummaryAfterQuestions":0,"ScoringSummaryAfterSurvey":0,"DefaultScoringCategory":null,"AutoScoringCategory":null}},{"SurveyID":"SV_3gWQdZdiR6iB2gl","Element":"STAT","PrimaryAttribute":"Survey Statistics","SecondaryAttribute":null,"TertiaryAttribute":null,"Payload":{"MobileCompatible":false,"ID":"Survey Statistics"}},{"SurveyID":"SV_3gWQdZdiR6iB2gl","Element":"QC","PrimaryAttribute":"Survey Question Count","SecondaryAttribute":"52","TertiaryAttribute":null,"Payload":null},{"SurveyID":"SV_3gWQdZdiR6iB2gl","Element":"RS","PrimaryAttribute":"RS_3CcdTLpUDOFQmnr","SecondaryAttribute":"Default Response Set","TertiaryAttribute":null,"Payload":null},{"SurveyID":"SV_3gWQdZdiR6iB2gl","Element":"SQ","PrimaryAttribute":"QID5","SecondaryAttribute":"Please rate your likelihood of consuming each fruit","TertiaryAttribute":null,"Payload":{"QuestionText":"Please rate your likelihood of consuming each fruit","DefaultChoices":false,"DataExportTag":"Q5","QuestionID":"QID5","QuestionType":"Slider","Selector":"HSLIDER","Configuration":{"QuestionDescriptionOption":"UseText","CSSliderMin":0,"CSSliderMax":100,"GridLines":10,"SnapToGrid":false,"NumDecimals":"0","ShowValue":true,"CustomStart":true,"SliderStartPositions":{"1":0,"2":0,"3":0},"NotApplicable":false,"MobileFirst":true},"QuestionDescription":"Please rate your likelihood of consuming each fruit","Choices":{"1":{"Display":"Oranges"},"2":{"Display":"Blueberries"},"3":{"Display":"Strawberries"}},"ChoiceOrder":["1","2","3"],"Validation":{"Settings":{"ForceResponse":"OFF","ForceResponseType":"ON","Type":"None"}},"GradingData":[],"Language":[],"Labels":{"1":{"Display":"Extremely unlikely"},"2":{"Display":"Moderately unlikely"},"3":{"Display":"Slightly unlikely"},"4":{"Display":"Neither likely nor unlikely"},"5":{"Display":"Slightly likely"},"6":{"Display":"Moderately likely"},"7":{"Display":"Extremely likely"}}}},{"SurveyID":"SV_3gWQdZdiR6iB2gl","Element":"SQ","PrimaryAttribute":"QID10","SecondaryAttribute":"Please rate your likelihood of consuming each fruit","TertiaryAttribute":null,"Payload":{"QuestionText":"Please rate your likelihood of consuming each fruit","DefaultChoices":false,"QuestionType":"Slider","Selector":"HSLIDER","Configuration":{"QuestionDescriptionOption":"UseText","CSSliderMin":0,"CSSliderMax":100,"GridLines":10,"SnapToGrid":false,"NumDecimals":"0","ShowValue":true,"CustomStart":true,"SliderStartPositions":{"1":0,"2":0,"3":0},"NotApplicable":false,"MobileFirst":true},"QuestionDescription":"Please rate your likelihood of consuming each fruit","Choices":{"1":{"Display":"Oranges"},"2":{"Display":"Blueberries"},"3":{"Display":"Strawberries"}},"ChoiceOrder":["1","2","3"],"Validation":{"Settings":{"ForceResponse":"OFF","ForceResponseType":"ON","Type":"None"}},"GradingData":[],"Language":[],"Labels":{"1":{"Display":"Extremely unlikely"},"2":{"Display":"Moderately unlikely"},"3":{"Display":"Slightly unlikely"},"4":{"Display":"Neither likely nor unlikely"},"5":{"Display":"Slightly likely"},"6":{"Display":"Moderately likely"},"7":{"Display":"Extremely likely"}},"QuestionText_Unsafe":"Please rate your likelihood of consuming each fruit","DataExportTag":"Q10","QuestionID":"QID10"}},{"SurveyID":"SV_3gWQdZdiR6iB2gl","Element":"SQ","PrimaryAttribute":"QID17","SecondaryAttribute":"Please rate your likelihood of consuming each fruit","TertiaryAttribute":null,"Payload":{"QuestionText":"Please rate your likelihood of consuming each fruit","DefaultChoices":false,"QuestionType":"Slider","Selector":"HSLIDER","Configuration":{"QuestionDescriptionOption":"UseText","CSSliderMin":0,"CSSliderMax":100,"GridLines":10,"SnapToGrid":false,"NumDecimals":"0","ShowValue":true,"CustomStart":true,"SliderStartPositions":{"1":0,"2":0,"3":0},"NotApplicable":false,"MobileFirst":true},"QuestionDescription":"Please rate your likelihood of consuming each fruit","Choices":{"1":{"Display":"Oranges"},"2":{"Display":"Blueberries"},"3":{"Display":"Strawberries"}},"ChoiceOrder":["1","2","3"],"Validation":{"Settings":{"ForceResponse":"OFF","ForceResponseType":"ON","Type":"None"}},"GradingData":[],"Language":[],"Labels":{"1":{"Display":"Extremely unlikely"},"2":{"Display":"Moderately unlikely"},"3":{"Display":"Slightly unlikely"},"4":{"Display":"Neither likely nor unlikely"},"5":{"Display":"Slightly likely"},"6":{"Display":"Moderately likely"},"7":{"Display":"Extremely likely"}},"QuestionText_Unsafe":"Please rate your likelihood of consuming each fruit","DataExportTag":"Q17","QuestionID":"QID17"}},{"SurveyID":"SV_3gWQdZdiR6iB2gl","Element":"SQ","PrimaryAttribute":"QID31","SecondaryAttribute":"Please rate your likelihood of consuming each fruit","TertiaryAttribute":null,"Payload":{"QuestionText":"Please rate your likelihood of consuming each fruit","DefaultChoices":false,"QuestionType":"Slider","Selector":"HSLIDER","Configuration":{"QuestionDescriptionOption":"UseText","CSSliderMin":0,"CSSliderMax":100,"GridLines":10,"SnapToGrid":false,"NumDecimals":"0","ShowValue":true,"CustomStart":true,"SliderStartPositions":{"1":0,"2":0,"3":0},"NotApplicable":false,"MobileFirst":true},"QuestionDescription":"Please rate your likelihood of consuming each fruit","Choices":{"1":{"Display":"Oranges"},"2":{"Display":"Blueberries"},"3":{"Display":"Strawberries"}},"ChoiceOrder":["1","2","3"],"Validation":{"Settings":{"ForceResponse":"OFF","ForceResponseType":"ON","Type":"None"}},"GradingData":[],"Language":[],"Labels":{"1":{"Display":"Extremely unlikely"},"2":{"Display":"Moderately unlikely"},"3":{"Display":"Slightly unlikely"},"4":{"Display":"Neither likely nor unlikely"},"5":{"Display":"Slightly likely"},"6":{"Display":"Moderately likely"},"7":{"Display":"Extremely likely"}},"QuestionText_Unsafe":"Please rate your likelihood of consuming each fruit","DataExportTag":"Q31","QuestionID":"QID31"}},{"SurveyID":"SV_3gWQdZdiR6iB2gl","Element":"SQ","PrimaryAttribute":"QID42","SecondaryAttribute":"Please rate your likelihood of consuming each fruit","TertiaryAttribute":null,"Payload":{"QuestionText":"Please rate your likelihood of consuming each fruit","DefaultChoices":false,"QuestionType":"Slider","Selector":"HSLIDER","Configuration":{"QuestionDescriptionOption":"UseText","CSSliderMin":0,"CSSliderMax":100,"GridLines":10,"SnapToGrid":false,"NumDecimals":"0","ShowValue":true,"CustomStart":true,"SliderStartPositions":{"1":0,"2":0,"3":0},"NotApplicable":false,"MobileFirst":true},"QuestionDescription":"Please rate your likelihood of consuming each fruit","Choices":{"1":{"Display":"Oranges"},"2":{"Display":"Blueberries","DisplayLogic":{"0":{"0":{"LogicType":"Question","QuestionID":"QID2","QuestionIsInLoop":"no","ChoiceLocator":"q:\/\/QID2\/SelectableChoice\/1","Operator":"Selected","QuestionIDFromLocator":"QID2","LeftOperand":"q:\/\/QID2\/SelectableChoice\/1","Type":"Expression","Description":"<span class=\"ConjDesc\">If<\/span> <span class=\"QuestionDesc\">This is a multiple choice multiple answer vertical question, please choose one of the fruits below. <\/span> <span class=\"LeftOpDesc\">Oranges<\/span> Is <span class=\"OpDesc\">Selected<\/span> "},"Type":"If"},"Type":"BooleanExpression","inPage":false}},"3":{"Display":"Strawberries"}},"ChoiceOrder":["1","2","3"],"Validation":{"Settings":{"ForceResponse":"OFF","ForceResponseType":"ON","Type":"None"}},"GradingData":[],"Language":[],"Labels":{"1":{"Display":"Extremely unlikely"},"2":{"Display":"Moderately unlikely"},"3":{"Display":"Slightly unlikely"},"4":{"Display":"Neither likely nor unlikely"},"5":{"Display":"Slightly likely"},"6":{"Display":"Moderately likely"},"7":{"Display":"Extremely likely"}},"QuestionText_Unsafe":"Please rate your likelihood of consuming each fruit","DataExportTag":"Q42","QuestionID":"QID42"}},{"SurveyID":"SV_3gWQdZdiR6iB2gl","Element":"SQ","PrimaryAttribute":"QID51","SecondaryAttribute":"Please rate your likelihood of consuming each fruit","TertiaryAttribute":null,"Payload":{"QuestionText":"Please rate your likelihood of consuming each fruit","DefaultChoices":false,"QuestionType":"Slider","Selector":"HSLIDER","Configuration":{"QuestionDescriptionOption":"UseText","CSSliderMin":0,"CSSliderMax":100,"GridLines":10,"SnapToGrid":false,"NumDecimals":"0","ShowValue":true,"CustomStart":true,"SliderStartPositions":{"1":0,"2":0,"3":0},"NotApplicable":false,"MobileFirst":true},"QuestionDescription":"Please rate your likelihood of consuming each fruit","Choices":{"1":{"Display":"Oranges"},"2":{"Display":"Blueberries"},"3":{"Display":"Strawberries"}},"ChoiceOrder":["1","2","3"],"Validation":{"Settings":{"ForceResponse":"OFF","ForceResponseType":"ON","Type":"None"}},"GradingData":[],"Language":[],"Labels":{"1":{"Display":"Extremely unlikely"},"2":{"Display":"Moderately unlikely"},"3":{"Display":"Slightly unlikely"},"4":{"Display":"Neither likely nor unlikely"},"5":{"Display":"Slightly likely"},"6":{"Display":"Moderately likely"},"7":{"Display":"Extremely likely"}},"QuestionText_Unsafe":"Please rate your likelihood of consuming each fruit","DataExportTag":"Q51","QuestionID":"QID51"}},{"SurveyID":"SV_3gWQdZdiR6iB2gl","Element":"SQ","PrimaryAttribute":"QID24","SecondaryAttribute":"Please rate your likelihood of consuming each fruit \u00a0","TertiaryAttribute":null,"Payload":{"QuestionText":"<strong>Please<\/strong> rate your likelihood of consuming each fruit<br \/>\n<br \/>\n&nbsp;","DefaultChoices":false,"QuestionType":"Slider","Selector":"HSLIDER","Configuration":{"QuestionDescriptionOption":"UseText","CSSliderMin":0,"CSSliderMax":100,"GridLines":10,"SnapToGrid":false,"NumDecimals":"0","ShowValue":true,"CustomStart":true,"SliderStartPositions":{"1":0,"2":0,"3":0},"NotApplicable":false,"MobileFirst":true},"QuestionDescription":"Please rate your likelihood of consuming each fruit \u00a0","Choices":{"1":{"Display":"Oranges"},"2":{"Display":"<strong>Blueberries<\/strong>"},"3":{"Display":"Strawberries"}},"ChoiceOrder":["1","2","3"],"Validation":{"Settings":{"ForceResponse":"OFF","ForceResponseType":"ON","Type":"None"}},"GradingData":[],"Language":[],"Labels":{"1":{"Display":"<strong>Extremely<\/strong> <sub>unlikely<\/sub>"},"2":{"Display":"Moderately unlikely"},"3":{"Display":"Slightly unlikely"},"4":{"Display":"<strong>Neither likely nor unlikely<\/strong>"},"5":{"Display":"Slightly likely"},"6":{"Display":"Moderately likely"},"7":{"Display":"<u>Extremely likely<\/u>"}},"QuestionText_Unsafe":"Please rate your likelihood of consuming each fruit","DataExportTag":"Q24","QuestionID":"QID24"}},{"SurveyID":"SV_3gWQdZdiR6iB2gl","Element":"SQ","PrimaryAttribute":"QID18","SecondaryAttribute":"This is a free response text entry question. Please tell us what your favorite fruit is, and why. ","TertiaryAttribute":null,"Payload":{"QuestionText":"This is a free response text entry question. Please tell us what your favorite fruit is, and why.&nbsp;","DefaultChoices":false,"DataExportTag":"Q18","QuestionType":"TE","Selector":"SL","Configuration":{"QuestionDescriptionOption":"UseText"},"QuestionDescription":"This is a free response text entry question. Please tell us what your favorite fruit is, and why. ","Validation":{"Settings":{"ForceResponse":"OFF","ForceResponseType":"ON","Type":"None"}},"GradingData":[],"Language":[],"QuestionID":"QID18"}},{"SurveyID":"SV_3gWQdZdiR6iB2gl","Element":"SQ","PrimaryAttribute":"QID32","SecondaryAttribute":"This is a free response text entry question. Please tell us what your favorite fruit is, and why. ","TertiaryAttribute":null,"Payload":{"QuestionText":"This is a free response text entry question. Please tell us what your favorite fruit is, and why.&nbsp;","DefaultChoices":false,"QuestionType":"TE","Selector":"SL","Configuration":{"QuestionDescriptionOption":"UseText"},"QuestionDescription":"This is a free response text entry question. Please tell us what your favorite fruit is, and why. ","Validation":{"Settings":{"ForceResponse":"OFF","ForceResponseType":"ON","Type":"None"}},"GradingData":[],"Language":[],"QuestionText_Unsafe":"This is a free response text entry question. Please tell us what your favorite fruit is, and why.&nbsp;","DataExportTag":"Q32","QuestionID":"QID32"}},{"SurveyID":"SV_3gWQdZdiR6iB2gl","Element":"SQ","PrimaryAttribute":"QID43","SecondaryAttribute":"This is a free response text entry question. Please tell us what your favorite fruit is, and why. ","TertiaryAttribute":null,"Payload":{"QuestionText":"This is a free response text entry question. Please tell us what your favorite fruit is, and why.&nbsp;","DefaultChoices":false,"QuestionType":"TE","Selector":"SL","Configuration":{"QuestionDescriptionOption":"UseText"},"QuestionDescription":"This is a free response text entry question. Please tell us what your favorite fruit is, and why. ","Validation":{"Settings":{"ForceResponse":"OFF","ForceResponseType":"ON","Type":"None"}},"GradingData":[],"Language":[],"QuestionText_Unsafe":"This is a free response text entry question. Please tell us what your favorite fruit is, and why.&nbsp;","DataExportTag":"Q43","QuestionID":"QID43","DisplayLogic":{"0":{"0":{"LogicType":"Question","QuestionID":"QID2","QuestionIsInLoop":"no","ChoiceLocator":"q:\/\/QID2\/SelectableChoice\/3","Operator":"Displayed","QuestionIDFromLocator":"QID2","LeftOperand":"q:\/\/QID2\/ChoiceDisplayed\/3","Type":"Expression","Description":"<span class=\"ConjDesc\">If<\/span> <span class=\"QuestionDesc\">This is a multiple choice multiple answer vertical question, please choose one of the fruits below. <\/span> <span class=\"LeftOpDesc\">Strawberries<\/span> Is <span class=\"OpDesc\">Displayed<\/span> "},"Type":"If"},"Type":"BooleanExpression","inPage":false}}},{"SurveyID":"SV_3gWQdZdiR6iB2gl","Element":"SQ","PrimaryAttribute":"QID52","SecondaryAttribute":"This is a free response text entry question. Please tell us what your favorite fruit is, and why. ","TertiaryAttribute":null,"Payload":{"QuestionText":"This is a free response text entry question. Please tell us what your favorite fruit is, and why.&nbsp;","DefaultChoices":false,"QuestionType":"TE","Selector":"SL","Configuration":{"QuestionDescriptionOption":"UseText"},"QuestionDescription":"This is a free response text entry question. Please tell us what your favorite fruit is, and why. ","Validation":{"Settings":{"ForceResponse":"OFF","ForceResponseType":"ON","Type":"None"}},"GradingData":[],"Language":[],"QuestionText_Unsafe":"This is a free response text entry question. Please tell us what your favorite fruit is, and why.&nbsp;","DataExportTag":"Q52","QuestionID":"QID52"}},{"SurveyID":"SV_3gWQdZdiR6iB2gl","Element":"SQ","PrimaryAttribute":"QID25","SecondaryAttribute":"This is a free response text entry question. Please tell us what your favorite fruit is, and why....","TertiaryAttribute":null,"Payload":{"QuestionText":"<strong>This<\/strong> is a free response text entry question. Please tell us what your favorite fruit is, and why.&nbsp;<br \/>\n<br \/>\n&nbsp;","DefaultChoices":false,"QuestionType":"TE","Selector":"PW","Configuration":{"QuestionDescriptionOption":"UseText"},"QuestionDescription":"This is a free response text entry question. Please tell us what your favorite fruit is, and why....","Validation":{"Settings":{"ForceResponse":"OFF","ForceResponseType":"ON","Type":"None"}},"GradingData":[],"Language":[],"QuestionText_Unsafe":"This is a free response text entry question. Please tell us what your favorite fruit is, and why.&nbsp;","DataExportTag":"Q25","QuestionID":"QID25"}},{"SurveyID":"SV_3gWQdZdiR6iB2gl","Element":"SQ","PrimaryAttribute":"QID35","SecondaryAttribute":"This is a likert matrix multiple answer question. Please rate how you feel about each fruit.","TertiaryAttribute":null,"Payload":{"QuestionText":"This is a likert matrix multiple answer question. Please rate how you feel about each fruit.","DefaultChoices":false,"DataExportTag":"Q35","QuestionType":"Matrix","Selector":"Likert","SubSelector":"MultipleAnswer","Configuration":{"QuestionDescriptionOption":"UseText","TextPosition":"inline","ChoiceColumnWidth":25,"RepeatHeaders":"none","WhiteSpace":"OFF","MobileFirst":true},"QuestionDescription":"This is a likert matrix multiple answer question. Please rate how you feel about each fruit.","Choices":{"1":{"Display":"Oranges"},"2":{"Display":"<strong>Blueberries<\/strong>"},"3":{"Display":"Strawberries"}},"ChoiceOrder":["1","2","3"],"Validation":{"Settings":{"ForceResponse":"OFF","ForceResponseType":"ON","Type":"None"}},"GradingData":[],"Language":[],"Answers":{"1":{"Display":"<strong>Like<\/strong>"},"2":{"Display":"Neither like nor dislike"},"3":{"Display":"<em>Dislike<\/em>"}},"AnswerOrder":[1,2,3],"ChoiceDataExportTags":false,"QuestionID":"QID35"}},{"SurveyID":"SV_3gWQdZdiR6iB2gl","Element":"SQ","PrimaryAttribute":"QID44","SecondaryAttribute":"This is a likert matrix multiple answer question. Please rate how you feel about each fruit.","TertiaryAttribute":null,"Payload":{"QuestionText":"This is a likert matrix multiple answer question. Please rate how you feel about each fruit.","DefaultChoices":false,"DataExportTag":"Q44","QuestionType":"Matrix","Selector":"Likert","SubSelector":"MultipleAnswer","Configuration":{"QuestionDescriptionOption":"UseText","TextPosition":"inline","ChoiceColumnWidth":25,"RepeatHeaders":"none","WhiteSpace":"OFF","MobileFirst":true},"QuestionDescription":"This is a likert matrix multiple answer question. Please rate how you feel about each fruit.","Choices":{"1":{"Display":"Oranges"},"2":{"Display":"Blueberries"},"3":{"Display":"Strawberries"}},"ChoiceOrder":["1","2","3"],"Validation":{"Settings":{"ForceResponse":"OFF","ForceResponseType":"ON","Type":"None"}},"GradingData":[],"Language":[],"Answers":{"1":{"Display":"Like"},"2":{"Display":"Neither like nor dislike"},"3":{"Display":"Dislike"}},"AnswerOrder":[1,2,3],"ChoiceDataExportTags":{"1":"Q44_1","2":"Q44_2","3":"Q44_3"},"QuestionID":"QID44"}},{"SurveyID":"SV_3gWQdZdiR6iB2gl","Element":"SQ","PrimaryAttribute":"QID48","SecondaryAttribute":"This is a likert matrix multiple answer question. Please rate how you feel about each fruit.","TertiaryAttribute":null,"Payload":{"QuestionText":"This is a likert matrix multiple answer question. Please rate how you feel about each fruit.","DefaultChoices":false,"QuestionType":"Matrix","Selector":"Likert","SubSelector":"MultipleAnswer","Configuration":{"QuestionDescriptionOption":"UseText","TextPosition":"inline","ChoiceColumnWidth":25,"RepeatHeaders":"none","WhiteSpace":"OFF","MobileFirst":true},"QuestionDescription":"This is a likert matrix multiple answer question. Please rate how you feel about each fruit.","Choices":{"1":{"Display":"Oranges"},"2":{"Display":"Blueberries"},"3":{"Display":"Strawberries"}},"ChoiceOrder":["1","2","3"],"Validation":{"Settings":{"ForceResponse":"OFF","ForceResponseType":"ON","Type":"None"}},"GradingData":[],"Language":[],"Answers":{"1":{"Display":"Like"},"2":{"Display":"Neither like nor dislike"},"3":{"Display":"Dislike"}},"AnswerOrder":[1,2,3],"ChoiceDataExportTags":{"1":"yellow","2":"blue","3":"red"},"QuestionText_Unsafe":"This is a likert matrix multiple answer question. Please rate how you feel about each fruit.","DataExportTag":"Q48","QuestionID":"QID48"}},{"SurveyID":"SV_3gWQdZdiR6iB2gl","Element":"SQ","PrimaryAttribute":"QID3","SecondaryAttribute":"This is a likert matrix single answer question. Please rate how you feel about each fruit.","TertiaryAttribute":null,"Payload":{"QuestionText":"This is a likert matrix single answer question. Please rate how you feel about each fruit.","DefaultChoices":false,"DataExportTag":"Q3","QuestionType":"Matrix","Selector":"Likert","SubSelector":"SingleAnswer","Configuration":{"QuestionDescriptionOption":"UseText","TextPosition":"inline","ChoiceColumnWidth":25,"RepeatHeaders":"none","WhiteSpace":"OFF","MobileFirst":true},"QuestionDescription":"This is a likert matrix single answer question. Please rate how you feel about each fruit.","Choices":{"1":{"Display":"Oranges"},"2":{"Display":"Blueberries"},"3":{"Display":"Strawberries"}},"ChoiceOrder":["1","2","3"],"Validation":{"Settings":{"ForceResponse":"OFF","ForceResponseType":"ON","Type":"None"}},"GradingData":[],"Language":[],"Answers":{"1":{"Display":"Like"},"2":{"Display":"Neither like nor dislike"},"3":{"Display":"Dislike"}},"AnswerOrder":[1,2,3],"ChoiceDataExportTags":false,"QuestionID":"QID3"}},{"SurveyID":"SV_3gWQdZdiR6iB2gl","Element":"SQ","PrimaryAttribute":"QID8","SecondaryAttribute":"This is a likert matrix single answer question. Please rate how you feel about each fruit.","TertiaryAttribute":null,"Payload":{"QuestionText":"This is a likert matrix single answer question. Please rate how you feel about each fruit.","DefaultChoices":false,"QuestionType":"Matrix","Selector":"Likert","SubSelector":"SingleAnswer","Configuration":{"QuestionDescriptionOption":"UseText","TextPosition":"inline","ChoiceColumnWidth":25,"RepeatHeaders":"none","WhiteSpace":"OFF","MobileFirst":true},"QuestionDescription":"This is a likert matrix single answer question. Please rate how you feel about each fruit.","Choices":{"1":{"Display":"Oranges"},"2":{"Display":"Blueberries"},"3":{"Display":"Strawberries"}},"ChoiceOrder":["1","2","3"],"Validation":{"Settings":{"ForceResponse":"OFF","ForceResponseType":"ON","Type":"None"}},"GradingData":[],"Language":[],"Answers":{"1":{"Display":"Like"},"2":{"Display":"Neither like nor dislike"},"3":{"Display":"Dislike"}},"AnswerOrder":[1,2,3],"ChoiceDataExportTags":false,"QuestionText_Unsafe":"This is a likert matrix single answer question. Please rate how you feel about each fruit.","DataExportTag":"Q8","QuestionID":"QID8"}},{"SurveyID":"SV_3gWQdZdiR6iB2gl","Element":"SQ","PrimaryAttribute":"QID14","SecondaryAttribute":"This is a likert matrix single answer question. Please rate how you feel about each fruit.","TertiaryAttribute":null,"Payload":{"QuestionText":"This is a likert matrix single answer question. Please rate how you feel about each fruit.","DefaultChoices":false,"QuestionType":"Matrix","Selector":"Likert","SubSelector":"SingleAnswer","Configuration":{"QuestionDescriptionOption":"UseText","TextPosition":"inline","ChoiceColumnWidth":25,"RepeatHeaders":"none","WhiteSpace":"OFF","MobileFirst":true},"QuestionDescription":"This is a likert matrix single answer question. Please rate how you feel about each fruit.","Choices":{"1":{"Display":"Oranges"},"2":{"Display":"Blueberries"},"3":{"Display":"Strawberries"}},"ChoiceOrder":["1","2","3"],"Validation":{"Settings":{"ForceResponse":"OFF","ForceResponseType":"ON","Type":"None"}},"GradingData":[],"Language":[],"Answers":{"1":{"Display":"Like"},"2":{"Display":"Neither like nor dislike"},"3":{"Display":"Dislike"}},"AnswerOrder":[1,2,3],"ChoiceDataExportTags":false,"QuestionText_Unsafe":"This is a likert matrix single answer question. Please rate how you feel about each fruit.","DataExportTag":"Q14","QuestionID":"QID14"}},{"SurveyID":"SV_3gWQdZdiR6iB2gl","Element":"SQ","PrimaryAttribute":"QID28","SecondaryAttribute":"This is a likert matrix single answer question. Please rate how you feel about each fruit.","TertiaryAttribute":null,"Payload":{"QuestionText":"This is a likert matrix single answer question. Please rate how you feel about each fruit.","DefaultChoices":false,"QuestionType":"Matrix","Selector":"Likert","SubSelector":"SingleAnswer","Configuration":{"QuestionDescriptionOption":"UseText","TextPosition":"inline","ChoiceColumnWidth":25,"RepeatHeaders":"none","WhiteSpace":"OFF","MobileFirst":true},"QuestionDescription":"This is a likert matrix single answer question. Please rate how you feel about each fruit.","Choices":{"1":{"Display":"Oranges"},"2":{"Display":"Blueberries"},"3":{"Display":"Strawberries"}},"ChoiceOrder":["1","2","3"],"Validation":{"Settings":{"ForceResponse":"OFF","ForceResponseType":"ON","Type":"None"}},"GradingData":[],"Language":[],"Answers":{"1":{"Display":"Like"},"2":{"Display":"Neither like nor dislike"},"3":{"Display":"Dislike"}},"AnswerOrder":[1,2,3],"ChoiceDataExportTags":false,"QuestionText_Unsafe":"This is a likert matrix single answer question. Please rate how you feel about each fruit.","DataExportTag":"Q28","QuestionID":"QID28"}},{"SurveyID":"SV_3gWQdZdiR6iB2gl","Element":"SQ","PrimaryAttribute":"QID33","SecondaryAttribute":"This is a likert matrix single answer question. Please rate how you feel about each fruit.","TertiaryAttribute":null,"Payload":{"QuestionText":"This is a likert matrix single answer question. Please rate how you feel about each fruit.","DefaultChoices":false,"DataExportTag":"Q33","QuestionType":"Matrix","Selector":"Likert","SubSelector":"SingleAnswer","Configuration":{"QuestionDescriptionOption":"UseText","TextPosition":"inline","ChoiceColumnWidth":25,"RepeatHeaders":"none","WhiteSpace":"OFF","MobileFirst":true},"QuestionDescription":"This is a likert matrix single answer question. Please rate how you feel about each fruit.","Choices":{"1":{"Display":"Oranges","ExclusiveAnswer":false},"2":{"Display":"Blueberries","ExclusiveAnswer":false},"3":{"Display":"Strawberries","ExclusiveAnswer":false}},"ChoiceOrder":["1","2","3"],"Validation":{"Settings":{"ForceResponse":"OFF","ForceResponseType":"ON","Type":"None"}},"GradingData":[],"Language":[],"Answers":{"1":{"Display":"Like"},"2":{"Display":"Neither like nor dislike"},"3":{"Display":"Dislike"}},"AnswerOrder":[1,2,3],"ChoiceDataExportTags":false,"QuestionID":"QID33"}},{"SurveyID":"SV_3gWQdZdiR6iB2gl","Element":"SQ","PrimaryAttribute":"QID38","SecondaryAttribute":"This is a likert matrix single answer question. Please rate how you feel about each fruit.","TertiaryAttribute":null,"Payload":{"QuestionText":"This is a likert matrix single answer question. Please rate how you feel about each fruit.","DefaultChoices":false,"QuestionType":"Matrix","Selector":"Likert","SubSelector":"SingleAnswer","Configuration":{"QuestionDescriptionOption":"UseText","TextPosition":"inline","ChoiceColumnWidth":25,"RepeatHeaders":"none","WhiteSpace":"OFF","MobileFirst":true},"QuestionDescription":"This is a likert matrix single answer question. Please rate how you feel about each fruit.","Choices":{"1":{"Display":"Oranges"},"2":{"Display":"Blueberries","DisplayLogic":{"0":{"0":{"LogicType":"Question","QuestionID":"QID2","QuestionIsInLoop":"no","ChoiceLocator":"q:\/\/QID2\/SelectableChoice\/1","Operator":"Selected","QuestionIDFromLocator":"QID2","LeftOperand":"q:\/\/QID2\/SelectableChoice\/1","Type":"Expression","Description":"<span class=\"ConjDesc\">If<\/span> <span class=\"QuestionDesc\">This is a multiple choice multiple answer vertical question, please choose one of the fruits below. <\/span> <span class=\"LeftOpDesc\">Oranges<\/span> Is <span class=\"OpDesc\">Selected<\/span> "},"Type":"If"},"Type":"BooleanExpression","inPage":false}},"3":{"Display":"Strawberries"}},"ChoiceOrder":["1","2","3"],"Validation":{"Settings":{"ForceResponse":"OFF","ForceResponseType":"ON","Type":"None"}},"GradingData":[],"Language":[],"Answers":{"1":{"Display":"Like"},"2":{"Display":"Neither like nor dislike","DisplayLogic":{"0":{"0":{"LogicType":"Question","QuestionID":"QID3","QuestionIsInLoop":"no","ChoiceLocator":"q:\/\/QID3\/SelectableAnswer\/3","Operator":"Selected","QuestionIDFromLocator":"QID3","LeftOperand":"q:\/\/QID3\/SelectableAnswer\/3","Type":"Expression","Description":"<span class=\"ConjDesc\">If<\/span> <span class=\"QuestionDesc\">This is a likert matrix single answer question. Please rate how you feel about each fruit.<\/span> <span class=\"LeftOpDesc\"> - Dislike<\/span> Is <span class=\"OpDesc\">Selected<\/span> "},"Type":"If"},"Type":"BooleanExpression","inPage":false}},"3":{"Display":"Dislike"}},"AnswerOrder":[1,2,3],"ChoiceDataExportTags":false,"QuestionText_Unsafe":"This is a likert matrix single answer question. Please rate how you feel about each fruit.","DataExportTag":"Q38","QuestionID":"QID38"}},{"SurveyID":"SV_3gWQdZdiR6iB2gl","Element":"SQ","PrimaryAttribute":"QID39","SecondaryAttribute":"This is a likert matrix single answer question. Please rate how you feel about each fruit.","TertiaryAttribute":null,"Payload":{"QuestionText":"This is a likert matrix single answer question. Please rate how you feel about each fruit.","DefaultChoices":false,"QuestionType":"Matrix","Selector":"Likert","SubSelector":"MultipleAnswer","Configuration":{"QuestionDescriptionOption":"UseText","TextPosition":"inline","ChoiceColumnWidth":25,"RepeatHeaders":"none","WhiteSpace":"OFF","MobileFirst":true},"QuestionDescription":"This is a likert matrix single answer question. Please rate how you feel about each fruit.","Choices":{"1":{"Display":"Oranges"},"2":{"Display":"Blueberries"},"3":{"Display":"Strawberries"}},"ChoiceOrder":["1","2","3"],"Validation":{"Settings":{"ForceResponse":"OFF","ForceResponseType":"ON","Type":"None"}},"GradingData":[],"Language":[],"Answers":{"1":{"Display":"Like"},"2":{"Display":"Neither like nor dislike","DisplayLogic":{"0":{"0":{"LogicType":"Question","QuestionID":"QID3","QuestionIsInLoop":"no","ChoiceLocator":"q:\/\/QID3\/SelectableAnswer\/3","Operator":"Displayed","QuestionIDFromLocator":"QID3","LeftOperand":"q:\/\/QID3\/AnswerDisplayed\/3","Type":"Expression","Description":"<span class=\"ConjDesc\">If<\/span> <span class=\"QuestionDesc\">This is a likert matrix multiple answer question. Please rate how you feel about each fruit.<\/span> <span class=\"LeftOpDesc\"> - Dislike<\/span> Is <span class=\"OpDesc\">Displayed<\/span> "},"Type":"If"},"Type":"BooleanExpression","inPage":false}},"3":{"Display":"Dislike"}},"AnswerOrder":[1,2,3],"ChoiceDataExportTags":{"1":"Q39_1","2":"Q39_2","3":"Q39_3"},"QuestionText_Unsafe":"This is a likert matrix single answer question. Please rate how you feel about each fruit.","DataExportTag":"Q39","QuestionID":"QID39","DisplayLogic":{"0":{"0":{"LogicType":"Question","QuestionID":"QID1","QuestionIsInLoop":"no","ChoiceLocator":"q:\/\/QID1\/SelectableChoice\/2","Operator":"Displayed","QuestionIDFromLocator":"QID1","LeftOperand":"q:\/\/QID1\/ChoiceDisplayed\/2","Type":"Expression","Description":"<span class=\"ConjDesc\">If<\/span> <span class=\"QuestionDesc\">This is a multiple choice single answer vertical question, please choose one of the fruits below. <\/span> <span class=\"LeftOpDesc\">Blueberries<\/span> Is <span class=\"OpDesc\">Displayed<\/span> "},"Type":"If"},"Type":"BooleanExpression","inPage":false},"RecodeValues":{"1":1,"2":2,"3":3},"VariableNaming":{"1":"Like","2":"Neither like nor dislike","3":"Dislike"}}},{"SurveyID":"SV_3gWQdZdiR6iB2gl","Element":"SQ","PrimaryAttribute":"QID47","SecondaryAttribute":"This is a likert matrix single answer question. Please rate how you feel about each fruit.","TertiaryAttribute":null,"Payload":{"QuestionText":"This is a likert matrix single answer question. Please rate how you feel about each fruit.","DefaultChoices":false,"QuestionType":"Matrix","Selector":"Likert","SubSelector":"SingleAnswer","Configuration":{"QuestionDescriptionOption":"UseText","TextPosition":"inline","ChoiceColumnWidth":25,"RepeatHeaders":"none","WhiteSpace":"OFF","MobileFirst":true},"QuestionDescription":"This is a likert matrix single answer question. Please rate how you feel about each fruit.","Choices":{"1":{"Display":"Oranges"},"2":{"Display":"Blueberries"},"3":{"Display":"Strawberries"}},"ChoiceOrder":["1","2","3"],"Validation":{"Settings":{"ForceResponse":"OFF","ForceResponseType":"ON","Type":"None"}},"GradingData":[],"Language":[],"Answers":{"1":{"Display":"Like"},"2":{"Display":"Neither like nor dislike"},"3":{"Display":"Dislike"}},"AnswerOrder":[1,2,3],"ChoiceDataExportTags":{"1":"orange-ish","2":"violet","3":"bloody"},"QuestionText_Unsafe":"This is a likert matrix single answer question. Please rate how you feel about each fruit.","DataExportTag":"Q47","QuestionID":"QID47","RecodeValues":{"1":"12","2":"2","3":"3"},"VariableNaming":{"1":"love","2":"in-between","3":"hate"}}},{"SurveyID":"SV_3gWQdZdiR6iB2gl","Element":"SQ","PrimaryAttribute":"QID21","SecondaryAttribute":"This is a likert matrix single answer question. Please rate how you feel about each fruit. \u00a0","TertiaryAttribute":null,"Payload":{"QuestionText":"<strong>This<\/strong> is a likert matrix single answer question. Please rate how you feel about each fruit.<br \/>\n<br \/>\n&nbsp;","DefaultChoices":false,"QuestionType":"Matrix","Selector":"Likert","SubSelector":"SingleAnswer","Configuration":{"QuestionDescriptionOption":"UseText","TextPosition":"inline","ChoiceColumnWidth":25,"RepeatHeaders":"none","WhiteSpace":"OFF","MobileFirst":true},"QuestionDescription":"This is a likert matrix single answer question. Please rate how you feel about each fruit. \u00a0","Choices":{"1":{"Display":"Oranges"},"2":{"Display":"<em>Blueberries<\/em>"},"3":{"Display":"Strawberries"}},"ChoiceOrder":["1","2","3"],"Validation":{"Settings":{"ForceResponse":"OFF","ForceResponseType":"ON","Type":"None"}},"GradingData":[],"Language":[],"Answers":{"1":{"Display":"Like"},"2":{"Display":"<span style=\"font-size:22px;\">Neither<\/span> like nor <em>dislike<\/em>"},"3":{"Display":"Dislike"}},"AnswerOrder":[1,2,3],"ChoiceDataExportTags":false,"QuestionText_Unsafe":"This is a likert matrix single answer question. Please rate how you feel about each fruit.","DataExportTag":"Q21","QuestionID":"QID21"}},{"SurveyID":"SV_3gWQdZdiR6iB2gl","Element":"SQ","PrimaryAttribute":"QID20","SecondaryAttribute":"This is a multiple choice multiple answer vertical question, please choose one of the fruits belo...","TertiaryAttribute":null,"Payload":{"QuestionText":"<strong>This<\/strong> is a multiple choice multiple answer vertical <i>question<\/i>, please choose one of the fruits below.&nbsp;<br>\n<br>\n&nbsp;","QuestionType":"MC","Selector":"MAVR","SubSelector":"TX","Configuration":{"QuestionDescriptionOption":"UseText"},"QuestionDescription":"This is a multiple choice multiple answer vertical question, please choose one of the fruits belo...","Choices":{"1":{"Display":"Oranges"},"2":{"Display":"Blueberries"},"3":{"Display":"<em>Strawberries<\/em>"}},"ChoiceOrder":["1","2","3"],"Validation":{"Settings":{"ForceResponse":"OFF","ForceResponseType":"ON","Type":"None"}},"Language":[],"QuestionText_Unsafe":"This is a multiple choice multiple answer vertical question, please choose one of the fruits below.&nbsp;","DataExportTag":"Q20","QuestionID":"QID20"}},{"SurveyID":"SV_3gWQdZdiR6iB2gl","Element":"SQ","PrimaryAttribute":"QID2","SecondaryAttribute":"This is a multiple choice multiple answer vertical question, please choose one of the fruits below. ","TertiaryAttribute":null,"Payload":{"QuestionText":"This is a multiple choice multiple answer vertical question, please choose one of the fruits below.&nbsp;","DataExportTag":"Q2","QuestionType":"MC","Selector":"MAVR","SubSelector":"TX","Configuration":{"QuestionDescriptionOption":"UseText"},"QuestionDescription":"This is a multiple choice multiple answer vertical question, please choose one of the fruits below. ","Choices":{"1":{"Display":"Oranges"},"2":{"Display":"Blueberries"},"3":{"Display":"Strawberries"}},"ChoiceOrder":["1","2","3"],"Validation":{"Settings":{"ForceResponse":"OFF","ForceResponseType":"ON","Type":"None"}},"Language":[],"QuestionID":"QID2"}},{"SurveyID":"SV_3gWQdZdiR6iB2gl","Element":"SQ","PrimaryAttribute":"QID7","SecondaryAttribute":"This is a multiple choice multiple answer vertical question, please choose one of the fruits below. ","TertiaryAttribute":null,"Payload":{"QuestionText":"This is a multiple choice multiple answer vertical question, please choose one of the fruits below.&nbsp;","QuestionType":"MC","Selector":"MAVR","SubSelector":"TX","Configuration":{"QuestionDescriptionOption":"UseText"},"QuestionDescription":"This is a multiple choice multiple answer vertical question, please choose one of the fruits below. ","Choices":{"1":{"Display":"Oranges"},"2":{"Display":"Blueberries"},"3":{"Display":"Strawberries"}},"ChoiceOrder":["1","2","3"],"Validation":{"Settings":{"ForceResponse":"OFF","ForceResponseType":"ON","Type":"None"}},"Language":[],"QuestionText_Unsafe":"This is a multiple choice multiple answer vertical question, please choose one of the fruits below.&nbsp;","DataExportTag":"Q7","QuestionID":"QID7"}},{"SurveyID":"SV_3gWQdZdiR6iB2gl","Element":"SQ","PrimaryAttribute":"QID13","SecondaryAttribute":"This is a multiple choice multiple answer vertical question, please choose one of the fruits below. ","TertiaryAttribute":null,"Payload":{"QuestionText":"This is a multiple choice multiple answer vertical question, please choose one of the fruits below.&nbsp;","QuestionType":"MC","Selector":"MAVR","SubSelector":"TX","Configuration":{"QuestionDescriptionOption":"UseText"},"QuestionDescription":"This is a multiple choice multiple answer vertical question, please choose one of the fruits below. ","Choices":{"1":{"Display":"Oranges"},"2":{"Display":"Blueberries"},"3":{"Display":"Strawberries"}},"ChoiceOrder":["1","2","3"],"Validation":{"Settings":{"ForceResponse":"OFF","ForceResponseType":"ON","Type":"None"}},"Language":[],"QuestionText_Unsafe":"This is a multiple choice multiple answer vertical question, please choose one of the fruits below.&nbsp;","DataExportTag":"Q13","QuestionID":"QID13"}},{"SurveyID":"SV_3gWQdZdiR6iB2gl","Element":"SQ","PrimaryAttribute":"QID27","SecondaryAttribute":"This is a multiple choice multiple answer vertical question, please choose one of the fruits below. ","TertiaryAttribute":null,"Payload":{"QuestionText":"This is a multiple choice multiple answer vertical question, please choose one of the fruits below.&nbsp;","QuestionType":"MC","Selector":"MAVR","SubSelector":"TX","Configuration":{"QuestionDescriptionOption":"UseText"},"QuestionDescription":"This is a multiple choice multiple answer vertical question, please choose one of the fruits below. ","Choices":{"1":{"Display":"Oranges"},"2":{"Display":"Blueberries"},"3":{"Display":"Strawberries"}},"ChoiceOrder":["1","2","3"],"Validation":{"Settings":{"ForceResponse":"OFF","ForceResponseType":"ON","Type":"None"}},"Language":[],"QuestionText_Unsafe":"This is a multiple choice multiple answer vertical question, please choose one of the fruits below.&nbsp;","DataExportTag":"Q27","QuestionID":"QID27"}},{"SurveyID":"SV_3gWQdZdiR6iB2gl","Element":"SQ","PrimaryAttribute":"QID37","SecondaryAttribute":"This is a multiple choice multiple answer vertical question, please choose one of the fruits below. ","TertiaryAttribute":null,"Payload":{"QuestionText":"This is a multiple choice multiple answer vertical question, please choose one of the fruits below.&nbsp;","QuestionType":"MC","Selector":"MAVR","SubSelector":"TX","Configuration":{"QuestionDescriptionOption":"UseText"},"QuestionDescription":"This is a multiple choice multiple answer vertical question, please choose one of the fruits below. ","Choices":{"1":{"Display":"Oranges"},"2":{"Display":"Blueberries"},"3":{"Display":"Strawberries","DisplayLogic":{"0":{"0":{"LogicType":"Question","QuestionID":"QID4","QuestionIsInLoop":"no","ChoiceLocator":"q:\/\/QID4%231\/SelectableAnswer\/3","Operator":"Displayed","QuestionIDFromLocator":"QID4#1","LeftOperand":"q:\/\/QID4%231\/AnswerDisplayed\/3","Type":"Expression","Description":"<span class=\"ConjDesc\">If<\/span> <span class=\"QuestionDesc\">This is a side-by-side question, with a single answer matrix part and a dropdown matrix part. <\/span> <span class=\"LeftOpDesc\"> - Willingness to Consume - Willing<\/span> Is <span class=\"OpDesc\">Displayed<\/span> "},"Type":"If"},"Type":"BooleanExpression","inPage":false}}},"ChoiceOrder":["1","2","3"],"Validation":{"Settings":{"ForceResponse":"OFF","ForceResponseType":"ON","Type":"None"}},"Language":[],"QuestionText_Unsafe":"This is a multiple choice multiple answer vertical question, please choose one of the fruits below.&nbsp;","DataExportTag":"Q37","QuestionID":"QID37","DisplayLogic":{"0":{"0":{"LogicType":"Question","QuestionID":"QID3","QuestionIsInLoop":"no","ChoiceLocator":"q:\/\/QID3\/SelectableAnswer\/3","Operator":"Selected","QuestionIDFromLocator":"QID3","LeftOperand":"q:\/\/QID3\/SelectableAnswer\/3","Type":"Expression","Description":"<span class=\"ConjDesc\">If<\/span> <span class=\"QuestionDesc\">This is a likert matrix single answer question. Please rate how you feel about each fruit.<\/span> <span class=\"LeftOpDesc\"> - Dislike<\/span> Is <span class=\"OpDesc\">Selected<\/span> "},"Type":"If"},"Type":"BooleanExpression","inPage":false},"RecodeValues":{"1":"1","2":"2","3":"3"}}},{"SurveyID":"SV_3gWQdZdiR6iB2gl","Element":"SQ","PrimaryAttribute":"QID46","SecondaryAttribute":"This is a multiple choice multiple answer vertical question, please choose one of the fruits below. ","TertiaryAttribute":null,"Payload":{"QuestionText":"This is a multiple choice multiple answer vertical question, please choose one of the fruits below.&nbsp;","QuestionType":"MC","Selector":"MAVR","SubSelector":"TX","Configuration":{"QuestionDescriptionOption":"UseText"},"QuestionDescription":"This is a multiple choice multiple answer vertical question, please choose one of the fruits below. ","Choices":{"1":{"Display":"Oranges"},"2":{"Display":"Blueberries"},"3":{"Display":"Strawberries"}},"ChoiceOrder":["1","2","3"],"Validation":{"Settings":{"ForceResponse":"OFF","ForceResponseType":"ON","Type":"None"}},"Language":[],"QuestionText_Unsafe":"This is a multiple choice multiple answer vertical question, please choose one of the fruits below.&nbsp;","DataExportTag":"Q46","QuestionID":"QID46","RecodeValues":{"1":"1","2":"2","3":"3"},"VariableNaming":{"1":"Oranges","2":"Blueberries","3":"Strawberries"}}},{"SurveyID":"SV_3gWQdZdiR6iB2gl","Element":"SQ","PrimaryAttribute":"QID1","SecondaryAttribute":"This is a multiple choice single answer vertical question, please choose one of the fruits below. ","TertiaryAttribute":null,"Payload":{"QuestionText":"This is a multiple choice single answer vertical question, please choose one of the fruits below.&nbsp;","DataExportTag":"fruits","QuestionType":"MC","Selector":"SAVR","SubSelector":"TX","Configuration":{"QuestionDescriptionOption":"UseText"},"QuestionDescription":"This is a multiple choice single answer vertical question, please choose one of the fruits below. ","Choices":{"1":{"Display":"Oranges"},"2":{"Display":"Blueberries"},"3":{"Display":"Strawberries"}},"ChoiceOrder":["1","2","3"],"Validation":{"Settings":{"ForceResponse":"OFF","ForceResponseType":"ON","Type":"None"}},"Language":[],"QuestionID":"QID1"}},{"SurveyID":"SV_3gWQdZdiR6iB2gl","Element":"SQ","PrimaryAttribute":"QID6","SecondaryAttribute":"This is a multiple choice single answer vertical question, please choose one of the fruits below. ","TertiaryAttribute":null,"Payload":{"QuestionText":"This is a multiple choice single answer vertical question, please choose one of the fruits below.&nbsp;","QuestionType":"MC","Selector":"SAVR","SubSelector":"TX","Configuration":{"QuestionDescriptionOption":"UseText"},"QuestionDescription":"This is a multiple choice single answer vertical question, please choose one of the fruits below. ","Choices":{"1":{"Display":"Oranges"},"2":{"Display":"Blueberries"},"3":{"Display":"Strawberries"}},"ChoiceOrder":["1","2","3"],"Validation":{"Settings":{"ForceResponse":"OFF","ForceResponseType":"ON","Type":"None"}},"Language":[],"QuestionText_Unsafe":"This is a multiple choice single answer vertical question, please choose one of the fruits below.&nbsp;","DataExportTag":"Q6","QuestionID":"QID6"}},{"SurveyID":"SV_3gWQdZdiR6iB2gl","Element":"SQ","PrimaryAttribute":"QID12","SecondaryAttribute":"This is a multiple choice single answer vertical question, please choose one of the fruits below. ","TertiaryAttribute":null,"Payload":{"QuestionText":"This is a multiple choice single answer vertical question, please choose one of the fruits below.&nbsp;","QuestionType":"MC","Selector":"SAVR","SubSelector":"TX","Configuration":{"QuestionDescriptionOption":"UseText"},"QuestionDescription":"This is a multiple choice single answer vertical question, please choose one of the fruits below. ","Choices":{"1":{"Display":"Oranges"},"2":{"Display":"Blueberries"},"3":{"Display":"Strawberries"}},"ChoiceOrder":["1","2","3"],"Validation":{"Settings":{"ForceResponse":"OFF","ForceResponseType":"ON","Type":"None"}},"Language":[],"QuestionText_Unsafe":"This is a multiple choice single answer vertical question, please choose one of the fruits below.&nbsp;","DataExportTag":"Q12","QuestionID":"QID12"}},{"SurveyID":"SV_3gWQdZdiR6iB2gl","Element":"SQ","PrimaryAttribute":"QID26","SecondaryAttribute":"This is a multiple choice single answer vertical question, please choose one of the fruits below. ","TertiaryAttribute":null,"Payload":{"QuestionText":"This is a multiple choice single answer vertical question, please choose one of the fruits below.&nbsp;","QuestionType":"MC","Selector":"SAVR","SubSelector":"TX","Configuration":{"QuestionDescriptionOption":"UseText"},"QuestionDescription":"This is a multiple choice single answer vertical question, please choose one of the fruits below. ","Choices":{"1":{"Display":"Oranges"},"2":{"Display":"Blueberries"},"3":{"Display":"Strawberries","DisplayLogic":{"0":{"0":{"LogicType":"Question","QuestionID":"QID22","QuestionIsInLoop":"no","ChoiceLocator":"q:\/\/QID22%231\/SelectedAnswerRecode\/3","Operator":"EqualTo","QuestionIDFromLocator":"QID22#1","LeftOperand":"q:\/\/QID22%231\/SelectedAnswerRecode\/3","RightOperand":"1","IgnoreCase":1,"Type":"Expression","Description":"<span class=\"ConjDesc\">If<\/span> <span class=\"QuestionDesc\">This is a side-by-side question, with a single answer matrix part and a dropdown matrix part.&nbsp; &nbsp;<\/span> <span class=\"LeftOpDesc\">&lt;em&gt;Strawberries&lt;\/em&gt; - Willingness to &lt;em&gt;Consume&lt;\/em&gt;<\/span> Is <span class=\"OpDesc\">Equal to<\/span> <span class=\"RightOpDesc\"> 1 <\/span>"},"Type":"If"},"Type":"BooleanExpression","inPage":false}}},"ChoiceOrder":["1","2","3"],"Validation":{"Settings":{"ForceResponse":"OFF","ForceResponseType":"ON","Type":"None"}},"Language":[],"QuestionText_Unsafe":"This is a multiple choice single answer vertical question, please choose one of the fruits below.&nbsp;","DataExportTag":"Q26","QuestionID":"QID26"}},{"SurveyID":"SV_3gWQdZdiR6iB2gl","Element":"SQ","PrimaryAttribute":"QID36","SecondaryAttribute":"This is a multiple choice single answer vertical question, please choose one of the fruits below. ","TertiaryAttribute":null,"Payload":{"QuestionText":"This is a multiple choice single answer vertical question, please choose one of the fruits below.&nbsp;","QuestionType":"MC","Selector":"SAVR","SubSelector":"TX","Configuration":{"QuestionDescriptionOption":"UseText"},"QuestionDescription":"This is a multiple choice single answer vertical question, please choose one of the fruits below. ","Choices":{"1":{"Display":"Oranges"},"2":{"Display":"Blueberries","DisplayLogic":{"0":{"0":{"LogicType":"Question","QuestionID":"QID1","QuestionIsInLoop":"no","ChoiceLocator":"q:\/\/QID1\/SelectableChoice\/2","Operator":"Selected","QuestionIDFromLocator":"QID1","LeftOperand":"q:\/\/QID1\/SelectableChoice\/2","Type":"Expression","Description":"<span class=\"ConjDesc\">If<\/span> <span class=\"QuestionDesc\">This is a multiple choice single answer vertical question, please choose one of the fruits below. <\/span> <span class=\"LeftOpDesc\">Blueberries<\/span> Is <span class=\"OpDesc\">Selected<\/span> "},"Type":"If"},"Type":"BooleanExpression","inPage":false}},"3":{"Display":"Strawberries"}},"ChoiceOrder":["1","2","3"],"Validation":{"Settings":{"ForceResponse":"OFF","ForceResponseType":"ON","Type":"None"}},"Language":[],"QuestionText_Unsafe":"This is a multiple choice single answer vertical question, please choose one of the fruits below.&nbsp;","DataExportTag":"Q36","QuestionID":"QID36","DisplayLogic":{"0":{"0":{"LogicType":"Question","QuestionID":"QID1","QuestionIsInLoop":"no","ChoiceLocator":"q:\/\/QID1\/SelectableChoice\/1","Operator":"Selected","QuestionIDFromLocator":"QID1","LeftOperand":"q:\/\/QID1\/SelectableChoice\/1","Type":"Expression","Description":"<span class=\"ConjDesc\">If<\/span> <span class=\"QuestionDesc\">This is a multiple choice single answer vertical question, please choose one of the fruits below. <\/span> <span class=\"LeftOpDesc\">Oranges<\/span> Is <span class=\"OpDesc\">Selected<\/span> "},"Type":"If"},"Type":"BooleanExpression","inPage":false}}},{"SurveyID":"SV_3gWQdZdiR6iB2gl","Element":"SQ","PrimaryAttribute":"QID45","SecondaryAttribute":"This is a multiple choice single answer vertical question, please choose one of the fruits below. ","TertiaryAttribute":null,"Payload":{"QuestionText":"This is a multiple choice single answer vertical question, please choose one of the fruits below.&nbsp;","QuestionType":"MC","Selector":"SAVR","SubSelector":"TX","Configuration":{"QuestionDescriptionOption":"UseText"},"QuestionDescription":"This is a multiple choice single answer vertical question, please choose one of the fruits below. ","Choices":{"1":{"Display":"Oranges"},"2":{"Display":"Blueberries"},"3":{"Display":"Strawberries"}},"ChoiceOrder":["1","2","3"],"Validation":{"Settings":{"ForceResponse":"OFF","ForceResponseType":"ON","Type":"None"}},"Language":[],"QuestionText_Unsafe":"This is a multiple choice single answer vertical question, please choose one of the fruits below.&nbsp;","DataExportTag":"Q45","QuestionID":"QID45","RecodeValues":{"1":"143","2":"132","3":"142"},"VariableNaming":{"1":"orange","2":"purple","3":"red"}}},{"SurveyID":"SV_3gWQdZdiR6iB2gl","Element":"SQ","PrimaryAttribute":"QID19","SecondaryAttribute":"This is a multiple choice single answer vertical question, please choose one of the fruits below....","TertiaryAttribute":null,"Payload":{"QuestionText":"<strong>This<\/strong> is a multiple choice single answer vertical question, please choose one of the fruits below.&nbsp;<br \/>\n<br \/>\n&nbsp;","QuestionType":"MC","Selector":"SAVR","SubSelector":"TX","Configuration":{"QuestionDescriptionOption":"UseText"},"QuestionDescription":"This is a multiple choice single answer vertical question, please choose one of the fruits below....","Choices":{"1":{"Display":"<strong>Oranges<\/strong>"},"2":{"Display":"Blueberries"},"3":{"Display":"Strawberries"}},"ChoiceOrder":["1","2","3"],"Validation":{"Settings":{"ForceResponse":"OFF","ForceResponseType":"ON","Type":"None"}},"Language":[],"QuestionText_Unsafe":"This is a multiple choice single answer vertical question, please choose one of the fruits below.&nbsp;","DataExportTag":"Q19","QuestionID":"QID19"}},{"SurveyID":"SV_3gWQdZdiR6iB2gl","Element":"SQ","PrimaryAttribute":"QID4","SecondaryAttribute":"This is a side-by-side question, with a single answer matrix part and a dropdown matrix part. ","TertiaryAttribute":null,"Payload":{"QuestionText":"This is a side-by-side question, with a single answer matrix part and a dropdown matrix part.&nbsp;","DefaultChoices":false,"DataExportTag":"Q4","QuestionType":"SBS","Selector":"SBSMatrix","Configuration":{"QuestionDescriptionOption":"UseText","RepeatHeaders":"none"},"QuestionDescription":"This is a side-by-side question, with a single answer matrix part and a dropdown matrix part. ","Choices":{"1":{"Display":"Oranges"},"2":{"Display":"Blueberries"},"3":{"Display":"Strawberries"}},"ChoiceOrder":["1","2","3"],"Validation":{"Settings":{"ForceResponse":"OFF","Type":"None"}},"GradingData":[],"Language":[],"NumberOfQuestions":2,"AdditionalQuestions":{"1":{"QuestionText":"Willingness to Consume","Answers":{"1":{"Display":"Unwilling"},"2":{"Display":"Neutral"},"3":{"Display":"Willing"}},"RecodeValues":[],"VariableNaming":[],"AnalyzeChoices":[],"QuestionType":"Matrix","Selector":"Likert","SubSelector":"SingleAnswer","ChoiceColumnWidthPixels":null,"Validation":{"Settings":{"ForceResponse":"OFF","Type":"None"}},"DataExportTag":"Q4#1","QuestionID":"QID4#1","Choices":{"1":{"Display":"Oranges"},"2":{"Display":"Blueberries"},"3":{"Display":"Strawberries"}},"ChoiceDataExportTags":false,"QuestionDescription":"Willingness to Consume","Configuration":{"QuestionDescriptionOption":"UseText"}},"2":{"QuestionText":"How would you like to consume this fruit?","Answers":{"1":{"Display":"Whole"},"2":{"Display":"Sliced and diced"},"3":{"Display":"Washed and dried"},"4":{"Display":"With sugar on top"}},"RecodeValues":[],"VariableNaming":[],"AnalyzeChoices":[],"QuestionType":"Matrix","Selector":"Likert","SubSelector":"DL","ChoiceColumnWidthPixels":null,"Validation":{"Settings":{"ForceResponse":"OFF","Type":"None"}},"DataExportTag":"Q4#2","QuestionID":"QID4#2","Choices":{"1":{"Display":"Oranges"},"2":{"Display":"Blueberries"},"3":{"Display":"Strawberries"}},"ChoiceDataExportTags":false,"QuestionDescription":"How would you like to consume this fruit?","Configuration":{"QuestionDescriptionOption":"UseText"}}},"ChoiceDataExportTags":false,"QuestionID":"QID4"}},{"SurveyID":"SV_3gWQdZdiR6iB2gl","Element":"SQ","PrimaryAttribute":"QID9","SecondaryAttribute":"This is a side-by-side question, with a single answer matrix part and a dropdown matrix part. ","TertiaryAttribute":null,"Payload":{"QuestionText":"This is a side-by-side question, with a single answer matrix part and a dropdown matrix part.&nbsp;","DefaultChoices":false,"QuestionType":"SBS","Selector":"SBSMatrix","Configuration":{"QuestionDescriptionOption":"UseText","RepeatHeaders":"none"},"QuestionDescription":"This is a side-by-side question, with a single answer matrix part and a dropdown matrix part. ","Choices":{"1":{"Display":"Oranges"},"2":{"Display":"Blueberries"},"3":{"Display":"Strawberries"}},"ChoiceOrder":["1","2","3"],"Validation":{"Settings":{"ForceResponse":"OFF","Type":"None"}},"GradingData":[],"Language":[],"NumberOfQuestions":2,"AdditionalQuestions":{"1":{"QuestionText":"Willingness to Consume","Answers":{"1":{"Display":"Unwilling"},"2":{"Display":"Neutral"},"3":{"Display":"Willing"}},"RecodeValues":[],"VariableNaming":[],"AnalyzeChoices":[],"QuestionType":"Matrix","Selector":"Likert","SubSelector":"SingleAnswer","ChoiceColumnWidthPixels":null,"DataExportTag":"Q4#1","Choices":{"1":{"Display":"Oranges"},"2":{"Display":"Blueberries"},"3":{"Display":"Strawberries"}},"ChoiceDataExportTags":false,"Validation":{"Settings":{"ForceResponse":"OFF","Type":"None"}},"QuestionDescription":"Willingness to Consume","Configuration":{"QuestionDescriptionOption":"UseText"},"QuestionID":"QID9#1"},"2":{"QuestionText":"How would you like to consume this fruit?","Answers":{"1":{"Display":"Whole"},"2":{"Display":"Sliced and diced"},"3":{"Display":"Washed and dried"},"4":{"Display":"With sugar on top"}},"RecodeValues":[],"VariableNaming":[],"AnalyzeChoices":[],"QuestionType":"Matrix","Selector":"Likert","SubSelector":"DL","ChoiceColumnWidthPixels":null,"DataExportTag":"Q4#2","Choices":{"1":{"Display":"Oranges"},"2":{"Display":"Blueberries"},"3":{"Display":"Strawberries"}},"ChoiceDataExportTags":false,"Validation":{"Settings":{"ForceResponse":"OFF","Type":"None"}},"QuestionDescription":"How would you like to consume this fruit?","Configuration":{"QuestionDescriptionOption":"UseText"},"QuestionID":"QID9#2"}},"ChoiceDataExportTags":false,"QuestionText_Unsafe":"This is a side-by-side question, with a single answer matrix part and a dropdown matrix part.&nbsp;","DataExportTag":"Q9","QuestionID":"QID9"}},{"SurveyID":"SV_3gWQdZdiR6iB2gl","Element":"SQ","PrimaryAttribute":"QID11","SecondaryAttribute":"This is a side-by-side question, with a single answer matrix part and a dropdown matrix part. ","TertiaryAttribute":null,"Payload":{"QuestionText":"This is a side-by-side question, with a single answer matrix part and a dropdown matrix part.&nbsp;","DefaultChoices":false,"DataExportTag":"Q11","QuestionType":"SBS","Selector":"SBSMatrix","Configuration":{"QuestionDescriptionOption":"UseText","RepeatHeaders":"none"},"QuestionDescription":"This is a side-by-side question, with a single answer matrix part and a dropdown matrix part. ","Choices":{"1":{"Display":"Oranges"},"2":{"Display":"Blueberries"},"3":{"Display":"Strawberries"}},"ChoiceOrder":["1","2","3"],"Validation":{"Settings":{"ForceResponse":"OFF","Type":"None"}},"GradingData":[],"Language":[],"NumberOfQuestions":2,"AdditionalQuestions":{"1":{"QuestionText":"Describe your reasons for your choice in the previous question","Answers":{"1":{"Display":"Willingness"},"2":{"Display":"Consumption Method"}},"RecodeValues":[],"VariableNaming":[],"AnalyzeChoices":[],"QuestionType":"Matrix","Selector":"TE","SubSelector":"Long","ChoiceColumnWidthPixels":null,"Validation":{"Settings":{"ForceResponse":"OFF","Type":"None"}},"DataExportTag":"Q11#1","QuestionID":"QID11#1","Choices":{"1":{"Display":"Oranges"},"2":{"Display":"Blueberries"},"3":{"Display":"Strawberries"}},"ChoiceDataExportTags":false,"QuestionDescription":"Describe your reasons for your choice in the previous question","Configuration":{"QuestionDescriptionOption":"UseText"}},"2":{"QuestionText":"Which of the following would you eat with each fruit?","Answers":{"1":{"Display":"Bananas"},"2":{"Display":"Cucumbers"},"3":{"Display":"Graham crackers"},"4":{"Display":"Gummy bears"}},"RecodeValues":[],"VariableNaming":[],"AnalyzeChoices":[],"QuestionType":"Matrix","Selector":"Likert","SubSelector":"MultipleAnswer","ChoiceColumnWidthPixels":null,"Validation":{"Settings":{"ForceResponse":"OFF","Type":"None"}},"DataExportTag":"Q11#2","QuestionID":"QID11#2","Choices":{"1":{"Display":"Oranges"},"2":{"Display":"Blueberries"},"3":{"Display":"Strawberries"}},"ChoiceDataExportTags":false,"QuestionDescription":"Which of the following would you eat with each fruit?","Configuration":{"QuestionDescriptionOption":"UseText"}}},"ChoiceDataExportTags":false,"QuestionID":"QID11"}},{"SurveyID":"SV_3gWQdZdiR6iB2gl","Element":"SQ","PrimaryAttribute":"QID15","SecondaryAttribute":"This is a side-by-side question, with a single answer matrix part and a dropdown matrix part. ","TertiaryAttribute":null,"Payload":{"QuestionText":"This is a side-by-side question, with a single answer matrix part and a dropdown matrix part.&nbsp;","DefaultChoices":false,"QuestionType":"SBS","Selector":"SBSMatrix","Configuration":{"QuestionDescriptionOption":"UseText","RepeatHeaders":"none"},"QuestionDescription":"This is a side-by-side question, with a single answer matrix part and a dropdown matrix part. ","Choices":{"1":{"Display":"Oranges"},"2":{"Display":"Blueberries"},"3":{"Display":"Strawberries"}},"ChoiceOrder":["1","2","3"],"Validation":{"Settings":{"ForceResponse":"OFF","Type":"None"}},"GradingData":[],"Language":[],"NumberOfQuestions":2,"AdditionalQuestions":{"1":{"QuestionText":"Willingness to Consume","Answers":{"1":{"Display":"Unwilling"},"2":{"Display":"Neutral"},"3":{"Display":"Willing"}},"RecodeValues":[],"VariableNaming":[],"AnalyzeChoices":[],"QuestionType":"Matrix","Selector":"Likert","SubSelector":"SingleAnswer","ChoiceColumnWidthPixels":null,"DataExportTag":"Q4#1","Choices":{"1":{"Display":"Oranges"},"2":{"Display":"Blueberries"},"3":{"Display":"Strawberries"}},"ChoiceDataExportTags":false,"Validation":{"Settings":{"ForceResponse":"OFF","Type":"None"}},"QuestionDescription":"Willingness to Consume","Configuration":{"QuestionDescriptionOption":"UseText"},"QuestionID":"QID15#1"},"2":{"QuestionText":"How would you like to consume this fruit?","Answers":{"1":{"Display":"Whole"},"2":{"Display":"Sliced and diced"},"3":{"Display":"Washed and dried"},"4":{"Display":"With sugar on top"}},"RecodeValues":[],"VariableNaming":[],"AnalyzeChoices":[],"QuestionType":"Matrix","Selector":"Likert","SubSelector":"DL","ChoiceColumnWidthPixels":null,"DataExportTag":"Q4#2","Choices":{"1":{"Display":"Oranges"},"2":{"Display":"Blueberries"},"3":{"Display":"Strawberries"}},"ChoiceDataExportTags":false,"Validation":{"Settings":{"ForceResponse":"OFF","Type":"None"}},"QuestionDescription":"How would you like to consume this fruit?","Configuration":{"QuestionDescriptionOption":"UseText"},"QuestionID":"QID15#2"}},"ChoiceDataExportTags":false,"QuestionText_Unsafe":"This is a side-by-side question, with a single answer matrix part and a dropdown matrix part.&nbsp;","DataExportTag":"Q15","QuestionID":"QID15"}},{"SurveyID":"SV_3gWQdZdiR6iB2gl","Element":"SQ","PrimaryAttribute":"QID16","SecondaryAttribute":"This is a side-by-side question, with a single answer matrix part and a dropdown matrix part. ","TertiaryAttribute":null,"Payload":{"QuestionText":"This is a side-by-side question, with a single answer matrix part and a dropdown matrix part.&nbsp;","DefaultChoices":false,"QuestionType":"SBS","Selector":"SBSMatrix","Configuration":{"QuestionDescriptionOption":"UseText","RepeatHeaders":"none"},"QuestionDescription":"This is a side-by-side question, with a single answer matrix part and a dropdown matrix part. ","Choices":{"1":{"Display":"Oranges"},"2":{"Display":"Blueberries"},"3":{"Display":"Strawberries"}},"ChoiceOrder":["1","2","3"],"Validation":{"Settings":{"ForceResponse":"OFF","Type":"None"}},"GradingData":[],"Language":[],"NumberOfQuestions":2,"AdditionalQuestions":{"1":{"QuestionText":"Describe your reasons for your choice in the previous question","Answers":{"1":{"Display":"Willingness"},"2":{"Display":"Consumption Method"}},"RecodeValues":[],"VariableNaming":[],"AnalyzeChoices":[],"QuestionType":"Matrix","Selector":"TE","SubSelector":"Long","ChoiceColumnWidthPixels":null,"Validation":{"Settings":{"ForceResponse":"OFF","Type":"None"}},"DataExportTag":"Q11#1","Choices":{"1":{"Display":"Oranges"},"2":{"Display":"Blueberries"},"3":{"Display":"Strawberries"}},"ChoiceDataExportTags":false,"QuestionDescription":"Describe your reasons for your choice in the previous question","Configuration":{"QuestionDescriptionOption":"UseText"},"QuestionID":"QID16#1"},"2":{"QuestionText":"Which of the following would you eat with each fruit?","Answers":{"1":{"Display":"Bananas"},"2":{"Display":"Cucumbers"},"3":{"Display":"Graham crackers"},"4":{"Display":"Gummy bears"}},"RecodeValues":[],"VariableNaming":[],"AnalyzeChoices":[],"QuestionType":"Matrix","Selector":"Likert","SubSelector":"MultipleAnswer","ChoiceColumnWidthPixels":null,"Validation":{"Settings":{"ForceResponse":"OFF","Type":"None"}},"DataExportTag":"Q11#2","Choices":{"1":{"Display":"Oranges"},"2":{"Display":"Blueberries"},"3":{"Display":"Strawberries"}},"ChoiceDataExportTags":false,"QuestionDescription":"Which of the following would you eat with each fruit?","Configuration":{"QuestionDescriptionOption":"UseText"},"QuestionID":"QID16#2"}},"ChoiceDataExportTags":false,"QuestionText_Unsafe":"This is a side-by-side question, with a single answer matrix part and a dropdown matrix part.&nbsp;","DataExportTag":"Q16","QuestionID":"QID16"}},{"SurveyID":"SV_3gWQdZdiR6iB2gl","Element":"SQ","PrimaryAttribute":"QID29","SecondaryAttribute":"This is a side-by-side question, with a single answer matrix part and a dropdown matrix part. ","TertiaryAttribute":null,"Payload":{"QuestionText":"This is a side-by-side question, with a single answer matrix part and a dropdown matrix part.&nbsp;","DefaultChoices":false,"QuestionType":"SBS","Selector":"SBSMatrix","Configuration":{"QuestionDescriptionOption":"UseText","RepeatHeaders":"none"},"QuestionDescription":"This is a side-by-side question, with a single answer matrix part and a dropdown matrix part. ","Choices":{"1":{"Display":"Oranges"},"2":{"Display":"Blueberries"},"3":{"Display":"Strawberries"}},"ChoiceOrder":["1","2","3"],"Validation":{"Settings":{"ForceResponse":"OFF","Type":"None"}},"GradingData":[],"Language":[],"NumberOfQuestions":2,"AdditionalQuestions":{"1":{"QuestionText":"Willingness to Consume","Answers":{"1":{"Display":"Unwilling"},"2":{"Display":"Neutral"},"3":{"Display":"Willing"}},"RecodeValues":[],"VariableNaming":[],"AnalyzeChoices":[],"QuestionType":"Matrix","Selector":"Likert","SubSelector":"SingleAnswer","ChoiceColumnWidthPixels":null,"DataExportTag":"Q4#1","Choices":{"1":{"Display":"Oranges"},"2":{"Display":"Blueberries"},"3":{"Display":"Strawberries"}},"ChoiceDataExportTags":false,"Validation":{"Settings":{"ForceResponse":"OFF","Type":"None"}},"QuestionDescription":"Willingness to Consume","Configuration":{"QuestionDescriptionOption":"UseText"},"QuestionID":"QID29#1"},"2":{"QuestionText":"How would you like to consume this fruit?","Answers":{"1":{"Display":"Whole"},"2":{"Display":"Sliced and diced"},"3":{"Display":"Washed and dried"},"4":{"Display":"With sugar on top"}},"RecodeValues":[],"VariableNaming":[],"AnalyzeChoices":[],"QuestionType":"Matrix","Selector":"Likert","SubSelector":"DL","ChoiceColumnWidthPixels":null,"DataExportTag":"Q4#2","Choices":{"1":{"Display":"Oranges"},"2":{"Display":"Blueberries"},"3":{"Display":"Strawberries"}},"ChoiceDataExportTags":false,"Validation":{"Settings":{"ForceResponse":"OFF","Type":"None"}},"QuestionDescription":"How would you like to consume this fruit?","Configuration":{"QuestionDescriptionOption":"UseText"},"QuestionID":"QID29#2"}},"ChoiceDataExportTags":false,"QuestionText_Unsafe":"This is a side-by-side question, with a single answer matrix part and a dropdown matrix part.&nbsp;","DataExportTag":"Q29","QuestionID":"QID29"}},{"SurveyID":"SV_3gWQdZdiR6iB2gl","Element":"SQ","PrimaryAttribute":"QID30","SecondaryAttribute":"This is a side-by-side question, with a single answer matrix part and a dropdown matrix part. ","TertiaryAttribute":null,"Payload":{"QuestionText":"This is a side-by-side question, with a single answer matrix part and a dropdown matrix part.&nbsp;","DefaultChoices":false,"QuestionType":"SBS","Selector":"SBSMatrix","Configuration":{"QuestionDescriptionOption":"UseText","RepeatHeaders":"none"},"QuestionDescription":"This is a side-by-side question, with a single answer matrix part and a dropdown matrix part. ","Choices":{"1":{"Display":"Oranges"},"2":{"Display":"Blueberries"},"3":{"Display":"Strawberries"}},"ChoiceOrder":["1","2","3"],"Validation":{"Settings":{"ForceResponse":"OFF","Type":"None"}},"GradingData":[],"Language":[],"NumberOfQuestions":2,"AdditionalQuestions":{"1":{"QuestionText":"Describe your reasons for your choice in the previous question","Answers":{"1":{"Display":"Willingness"},"2":{"Display":"Consumption Method"}},"RecodeValues":[],"VariableNaming":[],"AnalyzeChoices":[],"QuestionType":"Matrix","Selector":"TE","SubSelector":"Long","ChoiceColumnWidthPixels":null,"Validation":{"Settings":{"ForceResponse":"OFF","Type":"None"}},"DataExportTag":"Q11#1","Choices":{"1":{"Display":"Oranges"},"2":{"Display":"Blueberries"},"3":{"Display":"Strawberries"}},"ChoiceDataExportTags":false,"QuestionDescription":"Describe your reasons for your choice in the previous question","Configuration":{"QuestionDescriptionOption":"UseText"},"QuestionID":"QID30#1"},"2":{"QuestionText":"Which of the following would you eat with each fruit?","Answers":{"1":{"Display":"Bananas"},"2":{"Display":"Cucumbers"},"3":{"Display":"Graham crackers"},"4":{"Display":"Gummy bears"}},"RecodeValues":[],"VariableNaming":[],"AnalyzeChoices":[],"QuestionType":"Matrix","Selector":"Likert","SubSelector":"MultipleAnswer","ChoiceColumnWidthPixels":null,"Validation":{"Settings":{"ForceResponse":"OFF","Type":"None"}},"DataExportTag":"Q11#2","Choices":{"1":{"Display":"Oranges"},"2":{"Display":"Blueberries"},"3":{"Display":"Strawberries"}},"ChoiceDataExportTags":false,"QuestionDescription":"Which of the following would you eat with each fruit?","Configuration":{"QuestionDescriptionOption":"UseText"},"QuestionID":"QID30#2"}},"ChoiceDataExportTags":false,"QuestionText_Unsafe":"This is a side-by-side question, with a single answer matrix part and a dropdown matrix part.&nbsp;","DataExportTag":"Q30","QuestionID":"QID30"}},{"SurveyID":"SV_3gWQdZdiR6iB2gl","Element":"SQ","PrimaryAttribute":"QID34","SecondaryAttribute":"This is a side-by-side question, with a single answer matrix part and a dropdown matrix part. ","TertiaryAttribute":null,"Payload":{"QuestionText":"This is a side-by-side question, with a single answer matrix part and a dropdown matrix part.&nbsp;","DefaultChoices":false,"DataExportTag":"Q34","QuestionType":"SBS","Selector":"SBSMatrix","Configuration":{"QuestionDescriptionOption":"UseText","RepeatHeaders":"none"},"QuestionDescription":"This is a side-by-side question, with a single answer matrix part and a dropdown matrix part. ","Choices":{"1":{"Display":"Oranges"},"2":{"Display":"Blueberries"},"3":{"Display":"Strawberries"}},"ChoiceOrder":["1","2","3"],"Validation":{"Settings":{"ForceResponse":"OFF","Type":"None"}},"GradingData":[],"Language":[],"NumberOfQuestions":2,"AdditionalQuestions":{"1":{"QuestionText":"Willingness to Consume","Answers":{"1":{"Display":"Unwilling"},"2":{"Display":"Neutral"},"3":{"Display":"Willing"}},"RecodeValues":[],"VariableNaming":[],"AnalyzeChoices":[],"QuestionType":"Matrix","Selector":"Likert","SubSelector":"SingleAnswer","ChoiceColumnWidthPixels":null,"Validation":{"Settings":{"ForceResponse":"OFF","Type":"None"}},"DataExportTag":"Q34#1","Choices":{"1":{"Display":"Oranges"},"2":{"Display":"Blueberries"},"3":{"Display":"Strawberries"}},"ChoiceDataExportTags":false,"QuestionDescription":"Willingness to Consume","Configuration":{"QuestionDescriptionOption":"UseText"},"QuestionID":"QID34#1"},"2":{"QuestionText":"How would you like to consume this fruit?","Answers":{"1":{"Display":"Whole"},"2":{"Display":"Sliced and diced"},"3":{"Display":"Washed and dried"},"4":{"Display":"With sugar on top"}},"RecodeValues":[],"VariableNaming":[],"AnalyzeChoices":[],"QuestionType":"Matrix","Selector":"Likert","SubSelector":"DL","ChoiceColumnWidthPixels":null,"Validation":{"Settings":{"ForceResponse":"OFF","Type":"None"}},"DataExportTag":"Q34#2","Choices":{"1":{"Display":"Oranges"},"2":{"Display":"Blueberries"},"3":{"Display":"Strawberries"}},"ChoiceDataExportTags":false,"QuestionDescription":"How would you like to consume this fruit?","Configuration":{"QuestionDescriptionOption":"UseText"},"QuestionID":"QID34#2"}},"ChoiceDataExportTags":false,"QuestionID":"QID34"}},{"SurveyID":"SV_3gWQdZdiR6iB2gl","Element":"SQ","PrimaryAttribute":"QID40","SecondaryAttribute":"This is a side-by-side question, with a single answer matrix part and a dropdown matrix part. ","TertiaryAttribute":null,"Payload":{"QuestionText":"This is a side-by-side question, with a single answer matrix part and a dropdown matrix part.&nbsp;","DefaultChoices":false,"QuestionType":"SBS","Selector":"SBSMatrix","Configuration":{"QuestionDescriptionOption":"UseText","RepeatHeaders":"none"},"QuestionDescription":"This is a side-by-side question, with a single answer matrix part and a dropdown matrix part. ","Choices":{"1":{"Display":"Oranges"},"2":{"Display":"Blueberries","DisplayLogic":{"0":{"0":{"LogicType":"Question","QuestionID":"QID1","QuestionIsInLoop":"no","ChoiceLocator":"q:\/\/QID1\/SelectableChoice\/2","Operator":"Displayed","QuestionIDFromLocator":"QID1","LeftOperand":"q:\/\/QID1\/ChoiceDisplayed\/2","Type":"Expression","Description":"<span class=\"ConjDesc\">If<\/span> <span class=\"QuestionDesc\">This is a multiple choice single answer vertical question, please choose one of the fruits below. <\/span> <span class=\"LeftOpDesc\">Blueberries<\/span> Is <span class=\"OpDesc\">Displayed<\/span> "},"Type":"If"},"Type":"BooleanExpression","inPage":false}},"3":{"Display":"Strawberries"}},"ChoiceOrder":["1","2","3"],"Validation":{"Settings":{"ForceResponse":"OFF","Type":"None"}},"GradingData":[],"Language":[],"NumberOfQuestions":2,"AdditionalQuestions":{"1":{"QuestionText":"Willingness to Consume","Answers":{"1":{"Display":"Unwilling"},"2":{"Display":"Neutral"},"3":{"Display":"Willing"}},"RecodeValues":{"1":"1","2":"2","3":"3"},"VariableNaming":{"1":"Unwilling","2":"Neutral","3":"Willing"},"AnalyzeChoices":[],"DisplayLogic":{"0":{"0":{"LogicType":"Question","QuestionID":"QID2","QuestionIsInLoop":"no","ChoiceLocator":"q:\/\/QID2\/SelectableChoice\/1","Operator":"Displayed","QuestionIDFromLocator":"QID2","LeftOperand":"q:\/\/QID2\/ChoiceDisplayed\/1","Type":"Expression","Description":"<span class=\"ConjDesc\">If<\/span> <span class=\"QuestionDesc\">This is a multiple choice multiple answer vertical question, please choose one of the fruits below. <\/span> <span class=\"LeftOpDesc\">Oranges<\/span> Is <span class=\"OpDesc\">Displayed<\/span> "},"Type":"If"},"Type":"BooleanExpression","inPage":false},"AnswerDataExportTag":"1","QuestionType":"Matrix","Selector":"Likert","SubSelector":"SingleAnswer","ChoiceColumnWidthPixels":null,"Validation":{"Settings":{"ForceResponse":"OFF","Type":"None"}},"DataExportTag":"Q40#1","QuestionID":"QID40#1","Choices":{"1":{"Display":"Oranges"},"2":{"Display":"Blueberries","DisplayLogic":{"0":{"0":{"LogicType":"Question","QuestionID":"QID1","QuestionIsInLoop":"no","ChoiceLocator":"q:\/\/QID1\/SelectableChoice\/2","Operator":"Displayed","QuestionIDFromLocator":"QID1","LeftOperand":"q:\/\/QID1\/ChoiceDisplayed\/2","Type":"Expression","Description":"<span class=\"ConjDesc\">If<\/span> <span class=\"QuestionDesc\">This is a multiple choice single answer vertical question, please choose one of the fruits below. <\/span> <span class=\"LeftOpDesc\">Blueberries<\/span> Is <span class=\"OpDesc\">Displayed<\/span> "},"Type":"If"},"Type":"BooleanExpression","inPage":false}},"3":{"Display":"Strawberries"}},"ChoiceDataExportTags":{"1":"Q40_1","2":"Q40_2","3":"Q40_3"},"QuestionDescription":"Willingness to Consume","Configuration":{"QuestionDescriptionOption":"UseText"}},"2":{"QuestionText":"How would you like to consume this fruit?","Answers":{"1":{"Display":"Whole"},"2":{"Display":"Sliced and diced"},"3":{"Display":"Washed and dried"},"4":{"Display":"With sugar on top"}},"RecodeValues":{"1":"1","2":"2","3":"3","4":"4"},"VariableNaming":{"1":"Whole","2":"Sliced and diced","3":"Washed and dried","4":"With sugar on top"},"AnalyzeChoices":[],"DisplayLogic":{"0":{"0":{"LogicType":"Question","QuestionID":"QID1","QuestionIsInLoop":"no","ChoiceLocator":"q:\/\/QID1\/SelectableChoice\/2","Operator":"Displayed","QuestionIDFromLocator":"QID1","LeftOperand":"q:\/\/QID1\/ChoiceDisplayed\/2","Type":"Expression","Description":"<span class=\"ConjDesc\">If<\/span> <span class=\"QuestionDesc\">This is a multiple choice single answer vertical question, please choose one of the fruits below. <\/span> <span class=\"LeftOpDesc\">Blueberries<\/span> Is <span class=\"OpDesc\">Displayed<\/span> "},"Type":"If"},"Type":"BooleanExpression","inPage":false},"AnswerDataExportTag":"2","QuestionType":"Matrix","Selector":"Likert","SubSelector":"DL","ChoiceColumnWidthPixels":null,"Validation":{"Settings":{"ForceResponse":"OFF","Type":"None"}},"DataExportTag":"Q40#2","QuestionID":"QID40#2","Choices":{"1":{"Display":"Oranges"},"2":{"Display":"Blueberries","DisplayLogic":{"0":{"0":{"LogicType":"Question","QuestionID":"QID1","QuestionIsInLoop":"no","ChoiceLocator":"q:\/\/QID1\/SelectableChoice\/2","Operator":"Displayed","QuestionIDFromLocator":"QID1","LeftOperand":"q:\/\/QID1\/ChoiceDisplayed\/2","Type":"Expression","Description":"<span class=\"ConjDesc\">If<\/span> <span class=\"QuestionDesc\">This is a multiple choice single answer vertical question, please choose one of the fruits below. <\/span> <span class=\"LeftOpDesc\">Blueberries<\/span> Is <span class=\"OpDesc\">Displayed<\/span> "},"Type":"If"},"Type":"BooleanExpression","inPage":false}},"3":{"Display":"Strawberries"}},"ChoiceDataExportTags":{"1":"Q40_1","2":"Q40_2","3":"Q40_3"},"QuestionDescription":"How would you like to consume this fruit?","Configuration":{"QuestionDescriptionOption":"UseText"}}},"ChoiceDataExportTags":{"1":"Q40_1","2":"Q40_2","3":"Q40_3"},"QuestionText_Unsafe":"This is a side-by-side question, with a single answer matrix part and a dropdown matrix part.&nbsp;","DataExportTag":"Q40","QuestionID":"QID40","RecodeValues":{"1":"1","2":"2"},"VariableNaming":{"1":["Unwilling","Neutral","Willing"],"2":["Whole","Sliced and diced","Washed and dried","With sugar on top"]}}},{"SurveyID":"SV_3gWQdZdiR6iB2gl","Element":"SQ","PrimaryAttribute":"QID41","SecondaryAttribute":"This is a side-by-side question, with a single answer matrix part and a dropdown matrix part. ","TertiaryAttribute":null,"Payload":{"QuestionText":"This is a side-by-side question, with a single answer matrix part and a dropdown matrix part.&nbsp;","DefaultChoices":false,"QuestionType":"SBS","Selector":"SBSMatrix","Configuration":{"QuestionDescriptionOption":"UseText","RepeatHeaders":"none"},"QuestionDescription":"This is a side-by-side question, with a single answer matrix part and a dropdown matrix part. ","Choices":{"1":{"Display":"Oranges","DisplayLogic":{"0":{"0":{"LogicType":"Question","QuestionID":"QID4","QuestionIsInLoop":"no","ChoiceLocator":"q:\/\/QID4%231\/SelectableAnswer\/1","Operator":"Displayed","QuestionIDFromLocator":"QID4#1","LeftOperand":"q:\/\/QID4%231\/AnswerDisplayed\/1","Type":"Expression","Description":"<span class=\"ConjDesc\">If<\/span> <span class=\"QuestionDesc\">This is a side-by-side question, with a single answer matrix part and a dropdown matrix part. <\/span> <span class=\"LeftOpDesc\"> - Willingness to Consume - Unwilling<\/span> Is <span class=\"OpDesc\">Displayed<\/span> "},"Type":"If"},"Type":"BooleanExpression","inPage":false}},"2":{"Display":"Blueberries"},"3":{"Display":"Strawberries"}},"ChoiceOrder":["1","2","3"],"Validation":{"Settings":{"ForceResponse":"OFF","Type":"None"}},"GradingData":[],"Language":[],"NumberOfQuestions":2,"AdditionalQuestions":{"1":{"QuestionText":"Describe your reasons for your choice in the previous question","Answers":{"1":{"Display":"Willingness"},"2":{"Display":"Consumption Method"}},"RecodeValues":[],"VariableNaming":[],"AnalyzeChoices":[],"QuestionType":"Matrix","Selector":"TE","SubSelector":"Long","ChoiceColumnWidthPixels":null,"Validation":{"Settings":{"ForceResponse":"OFF","Type":"None"}},"DataExportTag":"Q41#1","QuestionID":"QID41#1","Choices":{"1":{"Display":"Oranges","DisplayLogic":{"0":{"0":{"LogicType":"Question","QuestionID":"QID4","QuestionIsInLoop":"no","ChoiceLocator":"q:\/\/QID4%231\/SelectableAnswer\/1","Operator":"Displayed","QuestionIDFromLocator":"QID4#1","LeftOperand":"q:\/\/QID4%231\/AnswerDisplayed\/1","Type":"Expression","Description":"<span class=\"ConjDesc\">If<\/span> <span class=\"QuestionDesc\">This is a side-by-side question, with a single answer matrix part and a dropdown matrix part. <\/span> <span class=\"LeftOpDesc\"> - Willingness to Consume - Unwilling<\/span> Is <span class=\"OpDesc\">Displayed<\/span> "},"Type":"If"},"Type":"BooleanExpression","inPage":false}},"2":{"Display":"Blueberries"},"3":{"Display":"Strawberries"}},"ChoiceDataExportTags":false,"QuestionDescription":"Describe your reasons for your choice in the previous question","Configuration":{"QuestionDescriptionOption":"UseText"}},"2":{"QuestionText":"Which of the following would you eat with each fruit?","Answers":{"1":{"Display":"Bananas"},"2":{"Display":"Cucumbers"},"3":{"Display":"Graham crackers"},"4":{"Display":"Gummy bears"}},"RecodeValues":[],"VariableNaming":[],"AnalyzeChoices":[],"DisplayLogic":{"0":{"0":{"LogicType":"Question","QuestionID":"QID23","QuestionIsInLoop":"no","ChoiceLocator":"q:\/\/QID23%232\/SelectableAnswer\/1","Operator":"Selected","QuestionIDFromLocator":"QID23#2","LeftOperand":"q:\/\/QID23%232\/SelectableAnswer\/1","Type":"Expression","Description":"<span class=\"ConjDesc\">If<\/span> <span class=\"QuestionDesc\">This is a side-by-side question, with a single answer matrix part and a dropdown matrix part.&nbsp; &nbsp;<\/span> <span class=\"LeftOpDesc\"> - &lt;em&gt;Which&lt;\/em&gt; of the &lt;strong&gt;following&lt;\/strong&gt; would you eat with each fruit? - Bananas<\/span> Is <span class=\"OpDesc\">Selected<\/span> "},"Type":"If"},"Type":"BooleanExpression","inPage":false},"QuestionType":"Matrix","Selector":"Likert","SubSelector":"MultipleAnswer","ChoiceColumnWidthPixels":null,"Validation":{"Settings":{"ForceResponse":"OFF","Type":"None"}},"DataExportTag":"Q41#2","QuestionID":"QID41#2","Choices":{"1":{"Display":"Oranges","DisplayLogic":{"0":{"0":{"LogicType":"Question","QuestionID":"QID4","QuestionIsInLoop":"no","ChoiceLocator":"q:\/\/QID4%231\/SelectableAnswer\/1","Operator":"Displayed","QuestionIDFromLocator":"QID4#1","LeftOperand":"q:\/\/QID4%231\/AnswerDisplayed\/1","Type":"Expression","Description":"<span class=\"ConjDesc\">If<\/span> <span class=\"QuestionDesc\">This is a side-by-side question, with a single answer matrix part and a dropdown matrix part. <\/span> <span class=\"LeftOpDesc\"> - Willingness to Consume - Unwilling<\/span> Is <span class=\"OpDesc\">Displayed<\/span> "},"Type":"If"},"Type":"BooleanExpression","inPage":false}},"2":{"Display":"Blueberries"},"3":{"Display":"Strawberries"}},"ChoiceDataExportTags":false,"QuestionDescription":"Which of the following would you eat with each fruit?","Configuration":{"QuestionDescriptionOption":"UseText"}}},"ChoiceDataExportTags":false,"QuestionText_Unsafe":"This is a side-by-side question, with a single answer matrix part and a dropdown matrix part.&nbsp;","DataExportTag":"Q41","QuestionID":"QID41","DisplayLogic":{"0":{"0":{"LogicType":"Question","QuestionID":"QID1","QuestionIsInLoop":"no","ChoiceLocator":"q:\/\/QID1\/SelectableChoice\/2","Operator":"Selected","QuestionIDFromLocator":"QID1","LeftOperand":"q:\/\/QID1\/SelectableChoice\/2","Type":"Expression","Description":"<span class=\"ConjDesc\">If<\/span> <span class=\"QuestionDesc\">This is a multiple choice single answer vertical question, please choose one of the fruits below. <\/span> <span class=\"LeftOpDesc\">Blueberries<\/span> Is <span class=\"OpDesc\">Selected<\/span> "},"Type":"If"},"Type":"BooleanExpression","inPage":false}}},{"SurveyID":"SV_3gWQdZdiR6iB2gl","Element":"SQ","PrimaryAttribute":"QID49","SecondaryAttribute":"This is a side-by-side question, with a single answer matrix part and a dropdown matrix part. ","TertiaryAttribute":null,"Payload":{"QuestionText":"This is a side-by-side question, with a single answer matrix part and a dropdown matrix part.&nbsp;","DefaultChoices":false,"QuestionType":"SBS","Selector":"SBSMatrix","Configuration":{"QuestionDescriptionOption":"UseText","RepeatHeaders":"none"},"QuestionDescription":"This is a side-by-side question, with a single answer matrix part and a dropdown matrix part. ","Choices":{"1":{"Display":"Oranges"},"2":{"Display":"Blueberries"},"3":{"Display":"Strawberries"}},"ChoiceOrder":["1","2","3"],"Validation":{"Settings":{"ForceResponse":"OFF","Type":"None"}},"GradingData":[],"Language":[],"NumberOfQuestions":2,"AdditionalQuestions":{"1":{"QuestionText":"Willingness to Consume","Answers":{"1":{"Display":"Unwilling"},"2":{"Display":"Neutral"},"3":{"Display":"Willing"}},"RecodeValues":{"1":"242","2":"35423","3":"34"},"VariableNaming":{"1":"intolerant","2":"meh","3":"consentual"},"AnalyzeChoices":[],"AnswerDataExportTag":"92","QuestionType":"Matrix","Selector":"Likert","SubSelector":"SingleAnswer","ChoiceColumnWidthPixels":null,"Validation":{"Settings":{"ForceResponse":"OFF","Type":"None"}},"DataExportTag":"Q49#1","QuestionID":"QID49#1","Choices":{"1":{"Display":"Oranges"},"2":{"Display":"Blueberries"},"3":{"Display":"Strawberries"}},"ChoiceDataExportTags":{"1":"peeling","2":"tiny","3":"genetically modified"},"QuestionDescription":"Willingness to Consume","Configuration":{"QuestionDescriptionOption":"UseText"}},"2":{"QuestionText":"How would you like to consume this fruit?","Answers":{"1":{"Display":"Whole"},"2":{"Display":"Sliced and diced"},"3":{"Display":"Washed and dried"},"4":{"Display":"With sugar on top"}},"RecodeValues":{"1":"64","2":"231","3":"464","4":"475"},"VariableNaming":{"1":"holistics","2":"knives are scary!","3":"clean","4":"candy is life"},"AnalyzeChoices":[],"AnswerDataExportTag":"143","QuestionType":"Matrix","Selector":"Likert","SubSelector":"DL","ChoiceColumnWidthPixels":null,"Validation":{"Settings":{"ForceResponse":"OFF","Type":"None"}},"DataExportTag":"Q49#2","QuestionID":"QID49#2","Choices":{"1":{"Display":"Oranges"},"2":{"Display":"Blueberries"},"3":{"Display":"Strawberries"}},"ChoiceDataExportTags":{"1":"peeling","2":"tiny","3":"genetically modified"},"QuestionDescription":"How would you like to consume this fruit?","Configuration":{"QuestionDescriptionOption":"UseText"}}},"ChoiceDataExportTags":{"1":"peeling","2":"tiny","3":"genetically modified"},"QuestionText_Unsafe":"This is a side-by-side question, with a single answer matrix part and a dropdown matrix part.&nbsp;","DataExportTag":"Q49","QuestionID":"QID49","RecodeValues":{"1":"1","2":"2"},"VariableNaming":{"1":["intolerant","meh","consentual"],"2":["holistics","knives are scary!","clean","candy is life"]}}},{"SurveyID":"SV_3gWQdZdiR6iB2gl","Element":"SQ","PrimaryAttribute":"QID50","SecondaryAttribute":"This is a side-by-side question, with a single answer matrix part and a dropdown matrix part. ","TertiaryAttribute":null,"Payload":{"QuestionText":"This is a side-by-side question, with a single answer matrix part and a dropdown matrix part.&nbsp;","DefaultChoices":false,"QuestionType":"SBS","Selector":"SBSMatrix","Configuration":{"QuestionDescriptionOption":"UseText","RepeatHeaders":"none"},"QuestionDescription":"This is a side-by-side question, with a single answer matrix part and a dropdown matrix part. ","Choices":{"1":{"Display":"Oranges"},"2":{"Display":"Blueberries"},"3":{"Display":"Strawberries"}},"ChoiceOrder":["1","2","3"],"Validation":{"Settings":{"ForceResponse":"OFF","Type":"None"}},"GradingData":[],"Language":[],"NumberOfQuestions":2,"AdditionalQuestions":{"1":{"QuestionText":"Describe your reasons for your choice in the previous question","Answers":{"1":{"Display":"Willingness"},"2":{"Display":"Consumption Method"}},"RecodeValues":{"1":"2352","2":"245321"},"VariableNaming":{"1":"mind over matter","2":"just shove it in"},"AnalyzeChoices":[],"AnswerDataExportTag":"23234","QuestionType":"Matrix","Selector":"TE","SubSelector":"Long","ChoiceColumnWidthPixels":null,"Validation":{"Settings":{"ForceResponse":"OFF","Type":"None"}},"DataExportTag":"Q50#1","QuestionID":"QID50#1","Choices":{"1":{"Display":"Oranges"},"2":{"Display":"Blueberries"},"3":{"Display":"Strawberries"}},"ChoiceDataExportTags":{"1":"wedges","2":"bites","3":"oh shit the export tags can have spaces"},"QuestionDescription":"Describe your reasons for your choice in the previous question","Configuration":{"QuestionDescriptionOption":"UseText"}},"2":{"QuestionText":"Which of the following would you eat with each fruit?","Answers":{"1":{"Display":"Bananas"},"2":{"Display":"Cucumbers"},"3":{"Display":"Graham crackers"},"4":{"Display":"Gummy bears"}},"RecodeValues":{"1":"24788","2":"4432","3":"153","4":"1634"},"VariableNaming":{"1":"strangely phallic","2":"even more phallic","3":"aren't as good as teddy grahams","4":"teddy grahams vs gummy bears could be a cool youtube series"},"AnalyzeChoices":[],"AnswerDataExportTag":"1231","QuestionType":"Matrix","Selector":"Likert","SubSelector":"MultipleAnswer","ChoiceColumnWidthPixels":null,"Validation":{"Settings":{"ForceResponse":"OFF","Type":"None"}},"DataExportTag":"Q50#2","QuestionID":"QID50#2","Choices":{"1":{"Display":"Oranges"},"2":{"Display":"Blueberries"},"3":{"Display":"Strawberries"}},"ChoiceDataExportTags":{"1":"wedges","2":"bites","3":"oh shit the export tags can have spaces"},"QuestionDescription":"Which of the following would you eat with each fruit?","Configuration":{"QuestionDescriptionOption":"UseText"}}},"ChoiceDataExportTags":{"1":"wedges","2":"bites","3":"oh shit the export tags can have spaces"},"QuestionText_Unsafe":"This is a side-by-side question, with a single answer matrix part and a dropdown matrix part.&nbsp;","DataExportTag":"Q50","QuestionID":"QID50","RecodeValues":{"1":"1","2":"2"},"VariableNaming":{"1":["mind over matter","just shove it in"],"2":["strangely phallic","even more phallic","aren't as good as teddy grahams","teddy grahams vs gummy bears could be a cool youtube series"]}}},{"SurveyID":"SV_3gWQdZdiR6iB2gl","Element":"SQ","PrimaryAttribute":"QID22","SecondaryAttribute":"This is a side-by-side question, with a single answer matrix part and a dropdown matrix part.\u00a0 \u00a0","TertiaryAttribute":null,"Payload":{"QuestionText":"<strong>This<\/strong> is a side-by-side question, with a single answer matrix part and a dropdown matrix part.&nbsp;<br \/>\n<br \/>\n&nbsp;","DefaultChoices":false,"QuestionType":"SBS","Selector":"SBSMatrix","Configuration":{"QuestionDescriptionOption":"UseText","RepeatHeaders":"none"},"QuestionDescription":"This is a side-by-side question, with a single answer matrix part and a dropdown matrix part.\u00a0 \u00a0","Choices":{"1":{"Display":"Oranges"},"2":{"Display":"Blueberries"},"3":{"Display":"<em>Strawberries<\/em>"}},"ChoiceOrder":["1","2","3"],"Validation":{"Settings":{"ForceResponse":"OFF","Type":"None"}},"GradingData":[],"Language":[],"NumberOfQuestions":2,"AdditionalQuestions":{"1":{"QuestionText":"Willingness to <em>Consume<\/em>","Answers":{"1":{"Display":"Unwilling"},"2":{"Display":"Neutral"},"3":{"Display":"Willing"}},"RecodeValues":[],"VariableNaming":[],"AnalyzeChoices":[],"QuestionType":"Matrix","Selector":"Likert","SubSelector":"SingleAnswer","ChoiceColumnWidthPixels":null,"Validation":{"Settings":{"ForceResponse":"OFF","Type":"None"}},"DataExportTag":"Q22#1","QuestionID":"QID22#1","Choices":{"1":{"Display":"Oranges"},"2":{"Display":"Blueberries"},"3":{"Display":"<em>Strawberries<\/em>"}},"ChoiceDataExportTags":false,"QuestionDescription":"Willingness to Consume","Configuration":{"QuestionDescriptionOption":"UseText"}},"2":{"QuestionText":"How <em>would<\/em> you like to consume this fruit?","Answers":{"1":{"Display":"Whole"},"2":{"Display":"Sliced and diced"},"3":{"Display":"Washed and dried"},"4":{"Display":"With sugar on top"}},"RecodeValues":[],"VariableNaming":[],"AnalyzeChoices":[],"QuestionType":"Matrix","Selector":"Likert","SubSelector":"DL","ChoiceColumnWidthPixels":null,"Validation":{"Settings":{"ForceResponse":"OFF","Type":"None"}},"DataExportTag":"Q22#2","QuestionID":"QID22#2","Choices":{"1":{"Display":"Oranges"},"2":{"Display":"Blueberries"},"3":{"Display":"<em>Strawberries<\/em>"}},"ChoiceDataExportTags":false,"QuestionDescription":"How would you like to consume this fruit?","Configuration":{"QuestionDescriptionOption":"UseText"}}},"ChoiceDataExportTags":false,"QuestionText_Unsafe":"This is a side-by-side question, with a single answer matrix part and a dropdown matrix part.&nbsp;","DataExportTag":"Q22","QuestionID":"QID22"}},{"SurveyID":"SV_3gWQdZdiR6iB2gl","Element":"SQ","PrimaryAttribute":"QID23","SecondaryAttribute":"This is a side-by-side question, with a single answer matrix part and a dropdown matrix part.\u00a0 \u00a0","TertiaryAttribute":null,"Payload":{"QuestionText":"<strong>This<\/strong> is a side-by-side question, with a single answer matrix part and a dropdown matrix part.&nbsp;<br \/>\n&nbsp;","DefaultChoices":false,"QuestionType":"SBS","Selector":"SBSMatrix","Configuration":{"QuestionDescriptionOption":"UseText","RepeatHeaders":"none"},"QuestionDescription":"This is a side-by-side question, with a single answer matrix part and a dropdown matrix part.\u00a0 \u00a0","Choices":{"1":{"Display":"Oranges"},"2":{"Display":"<em><strong>Blueberries<\/strong><\/em>"},"3":{"Display":"Strawberries"}},"ChoiceOrder":["1","2","3"],"Validation":{"Settings":{"ForceResponse":"OFF","Type":"None"}},"GradingData":[],"Language":[],"NumberOfQuestions":2,"AdditionalQuestions":{"1":{"QuestionText":"<strong>Describe<\/strong> your <strong>reasons<\/strong> for your choice in the previous question","Answers":{"1":{"Display":"Willingness"},"2":{"Display":"Consumption Method"}},"RecodeValues":[],"VariableNaming":[],"AnalyzeChoices":[],"QuestionType":"Matrix","Selector":"TE","SubSelector":"Long","ChoiceColumnWidthPixels":null,"Validation":{"Settings":{"ForceResponse":"OFF","Type":"None"}},"DataExportTag":"Q23#1","QuestionID":"QID23#1","Choices":{"1":{"Display":"Oranges"},"2":{"Display":"<em><strong>Blueberries<\/strong><\/em>"},"3":{"Display":"Strawberries"}},"ChoiceDataExportTags":false,"QuestionDescription":"Describe your reasons for your choice in the previous question","Configuration":{"QuestionDescriptionOption":"UseText"}},"2":{"QuestionText":"<em>Which<\/em> of the <strong>following<\/strong> would you eat with each fruit?","Answers":{"1":{"Display":"Bananas"},"2":{"Display":"Cucumbers"},"3":{"Display":"Graham crackers"},"4":{"Display":"Gummy bears"}},"RecodeValues":[],"VariableNaming":[],"AnalyzeChoices":[],"QuestionType":"Matrix","Selector":"Likert","SubSelector":"MultipleAnswer","ChoiceColumnWidthPixels":null,"Validation":{"Settings":{"ForceResponse":"OFF","Type":"None"}},"DataExportTag":"Q23#2","QuestionID":"QID23#2","Choices":{"1":{"Display":"Oranges"},"2":{"Display":"<em><strong>Blueberries<\/strong><\/em>"},"3":{"Display":"Strawberries"}},"ChoiceDataExportTags":false,"QuestionDescription":"Which of the following would you eat with each fruit?","Configuration":{"QuestionDescriptionOption":"UseText"}}},"ChoiceDataExportTags":false,"QuestionText_Unsafe":"This is a side-by-side question, with a single answer matrix part and a dropdown matrix part.&nbsp;","DataExportTag":"Q23","QuestionID":"QID23"}}]}