{"SurveyEntry":{"SurveyID":"SV_eFjHq9W5eLCeJI9","SurveyName":"Long & Exhaustive Sample Survey","SurveyDescription":null,"SurveyOwnerID":"UR_8kzO7vEaBPWnAB7","SurveyBrandID":"tufts","DivisionID":null,"SurveyLanguage":"EN","SurveyActiveResponseSet":"RS_cH1euPLiyJeapj7","SurveyStatus":"Inactive","SurveyStartDate":"0000-00-00 00:00:00","SurveyExpirationDate":"0000-00-00 00:00:00","SurveyCreationDate":"2016-07-28 08:55:51","CreatorID":"UR_8kzO7vEaBPWnAB7","LastModified":"2016-08-03 13:13:31","LastAccessed":"0000-00-00 00:00:00","LastActivated":"0000-00-00 00:00:00","Deleted":null},"SurveyElements":[{"SurveyID":"SV_eFjHq9W5eLCeJI9","Element":"BL","PrimaryAttribute":"Survey Blocks","SecondaryAttribute":null,"TertiaryAttribute":null,"Payload":[{"Type":"Default","Description":"Intro","ID":"BL_5BVH8eHHdWIjZk1","BlockElements":[{"Type":"Question","QuestionID":"QID1"}]},{"Type":"Trash","Description":"Trash \/ Unused Questions","ID":"BL_6QMUPrt2JVJGBOB","BlockElements":[{"Type":"Question","QuestionID":"QID38"},{"Type":"Question","QuestionID":"QID49"}]},{"Type":"Standard","SubType":"","Description":"MCSA Questions","ID":"BL_8HvHiD1xNsKB31P","BlockElements":[{"Type":"Question","QuestionID":"QID2"},{"Type":"Question","QuestionID":"QID10"},{"Type":"Question","QuestionID":"QID11"},{"Type":"Question","QuestionID":"QID3"},{"Type":"Question","QuestionID":"QID4"},{"Type":"Question","QuestionID":"QID5"},{"Type":"Question","QuestionID":"QID6"},{"Type":"Question","QuestionID":"QID7"}]},{"Type":"Standard","SubType":"","Description":"Matrix-SA Questions","ID":"BL_8HaR1q5DNjOaIiV","BlockElements":[{"Type":"Question","QuestionID":"QID8"},{"Type":"Question","QuestionID":"QID39"},{"Type":"Question","QuestionID":"QID27"},{"Type":"Question","QuestionID":"QID23"},{"Type":"Question","QuestionID":"QID24"},{"Type":"Question","QuestionID":"QID25"},{"Type":"Question","QuestionID":"QID26"},{"Type":"Question","QuestionID":"QID22"},{"Type":"Question","QuestionID":"QID20"},{"Type":"Question","QuestionID":"QID18"},{"Type":"Question","QuestionID":"QID17"}]},{"Type":"Standard","SubType":"","Description":"MCMA Questions","ID":"BL_b7aeoDp5grd6GcB","BlockElements":[{"Type":"Question","QuestionID":"QID9"},{"Type":"Question","QuestionID":"QID21"},{"Type":"Question","QuestionID":"QID13"},{"Type":"Question","QuestionID":"QID14"},{"Type":"Question","QuestionID":"QID15"},{"Type":"Question","QuestionID":"QID16"},{"Type":"Question","QuestionID":"QID12"}]},{"Type":"Standard","SubType":"","Description":"Matrix-MA Questions","ID":"BL_3ry2ooHbCA7TQqx","BlockElements":[{"Type":"Question","QuestionID":"QID29"},{"Type":"Question","QuestionID":"QID36"},{"Type":"Question","QuestionID":"QID37"},{"Type":"Question","QuestionID":"QID30"},{"Type":"Question","QuestionID":"QID31"},{"Type":"Question","QuestionID":"QID32"},{"Type":"Question","QuestionID":"QID33"},{"Type":"Question","QuestionID":"QID34"},{"Type":"Question","QuestionID":"QID35"}]},{"Type":"Standard","SubType":"","Description":"Side-by-Side Questions","ID":"BL_0U88CrA4wPNsaep","BlockElements":[{"Type":"Question","QuestionID":"QID40"},{"Type":"Question","QuestionID":"QID41"},{"Type":"Question","QuestionID":"QID42"},{"Type":"Question","QuestionID":"QID44"},{"Type":"Question","QuestionID":"QID45"},{"Type":"Question","QuestionID":"QID43"}]},{"Type":"Standard","SubType":"","Description":"Text Entry Questions","ID":"BL_5zlVMsnk5wVwCFv","BlockElements":[{"Type":"Question","QuestionID":"QID46"},{"Type":"Question","QuestionID":"QID50"},{"Type":"Question","QuestionID":"QID47"},{"Type":"Question","QuestionID":"QID48"}]}]},{"SurveyID":"SV_eFjHq9W5eLCeJI9","Element":"FL","PrimaryAttribute":"Survey Flow","SecondaryAttribute":null,"TertiaryAttribute":null,"Payload":{"Flow":[{"ID":"BL_5BVH8eHHdWIjZk1","Type":"Block","FlowID":"FL_2"},{"ID":"BL_8HvHiD1xNsKB31P","Type":"Standard","FlowID":"FL_3"},{"ID":"BL_b7aeoDp5grd6GcB","Type":"Standard","FlowID":"FL_5"},{"ID":"BL_8HaR1q5DNjOaIiV","Type":"Standard","FlowID":"FL_4"},{"ID":"BL_3ry2ooHbCA7TQqx","Type":"Standard","FlowID":"FL_6"},{"ID":"BL_0U88CrA4wPNsaep","Type":"Standard","FlowID":"FL_7"},{"ID":"BL_5zlVMsnk5wVwCFv","Type":"Standard","FlowID":"FL_8"}],"Properties":{"Count":8},"FlowID":"FL_1","Type":"Root"}},{"SurveyID":"SV_eFjHq9W5eLCeJI9","Element":"SO","PrimaryAttribute":"Survey Options","SecondaryAttribute":null,"TertiaryAttribute":null,"Payload":{"BackButton":"false","SaveAndContinue":"true","SurveyProtection":"PublicSurvey","BallotBoxStuffingPrevention":"false","NoIndex":"Yes","SecureResponseFiles":"true","SurveyExpiration":"None","SurveyTermination":"DefaultMessage","Header":"","Footer":"","ProgressBarDisplay":"None","PartialData":"+1 week","ValidationMessage":"","PreviousButton":"  <<  ","NextButton":"  >>  ","SkinLibrary":"tufts","SkinType":"MQ","Skin":"tufts1","NewScoring":1}},{"SurveyID":"SV_eFjHq9W5eLCeJI9","Element":"SCO","PrimaryAttribute":"Scoring","SecondaryAttribute":null,"TertiaryAttribute":null,"Payload":{"ScoringCategories":[],"ScoringCategoryGroups":[],"ScoringSummaryCategory":null,"ScoringSummaryAfterQuestions":0,"ScoringSummaryAfterSurvey":0,"DefaultScoringCategory":null,"AutoScoringCategory":null}},{"SurveyID":"SV_eFjHq9W5eLCeJI9","Element":"STAT","PrimaryAttribute":"Survey Statistics","SecondaryAttribute":null,"TertiaryAttribute":null,"Payload":{"MobileCompatible":false,"ID":"Survey Statistics"}},{"SurveyID":"SV_eFjHq9W5eLCeJI9","Element":"QC","PrimaryAttribute":"Survey Question Count","SecondaryAttribute":"50","TertiaryAttribute":null,"Payload":null},{"SurveyID":"SV_eFjHq9W5eLCeJI9","Element":"RS","PrimaryAttribute":"RS_cH1euPLiyJeapj7","SecondaryAttribute":"Default Response Set","TertiaryAttribute":null,"Payload":null},{"SurveyID":"SV_eFjHq9W5eLCeJI9","Element":"SQ","PrimaryAttribute":"QID42","SecondaryAttribute":"This is a answer side-by-side question with a data export tag. For each animal, rate your appreci...","TertiaryAttribute":null,"Payload":{"QuestionText":"This is a answer side-by-side question with a data export tag.<div><br><\/div><div>For each animal, rate your appreciation for GIFs depicting it and which patterns you think would look cool on it<\/div>","DefaultChoices":false,"DataExportTag":"q42_animal_patterns","QuestionType":"SBS","Selector":"SBSMatrix","Configuration":{"QuestionDescriptionOption":"UseText","RepeatHeaders":"none"},"QuestionDescription":"This is a answer side-by-side question with a data export tag. For each animal, rate your appreci...","Choices":{"1":{"Display":"Red Pandas"},"2":{"Display":"Baby Hippos"},"3":{"Display":"Meerkats"},"4":{"Display":"Tiny Exotic Rainforest Frogs"}},"ChoiceOrder":[1,2,3,4],"Validation":{"Settings":{"ForceResponse":"OFF","Type":"None"}},"GradingData":[],"Language":[],"NumberOfQuestions":2,"AdditionalQuestions":{"1":{"QuestionText":"How much do you like GIFs of this creature?","Answers":{"1":{"Display":"Ewww, gross"},"2":{"Display":"I'd rather see it in person"},"3":{"Display":"Omg, like you don't even know"}},"RecodeValues":[],"VariableNaming":[],"AnalyzeChoices":[],"QuestionType":"Matrix","Selector":"Likert","SubSelector":"SingleAnswer","ChoiceColumnWidthPixels":null,"DataExportTag":"q42_animal_patterns#1","Choices":{"1":{"Display":"Red Pandas"},"2":{"Display":"Baby Hippos"},"3":{"Display":"Meerkats"},"4":{"Display":"Tiny Exotic Rainforest Frogs"}},"ChoiceDataExportTags":false,"Validation":{"Settings":{"ForceResponse":"OFF","Type":"None"}},"QuestionDescription":"How much do you like GIFs of this creature?","Configuration":{"QuestionDescriptionOption":"UseText"},"QuestionID":"QID42#1"},"2":{"QuestionText":"Which patterns would be cool on this creature?","Answers":{"1":{"Display":"Paisley"},"2":{"Display":"Stripes"},"3":{"Display":"Swirls"},"4":{"Display":"Polkadots"},"5":{"Display":"Fractals"}},"RecodeValues":[],"VariableNaming":[],"AnalyzeChoices":[],"QuestionType":"Matrix","Selector":"Likert","SubSelector":"MultipleAnswer","ChoiceColumnWidthPixels":null,"DataExportTag":"q42_animal_patterns#2","Choices":{"1":{"Display":"Red Pandas"},"2":{"Display":"Baby Hippos"},"3":{"Display":"Meerkats"},"4":{"Display":"Tiny Exotic Rainforest Frogs"}},"ChoiceDataExportTags":false,"Validation":{"Settings":{"ForceResponse":"OFF","Type":"None"}},"QuestionDescription":"Which patterns would be cool on this creature?","Configuration":{"QuestionDescriptionOption":"UseText"},"QuestionID":"QID42#2"}},"ChoiceDataExportTags":false,"QuestionID":"QID42"}},{"SurveyID":"SV_eFjHq9W5eLCeJI9","Element":"SQ","PrimaryAttribute":"QID44","SecondaryAttribute":"This is a answer side-by-side question with recode values and choice data export tags. For each a...","TertiaryAttribute":null,"Payload":{"QuestionText":"This is a answer side-by-side question with recode values and choice data export tags.<div><br><\/div><div>For each animal, rate your appreciation for GIFs depicting it and which patterns you think would look cool on it<\/div>","DefaultChoices":false,"DataExportTag":"Q44","QuestionType":"SBS","Selector":"SBSMatrix","Configuration":{"QuestionDescriptionOption":"UseText","RepeatHeaders":"none"},"QuestionDescription":"This is a answer side-by-side question with recode values and choice data export tags. For each a...","Choices":{"1":{"Display":"Red Pandas"},"2":{"Display":"Baby Hippos"},"3":{"Display":"Meerkats"},"4":{"Display":"Tiny Exotic Rainforest Frogs"}},"ChoiceOrder":[1,2,3,4],"Validation":{"Settings":{"ForceResponse":"OFF","Type":"None"}},"RecodeValues":{"1":"1","2":"2"},"GradingData":[],"Language":[],"NumberOfQuestions":2,"AdditionalQuestions":{"1":{"QuestionText":"How much do you like GIFs of this creature?","Answers":{"1":{"Display":"Ewww, gross"},"2":{"Display":"I'd rather see it in person"},"3":{"Display":"Omg, like you don't even know"}},"RecodeValues":{"1":"1","2":"10","3":"100"},"VariableNaming":[],"AnalyzeChoices":[],"AnswerDataExportTag":"3","QuestionType":"Matrix","Selector":"Likert","SubSelector":"SingleAnswer","ChoiceColumnWidthPixels":null,"Validation":{"Settings":{"ForceResponse":"OFF","Type":"None"}},"DataExportTag":"Q44#1","QuestionID":"QID44#1","Choices":{"1":{"Display":"Red Pandas"},"2":{"Display":"Baby Hippos"},"3":{"Display":"Meerkats"},"4":{"Display":"Tiny Exotic Rainforest Frogs"}},"ChoiceDataExportTags":{"1":"red_pandas","2":"baby_hippos","3":"meerkats","4":"exotic_frogs"},"QuestionDescription":"How much do you like GIFs of this creature?","Configuration":{"QuestionDescriptionOption":"UseText"}},"2":{"QuestionText":"Which patterns would be cool on this creature?","Answers":{"1":{"Display":"Paisley"},"2":{"Display":"Stripes"},"3":{"Display":"Swirls"},"4":{"Display":"Polkadots"},"5":{"Display":"Fractals"}},"RecodeValues":{"1":"5","2":"2","3":"7","4":"8","5":"9"},"VariableNaming":[],"AnalyzeChoices":[],"AnswerDataExportTag":"4","QuestionType":"Matrix","Selector":"Likert","SubSelector":"MultipleAnswer","ChoiceColumnWidthPixels":null,"Validation":{"Settings":{"ForceResponse":"OFF","Type":"None"}},"DataExportTag":"Q44#2","QuestionID":"QID44#2","Choices":{"1":{"Display":"Red Pandas"},"2":{"Display":"Baby Hippos"},"3":{"Display":"Meerkats"},"4":{"Display":"Tiny Exotic Rainforest Frogs"}},"ChoiceDataExportTags":{"1":"red_pandas","2":"baby_hippos","3":"meerkats","4":"exotic_frogs"},"QuestionDescription":"Which patterns would be cool on this creature?","Configuration":{"QuestionDescriptionOption":"UseText"}}},"ChoiceDataExportTags":{"1":"red_pandas","2":"baby_hippos","3":"meerkats","4":"exotic_frogs"},"QuestionID":"QID44"}},{"SurveyID":"SV_eFjHq9W5eLCeJI9","Element":"SQ","PrimaryAttribute":"QID45","SecondaryAttribute":"This is a answer side-by-side question with recode values and choice data export tags. For each a...","TertiaryAttribute":null,"Payload":{"QuestionText":"This is a answer side-by-side question with recode values and choice data export tags.<div><br><\/div><div>For each animal, rate your appreciation for GIFs depicting it and which patterns you think would look cool on it<\/div>","DefaultChoices":false,"DataExportTag":"Q45","QuestionType":"SBS","Selector":"SBSMatrix","Configuration":{"QuestionDescriptionOption":"UseText","RepeatHeaders":"none"},"QuestionDescription":"This is a answer side-by-side question with recode values and choice data export tags. For each a...","Choices":{"1":{"Display":"Red Pandas"},"2":{"Display":"Baby Hippos"},"3":{"Display":"Meerkats"},"4":{"Display":"Tiny Exotic Rainforest Frogs"},"5":{"Display":"Pick the scariest sea creature you can think of, and put its name in here","TextEntry":"true"}},"ChoiceOrder":[1,2,3,4,5],"Validation":{"Settings":{"ForceResponse":"OFF","Type":"None"}},"RecodeValues":{"1":1,"2":2},"GradingData":[],"Language":[],"NumberOfQuestions":2,"AdditionalQuestions":{"1":{"QuestionText":"How much do you like GIFs of this creature?","Answers":{"1":{"Display":"Ewww, gross"},"2":{"Display":"I'd rather see it in person"},"3":{"Display":"Omg, like you don't even know"}},"RecodeValues":{"1":"1","2":"10","3":"100"},"VariableNaming":[],"AnalyzeChoices":[],"AnswerDataExportTag":"3","QuestionType":"Matrix","Selector":"Likert","SubSelector":"SingleAnswer","ChoiceColumnWidthPixels":null,"DataExportTag":"Q45#1","Choices":{"1":{"Display":"Red Pandas"},"2":{"Display":"Baby Hippos"},"3":{"Display":"Meerkats"},"4":{"Display":"Tiny Exotic Rainforest Frogs"},"5":{"Display":"Pick the scariest sea creature you can think of, and put its name in here","TextEntry":"true"}},"ChoiceDataExportTags":{"1":"red_pandas","2":"baby_hippos","3":"meerkats","4":"exotic_frogs","5":"Q45_5"},"Validation":{"Settings":{"ForceResponse":"OFF","Type":"None"}},"QuestionDescription":"How much do you like GIFs of this creature?","Configuration":{"QuestionDescriptionOption":"UseText"},"QuestionID":"QID45#1"},"2":{"QuestionText":"Which patterns would be cool on this creature?","Answers":{"1":{"Display":"Paisley"},"2":{"Display":"Stripes"},"3":{"Display":"Swirls"},"4":{"Display":"Polkadots"},"5":{"Display":"Fractals"}},"RecodeValues":{"1":"5","2":"2","3":"7","4":"8","5":"9"},"VariableNaming":[],"AnalyzeChoices":[],"AnswerDataExportTag":"4","QuestionType":"Matrix","Selector":"Likert","SubSelector":"MultipleAnswer","ChoiceColumnWidthPixels":null,"DataExportTag":"Q45#2","Choices":{"1":{"Display":"Red Pandas"},"2":{"Display":"Baby Hippos"},"3":{"Display":"Meerkats"},"4":{"Display":"Tiny Exotic Rainforest Frogs"},"5":{"Display":"Pick the scariest sea creature you can think of, and put its name in here","TextEntry":"true"}},"ChoiceDataExportTags":{"1":"red_pandas","2":"baby_hippos","3":"meerkats","4":"exotic_frogs","5":"Q45_5"},"Validation":{"Settings":{"ForceResponse":"OFF","Type":"None"}},"QuestionDescription":"Which patterns would be cool on this creature?","Configuration":{"QuestionDescriptionOption":"UseText"},"QuestionID":"QID45#2"}},"ChoiceDataExportTags":{"1":"red_pandas","2":"baby_hippos","3":"meerkats","4":"exotic_frogs","5":"Q45_5"},"QuestionID":"QID45"}},{"SurveyID":"SV_eFjHq9W5eLCeJI9","Element":"SQ","PrimaryAttribute":"QID40","SecondaryAttribute":"This is a double single-answer side-by-side question. For each animal, rate your appreciation for...","TertiaryAttribute":null,"Payload":{"QuestionText":"This is a double single-answer side-by-side question.<div><br><\/div><div>For each animal, rate your appreciation for GIFs depicting it and whether or not you think a rainbow colored one would be cooler.<\/div>","DefaultChoices":false,"DataExportTag":"Q40","QuestionType":"SBS","Selector":"SBSMatrix","Configuration":{"QuestionDescriptionOption":"UseText","RepeatHeaders":"none"},"QuestionDescription":"This is a double single-answer side-by-side question. For each animal, rate your appreciation for...","Choices":{"1":{"Display":"Red Pandas"},"2":{"Display":"Baby Hippos"},"3":{"Display":"Meerkats"},"4":{"Display":"Tiny Exotic Rainforest Frogs"}},"ChoiceOrder":[1,2,3,4],"Validation":{"Settings":{"ForceResponse":"OFF","Type":"None"}},"GradingData":[],"Language":[],"NumberOfQuestions":2,"AdditionalQuestions":{"1":{"QuestionText":"How much do you like GIFs of this creature?","Answers":{"1":{"Display":"Ewww, gross"},"2":{"Display":"I'd rather see it in person"},"3":{"Display":"Omg, like you don't even know"}},"RecodeValues":[],"VariableNaming":[],"AnalyzeChoices":[],"QuestionType":"Matrix","Selector":"Likert","SubSelector":"SingleAnswer","ChoiceColumnWidthPixels":null,"DataExportTag":"Q40#1","Choices":{"1":{"Display":"Red Pandas"},"2":{"Display":"Baby Hippos"},"3":{"Display":"Meerkats"},"4":{"Display":"Tiny Exotic Rainforest Frogs"}},"ChoiceDataExportTags":false,"Validation":{"Settings":{"ForceResponse":"OFF","Type":"None"}},"QuestionDescription":"How much do you like GIFs of this creature?","Configuration":{"QuestionDescriptionOption":"UseText"},"QuestionID":"QID40#1"},"2":{"QuestionText":"Do you want to see a rainbow one?","Answers":{"1":{"Display":"No"},"2":{"Display":"Yes"}},"RecodeValues":[],"VariableNaming":[],"AnalyzeChoices":[],"QuestionType":"Matrix","Selector":"Likert","SubSelector":"SingleAnswer","ChoiceColumnWidthPixels":null,"DataExportTag":"Q40#2","Choices":{"1":{"Display":"Red Pandas"},"2":{"Display":"Baby Hippos"},"3":{"Display":"Meerkats"},"4":{"Display":"Tiny Exotic Rainforest Frogs"}},"ChoiceDataExportTags":false,"Validation":{"Settings":{"ForceResponse":"OFF","Type":"None"}},"QuestionDescription":"Do you want to see a rainbow one?","Configuration":{"QuestionDescriptionOption":"UseText"},"QuestionID":"QID40#2"}},"ChoiceDataExportTags":false,"QuestionID":"QID40"}},{"SurveyID":"SV_eFjHq9W5eLCeJI9","Element":"SQ","PrimaryAttribute":"QID36","SecondaryAttribute":"This is a horizontally minimal matrix multiple answer question. Check the box if you think the st...","TertiaryAttribute":null,"Payload":{"QuestionText":"This is a horizontally minimal matrix multiple answer question.<div><br><\/div><div>Check the box if you think the statement is true for that food<\/div>","DefaultChoices":false,"DataExportTag":"Q36","QuestionType":"Matrix","Selector":"Likert","SubSelector":"MultipleAnswer","Configuration":{"QuestionDescriptionOption":"UseText","TextPosition":"inline","ChoiceColumnWidth":25,"RepeatHeaders":"none","WhiteSpace":"OFF","MobileFirst":true},"QuestionDescription":"This is a horizontally minimal matrix multiple answer question. Check the box if you think the st...","Choices":{"1":{"Display":"Underripe Avocados"},"2":{"Display":"Mushy Bananas"},"3":{"Display":"Yellow Cherry Tomatoes"},"4":{"Display":"A Lump of Dough"}},"ChoiceOrder":[1,2,3,4],"Validation":{"Settings":{"ForceResponse":"OFF","ForceResponseType":"ON","Type":"None"}},"GradingData":[],"Language":[],"Answers":{"1":{"Display":"Somebody might eat this"}},"AnswerOrder":[1],"ChoiceDataExportTags":false,"QuestionID":"QID36"}},{"SurveyID":"SV_eFjHq9W5eLCeJI9","Element":"SQ","PrimaryAttribute":"QID37","SecondaryAttribute":"This is a horizontally minimal matrix multiple answer question. Check the box if you think the st...","TertiaryAttribute":null,"Payload":{"QuestionText":"This is a horizontally minimal matrix multiple answer question.<div><br><\/div><div>Check the box if you think the statement is true for that food<\/div>","DefaultChoices":false,"DataExportTag":"Q37","QuestionType":"Matrix","Selector":"Likert","SubSelector":"MultipleAnswer","Configuration":{"QuestionDescriptionOption":"UseText","TextPosition":"inline","ChoiceColumnWidth":25,"RepeatHeaders":"none","WhiteSpace":"OFF","MobileFirst":true},"QuestionDescription":"This is a horizontally minimal matrix multiple answer question. Check the box if you think the st...","Choices":{"1":{"Display":"Let's talk avocadoes ;)"}},"ChoiceOrder":[1],"Validation":{"Settings":{"ForceResponse":"OFF","ForceResponseType":"ON","Type":"None"}},"GradingData":[],"Language":[],"Answers":{"1":{"Display":"Avocados are yummy"},"2":{"Display":"Avocados don't have seeds"},"3":{"Display":"\"Dolphin\" is code for \"avocado\" in the Hitchhikers Guide to the Galaxy"},"4":{"Display":"I'm an avocado-alien truther"}},"AnswerOrder":[1,2,3,4],"ChoiceDataExportTags":false,"QuestionID":"QID37"}},{"SurveyID":"SV_eFjHq9W5eLCeJI9","Element":"SQ","PrimaryAttribute":"QID18","SecondaryAttribute":"This is a horizontally minimal matrix single answer question.\u00a0 Rank each fruit on this strange sc..","TertiaryAttribute":null,"Payload":{"QuestionText":"This is a horizontally minimal matrix single answer question.&nbsp;<div><br><\/div><div>Rank each fruit on this strange scale I've dreamt up.<\/div>","DefaultChoices":false,"DataExportTag":"Q18","QuestionType":"Matrix","Selector":"Likert","SubSelector":"SingleAnswer","Configuration":{"QuestionDescriptionOption":"UseText","TextPosition":"inline","ChoiceColumnWidth":25,"RepeatHeaders":"none","WhiteSpace":"OFF","MobileFirst":true},"QuestionDescription":"This is a horizontally minimal matrix single answer question.\u00a0 Rank each fruit on this strange sc...","Choices":{"1":{"Display":"Cucumbers"},"2":{"Display":"Pomegranates"},"3":{"Display":"Mango"},"4":{"Display":"Snozzberries"}},"ChoiceOrder":[1,2,3,4],"Validation":{"Settings":{"ForceResponse":"OFF","ForceResponseType":"ON","Type":"None"}},"GradingData":[],"Language":[],"Answers":{"1":{"Display":"I do, or do not, have a preference"}},"AnswerOrder":[1],"ChoiceDataExportTags":false,"QuestionID":"QID18"}},{"SurveyID":"SV_eFjHq9W5eLCeJI9","Element":"SQ","PrimaryAttribute":"QID38","SecondaryAttribute":"This is a matrix drag and drop question Select the ways in which you think you'd enjoy eating the...","TertiaryAttribute":null,"Payload":{"QuestionText":"This is a matrix drag and drop question<div><br><\/div><div>Select the ways in which you think you'd enjoy eating the following fruit.<\/div>","DefaultChoices":false,"DataExportTag":"Q38","QuestionType":"Matrix","Selector":"Likert","SubSelector":"DND","Configuration":{"QuestionDescriptionOption":"UseText","ChoiceColumnWidth":25,"RepeatHeaders":"none","Stack":"OFF"},"QuestionDescription":"This is a matrix drag and drop question Select the ways in which you think you'd enjoy eating the...","Choices":{"1":{"Display":"Underripe Avocados","ExclusiveAnswer":false},"2":{"Display":"Mushy Bananas","ExclusiveAnswer":false},"3":{"Display":"Yellow Cherry Tomatoes","ExclusiveAnswer":false},"4":{"Display":"A Lump of Dough","ExclusiveAnswer":false}},"ChoiceOrder":[1,2,3,4],"Validation":{"Settings":{"ForceResponse":"OFF","ForceResponseType":"ON","Type":"None"}},"GradingData":[],"Language":[],"Answers":{"1":{"Display":"Extra Deep Fried"},"2":{"Display":"Saut\u00e9ed, but kind of badly"},"3":{"Display":"Raw, but with some cayenne pepper on it"}},"AnswerOrder":["1","2","3"],"ChoiceDataExportTags":false,"QuestionID":"QID38"}},{"SurveyID":"SV_eFjHq9W5eLCeJI9","Element":"SQ","PrimaryAttribute":"QID39","SecondaryAttribute":"This is a matrix drag and drop question.\u00a0 Rank each fruit on this strange scale I've dreamt up.","TertiaryAttribute":null,"Payload":{"QuestionText":"This is a matrix drag and drop question.&nbsp;<div><br><\/div><div>Rank each fruit on this strange scale I've dreamt up.<\/div>","DefaultChoices":false,"DataExportTag":"Q39","QuestionType":"Matrix","Selector":"Likert","SubSelector":"DND","Configuration":{"QuestionDescriptionOption":"UseText","ChoiceColumnWidth":25,"RepeatHeaders":"none","Stack":"OFF"},"QuestionDescription":"This is a matrix drag and drop question.\u00a0 Rank each fruit on this strange scale I've dreamt up.","Choices":{"1":{"Display":"Cucumbers","ExclusiveAnswer":false},"2":{"Display":"Pomegranates","ExclusiveAnswer":false},"3":{"Display":"Mango","ExclusiveAnswer":false},"4":{"Display":"Snozzberries","ExclusiveAnswer":false}},"ChoiceOrder":[1,2,3,4],"Validation":{"Settings":{"ForceResponse":"OFF","ForceResponseType":"ON","Type":"None"}},"GradingData":[],"Language":[],"Answers":{"1":{"Display":"They're against my ideology"},"2":{"Display":"I mean, they're not bad"},"3":{"Display":"I have an intimate relationship with this fruit"}},"AnswerOrder":["1","2","3"],"ChoiceDataExportTags":false,"QuestionID":"QID39"}},{"SurveyID":"SV_eFjHq9W5eLCeJI9","Element":"SQ","PrimaryAttribute":"QID27","SecondaryAttribute":"This is a matrix dropdown question\u00a0 Rank each fruit on this strange scale I've dreamt up.","TertiaryAttribute":null,"Payload":{"QuestionText":"This is a matrix dropdown question&nbsp;<div><br><\/div><div>Rank each fruit on this strange scale I've dreamt up.<\/div>","DefaultChoices":false,"DataExportTag":"Q27","QuestionType":"Matrix","Selector":"Likert","SubSelector":"DL","Configuration":{"QuestionDescriptionOption":"UseText","TextPosition":"inline","ChoiceColumnWidth":25,"RepeatHeaders":"none"},"QuestionDescription":"This is a matrix dropdown question\u00a0 Rank each fruit on this strange scale I've dreamt up.","Choices":{"1":{"Display":"Cucumbers"},"2":{"Display":"Pomegranates"},"3":{"Display":"Mango"},"4":{"Display":"Snozzberries"}},"ChoiceOrder":[1,2,3,4],"Validation":{"Settings":{"ForceResponse":"OFF","ForceResponseType":"ON","Type":"None"}},"GradingData":[],"Language":[],"Answers":{"1":{"Display":"They're against my ideology"},"2":{"Display":"I mean, they're not bad"},"3":{"Display":"I have an intimate relationship with this fruit"}},"AnswerOrder":["1","2","3"],"ChoiceDataExportTags":false,"QuestionID":"QID27"}},{"SurveyID":"SV_eFjHq9W5eLCeJI9","Element":"SQ","PrimaryAttribute":"QID30","SecondaryAttribute":"This is a matrix multiple answer question with a data export tag. Select the ways in which you th...","TertiaryAttribute":null,"Payload":{"QuestionText":"This is a matrix multiple answer question with a data export tag.<div><br><\/div><div>Select the ways in which you think you'd enjoy eating the following fruit.<\/div>","DefaultChoices":false,"DataExportTag":"q30_cooking_style","QuestionType":"Matrix","Selector":"Likert","SubSelector":"MultipleAnswer","Configuration":{"QuestionDescriptionOption":"UseText","TextPosition":"inline","ChoiceColumnWidth":25,"RepeatHeaders":"none","WhiteSpace":"OFF","MobileFirst":true},"QuestionDescription":"This is a matrix multiple answer question with a data export tag. Select the ways in which you th...","Choices":{"1":{"Display":"Underripe Avocados"},"2":{"Display":"Mushy Bananas"},"3":{"Display":"Yellow Cherry Tomatoes"},"4":{"Display":"A Lump of Dough"}},"ChoiceOrder":[1,2,3,4],"Validation":{"Settings":{"ForceResponse":"OFF","ForceResponseType":"ON","Type":"None"}},"GradingData":[],"Language":[],"Answers":{"1":{"Display":"Extra Deep Fried"},"2":{"Display":"Saut\u00e9ed, but kind of badly"},"3":{"Display":"Raw, but with some cayenne pepper on it"}},"AnswerOrder":["1","2","3"],"ChoiceDataExportTags":false,"QuestionID":"QID30"}},{"SurveyID":"SV_eFjHq9W5eLCeJI9","Element":"SQ","PrimaryAttribute":"QID33","SecondaryAttribute":"This is a matrix multiple answer question with choice data export tags and recode values Select t...","TertiaryAttribute":null,"Payload":{"QuestionText":"This is a matrix multiple answer question with choice data export tags and recode values<div><br><\/div><div>Select the ways in which you think you'd enjoy eating the following fruit.<\/div>","DefaultChoices":false,"DataExportTag":"Q33","QuestionType":"Matrix","Selector":"Likert","SubSelector":"MultipleAnswer","Configuration":{"QuestionDescriptionOption":"UseText","TextPosition":"inline","ChoiceColumnWidth":25,"RepeatHeaders":"none","WhiteSpace":"OFF","MobileFirst":true},"QuestionDescription":"This is a matrix multiple answer question with choice data export tags and recode values Select t...","Choices":{"1":{"Display":"Underripe Avocados"},"2":{"Display":"Mushy Bananas"},"3":{"Display":"Yellow Cherry Tomatoes"},"4":{"Display":"A Lump of Dough"}},"ChoiceOrder":[1,2,3,4],"Validation":{"Settings":{"ForceResponse":"OFF","ForceResponseType":"ON","Type":"None"}},"RecodeValues":{"1":"1","2":"10","3":"100"},"GradingData":[],"Language":[],"Answers":{"1":{"Display":"Extra Deep Fried"},"2":{"Display":"Saut\u00e9ed, but kind of badly"},"3":{"Display":"Raw, but with some cayenne pepper on it"}},"AnswerOrder":["1","2","3"],"ChoiceDataExportTags":{"1":"avocados","2":"bananas","3":"cherry_tomatoes","4":"dough_lump"},"QuestionID":"QID33"}},{"SurveyID":"SV_eFjHq9W5eLCeJI9","Element":"SQ","PrimaryAttribute":"QID32","SecondaryAttribute":"This is a matrix multiple answer question with choice data export tags Select the ways in which y...","TertiaryAttribute":null,"Payload":{"QuestionText":"This is a matrix multiple answer question with choice data export tags<div><br><\/div><div>Select the ways in which you think you'd enjoy eating the following fruit.<\/div>","DefaultChoices":false,"DataExportTag":"Q32","QuestionType":"Matrix","Selector":"Likert","SubSelector":"MultipleAnswer","Configuration":{"QuestionDescriptionOption":"UseText","TextPosition":"inline","ChoiceColumnWidth":25,"RepeatHeaders":"none","WhiteSpace":"OFF","MobileFirst":true},"QuestionDescription":"This is a matrix multiple answer question with choice data export tags Select the ways in which y...","Choices":{"1":{"Display":"Underripe Avocados"},"2":{"Display":"Mushy Bananas"},"3":{"Display":"Yellow Cherry Tomatoes"},"4":{"Display":"A Lump of Dough"}},"ChoiceOrder":[1,2,3,4],"Validation":{"Settings":{"ForceResponse":"OFF","ForceResponseType":"ON","Type":"None"}},"GradingData":[],"Language":[],"Answers":{"1":{"Display":"Extra Deep Fried"},"2":{"Display":"Saut\u00e9ed, but kind of badly"},"3":{"Display":"Raw, but with some cayenne pepper on it"}},"AnswerOrder":["1","2","3"],"ChoiceDataExportTags":{"1":"avocados","2":"bananas","3":"cherry_tomatoes","4":"dough_lump"},"QuestionID":"QID32"}},{"SurveyID":"SV_eFjHq9W5eLCeJI9","Element":"SQ","PrimaryAttribute":"QID34","SecondaryAttribute":"This is a matrix multiple answer question with NA options Select the ways in which you think you'...","TertiaryAttribute":null,"Payload":{"QuestionText":"This is a matrix multiple answer question with NA options<div><br><div>Select the ways in which you think you'd enjoy eating the following fruit.<\/div><\/div>","DefaultChoices":false,"DataExportTag":"Q34","QuestionType":"Matrix","Selector":"Likert","SubSelector":"MultipleAnswer","Configuration":{"QuestionDescriptionOption":"UseText","TextPosition":"inline","ChoiceColumnWidth":25,"RepeatHeaders":"none","WhiteSpace":"OFF","MobileFirst":true},"QuestionDescription":"This is a matrix multiple answer question with NA options Select the ways in which you think you'...","Choices":{"1":{"Display":"Underripe Avocados"},"2":{"Display":"Mushy Bananas"},"3":{"Display":"Yellow Cherry Tomatoes"},"4":{"Display":"A Lump of Dough"}},"ChoiceOrder":[1,2,3,4],"Validation":{"Settings":{"ForceResponse":"OFF","ForceResponseType":"ON","Type":"None"}},"RecodeValues":{"1":"1","2":"10","3":"100","4":"-","5":"-2"},"GradingData":[],"Language":[],"Answers":{"1":{"Display":"Extra Deep Fried"},"2":{"Display":"Saut\u00e9ed, but kind of badly"},"3":{"Display":"Raw, but with some cayenne pepper on it"},"4":{"Display":"I've evolved beyond food","ExclusiveAnswer":true},"5":{"Display":"Food is for the weak","ExclusiveAnswer":true}},"AnswerOrder":[1,2,3,4,5],"ChoiceDataExportTags":{"1":"avocados","2":"bananas","3":"cherry_tomatoes","4":"dough_lump"},"QuestionID":"QID34"}},{"SurveyID":"SV_eFjHq9W5eLCeJI9","Element":"SQ","PrimaryAttribute":"QID31","SecondaryAttribute":"This is a matrix multiple answer question with recode values Select the ways in which you think y...","TertiaryAttribute":null,"Payload":{"QuestionText":"This is a matrix multiple answer question with recode values<div><br><\/div><div>Select the ways in which you think you'd enjoy eating the following fruit.<\/div>","DefaultChoices":false,"DataExportTag":"Q31","QuestionType":"Matrix","Selector":"Likert","SubSelector":"MultipleAnswer","Configuration":{"QuestionDescriptionOption":"UseText","TextPosition":"inline","ChoiceColumnWidth":25,"RepeatHeaders":"none","WhiteSpace":"OFF","MobileFirst":true},"QuestionDescription":"This is a matrix multiple answer question with recode values Select the ways in which you think y...","Choices":{"1":{"Display":"Underripe Avocados"},"2":{"Display":"Mushy Bananas"},"3":{"Display":"Yellow Cherry Tomatoes"},"4":{"Display":"A Lump of Dough"}},"ChoiceOrder":[1,2,3,4],"Validation":{"Settings":{"ForceResponse":"OFF","ForceResponseType":"ON","Type":"None"}},"RecodeValues":{"1":"1","2":"10","3":"100"},"GradingData":[],"Language":[],"Answers":{"1":{"Display":"Extra Deep Fried"},"2":{"Display":"Saut\u00e9ed, but kind of badly"},"3":{"Display":"Raw, but with some cayenne pepper on it"}},"AnswerOrder":["1","2","3"],"ChoiceDataExportTags":false,"QuestionID":"QID31"}},{"SurveyID":"SV_eFjHq9W5eLCeJI9","Element":"SQ","PrimaryAttribute":"QID35","SecondaryAttribute":"This is a matrix multiple answer question with text entry Select the ways in which you think you'...","TertiaryAttribute":null,"Payload":{"QuestionText":"This is a matrix multiple answer question with text entry<div><br><div><div>Select the ways in which you think you'd enjoy eating the following fruit.<\/div><\/div><\/div>","DefaultChoices":false,"DataExportTag":"Q35","QuestionType":"Matrix","Selector":"Likert","SubSelector":"MultipleAnswer","Configuration":{"QuestionDescriptionOption":"UseText","TextPosition":"inline","ChoiceColumnWidth":25,"RepeatHeaders":"none","WhiteSpace":"OFF","MobileFirst":true},"QuestionDescription":"This is a matrix multiple answer question with text entry Select the ways in which you think you'...","Choices":{"1":{"Display":"Underripe Avocados"},"2":{"Display":"Mushy Bananas"},"3":{"Display":"Yellow Cherry Tomatoes"},"4":{"Display":"A Lump of Dough"},"5":{"Display":"Put the name of one of your friends below and choose how you think they'd like to be eaten","TextEntry":"true"}},"ChoiceOrder":[1,2,3,4,5],"Validation":{"Settings":{"ForceResponse":"OFF","ForceResponseType":"ON","Type":"None"}},"RecodeValues":{"1":"1","2":"10","3":"100","4":"-1","5":"-2"},"GradingData":[],"Language":[],"Answers":{"1":{"Display":"Extra Deep Fried"},"2":{"Display":"Saut\u00e9ed, but kind of badly"},"3":{"Display":"Raw, but with some cayenne pepper on it"},"4":{"Display":"I've evolved beyond food","ExclusiveAnswer":false},"5":{"Display":"Food is for the weak","ExclusiveAnswer":false}},"AnswerOrder":[1,2,3,4,5],"ChoiceDataExportTags":{"1":"avocados","2":"bananas","3":"cherry_tomatoes","4":"dough_lump","5":"Q35_5"},"QuestionID":"QID35"}},{"SurveyID":"SV_eFjHq9W5eLCeJI9","Element":"SQ","PrimaryAttribute":"QID17","SecondaryAttribute":"This is a matrix single answer question with a data export tag. Rank each fruit on this strange s...","TertiaryAttribute":null,"Payload":{"QuestionText":"This is a matrix single answer question with a data export tag.<div><br><\/div><div>Rank each fruit on this strange scale I've dreamt up.<\/div>","DefaultChoices":false,"DataExportTag":"snozzberries_4_life","QuestionType":"Matrix","Selector":"Likert","SubSelector":"SingleAnswer","Configuration":{"QuestionDescriptionOption":"UseText","TextPosition":"inline","ChoiceColumnWidth":25,"RepeatHeaders":"none","WhiteSpace":"OFF","MobileFirst":true},"QuestionDescription":"This is a matrix single answer question with a data export tag. Rank each fruit on this strange s...","Choices":{"1":{"Display":"Cucumbers"},"2":{"Display":"Pomegranates"},"3":{"Display":"Mango"},"4":{"Display":"Snozzberries"}},"ChoiceOrder":[1,2,3,4],"Validation":{"Settings":{"ForceResponse":"OFF","ForceResponseType":"ON","Type":"None"}},"GradingData":[],"Language":[],"Answers":{"1":{"Display":"They're against my ideology"},"2":{"Display":"I mean, they're not bad"},"3":{"Display":"I have an intimate relationship with this fruit"}},"AnswerOrder":["1","2","3"],"ChoiceDataExportTags":false,"QuestionID":"QID17"}},{"SurveyID":"SV_eFjHq9W5eLCeJI9","Element":"SQ","PrimaryAttribute":"QID24","SecondaryAttribute":"This is a matrix single answer question with choice data export tags and recode values Rank each...","TertiaryAttribute":null,"Payload":{"QuestionText":"This is a matrix single answer question with choice data export tags and recode values<div><br><\/div><div>Rank each fruit on this strange scale I've dreamt up.<\/div>","DefaultChoices":false,"DataExportTag":"Q24","QuestionType":"Matrix","Selector":"Likert","SubSelector":"SingleAnswer","Configuration":{"QuestionDescriptionOption":"UseText","TextPosition":"inline","ChoiceColumnWidth":25,"RepeatHeaders":"none","WhiteSpace":"OFF","MobileFirst":true},"QuestionDescription":"This is a matrix single answer question with choice data export tags and recode values Rank each...","Choices":{"1":{"Display":"Cucumbers"},"2":{"Display":"Pomegranates"},"3":{"Display":"Mango"},"4":{"Display":"Snozzberries"}},"ChoiceOrder":[1,2,3,4],"Validation":{"Settings":{"ForceResponse":"OFF","ForceResponseType":"ON","Type":"None"}},"RecodeValues":{"1":"1","2":"10","3":"100"},"GradingData":[],"Language":[],"Answers":{"1":{"Display":"They're against my ideology"},"2":{"Display":"I mean, they're not bad"},"3":{"Display":"I have an intimate relationship with this fruit"}},"AnswerOrder":["1","2","3"],"ChoiceDataExportTags":{"1":"cucumbers","2":"pomegranates","3":"mangos","4":"snozzberries"},"QuestionID":"QID24"}},{"SurveyID":"SV_eFjHq9W5eLCeJI9","Element":"SQ","PrimaryAttribute":"QID23","SecondaryAttribute":"This is a matrix single answer question with choice data export tags Rank each fruit on this stra...","TertiaryAttribute":null,"Payload":{"QuestionText":"This is a matrix single answer question with choice data export tags<div><br><\/div><div>Rank each fruit on this strange scale I've dreamt up.<\/div>","DefaultChoices":false,"DataExportTag":"Q23","QuestionType":"Matrix","Selector":"Likert","SubSelector":"SingleAnswer","Configuration":{"QuestionDescriptionOption":"UseText","TextPosition":"inline","ChoiceColumnWidth":25,"RepeatHeaders":"none","WhiteSpace":"OFF","MobileFirst":true},"QuestionDescription":"This is a matrix single answer question with choice data export tags Rank each fruit on this stra...","Choices":{"1":{"Display":"Cucumbers"},"2":{"Display":"Pomegranates"},"3":{"Display":"Mango"},"4":{"Display":"Snozzberries"}},"ChoiceOrder":[1,2,3,4],"Validation":{"Settings":{"ForceResponse":"OFF","ForceResponseType":"ON","Type":"None"}},"GradingData":[],"Language":[],"Answers":{"1":{"Display":"They're against my ideology"},"2":{"Display":"I mean, they're not bad"},"3":{"Display":"I have an intimate relationship with this fruit"}},"AnswerOrder":["1","2","3"],"ChoiceDataExportTags":{"1":"cucumbers","2":"pomegranates","3":"mangos","4":"snozzberries"},"QuestionID":"QID23"}},{"SurveyID":"SV_eFjHq9W5eLCeJI9","Element":"SQ","PrimaryAttribute":"QID22","SecondaryAttribute":"This is a matrix single answer question with recode values Rank each fruit on this strange scale...","TertiaryAttribute":null,"Payload":{"QuestionText":"This is a matrix single answer question with recode values<div><br><\/div><div>Rank each fruit on this strange scale I've dreamt up.<\/div>","DefaultChoices":false,"DataExportTag":"Q22","QuestionType":"Matrix","Selector":"Likert","SubSelector":"SingleAnswer","Configuration":{"QuestionDescriptionOption":"UseText","TextPosition":"inline","ChoiceColumnWidth":25,"RepeatHeaders":"none","WhiteSpace":"OFF","MobileFirst":true},"QuestionDescription":"This is a matrix single answer question with recode values Rank each fruit on this strange scale...","Choices":{"1":{"Display":"Cucumbers"},"2":{"Display":"Pomegranates"},"3":{"Display":"Mango"},"4":{"Display":"Snozzberries"}},"ChoiceOrder":[1,2,3,4],"Validation":{"Settings":{"ForceResponse":"OFF","ForceResponseType":"ON","Type":"None"}},"RecodeValues":{"1":"1","2":"10","3":"100"},"GradingData":[],"Language":[],"Answers":{"1":{"Display":"They're against my ideology"},"2":{"Display":"I mean, they're not bad"},"3":{"Display":"I have an intimate relationship with this fruit"}},"AnswerOrder":["1","2","3"],"ChoiceDataExportTags":false,"QuestionID":"QID22"}},{"SurveyID":"SV_eFjHq9W5eLCeJI9","Element":"SQ","PrimaryAttribute":"QID25","SecondaryAttribute":"This is a matrix single answer question with some NA-options Rank each fruit on this strange scal...","TertiaryAttribute":null,"Payload":{"QuestionText":"This is a matrix single answer question with some NA-options<div><br><\/div><div>Rank each fruit on this strange scale I've dreamt up.<\/div>","DefaultChoices":false,"DataExportTag":"Q25","QuestionType":"Matrix","Selector":"Likert","SubSelector":"SingleAnswer","Configuration":{"QuestionDescriptionOption":"UseText","TextPosition":"inline","ChoiceColumnWidth":25,"RepeatHeaders":"none","WhiteSpace":"OFF","MobileFirst":true},"QuestionDescription":"This is a matrix single answer question with some NA-options Rank each fruit on this strange scal...","Choices":{"1":{"Display":"Cucumbers"},"2":{"Display":"Pomegranates"},"3":{"Display":"Mango"},"4":{"Display":"Snozzberries"}},"ChoiceOrder":[1,2,3,4],"Validation":{"Settings":{"ForceResponse":"OFF","ForceResponseType":"ON","Type":"None"}},"RecodeValues":{"1":"1","2":"10","3":"100","4":"-1","5":"-2"},"GradingData":[],"Language":[],"Answers":{"1":{"Display":"They're against my ideology"},"2":{"Display":"I mean, they're not bad"},"3":{"Display":"I have an intimate relationship with this fruit"},"4":{"Display":"I'm unfamiliar with this fruit"},"5":{"Display":"I'm a political objector to agriculture of any kind"}},"AnswerOrder":[1,2,3,4,5],"ChoiceDataExportTags":{"1":"cucumbers","2":"pomegranates","3":"mangos","4":"snozzberries"},"QuestionID":"QID25"}},{"SurveyID":"SV_eFjHq9W5eLCeJI9","Element":"SQ","PrimaryAttribute":"QID26","SecondaryAttribute":"This is a matrix single answer question with some text entry parts Rank each fruit on this strang...","TertiaryAttribute":null,"Payload":{"QuestionText":"This is a matrix single answer question with some text entry parts<div><br><div>Rank each fruit on this strange scale I've dreamt up.<\/div><\/div>","DefaultChoices":false,"DataExportTag":"Q26","QuestionType":"Matrix","Selector":"Likert","SubSelector":"SingleAnswer","Configuration":{"QuestionDescriptionOption":"UseText","TextPosition":"inline","ChoiceColumnWidth":25,"RepeatHeaders":"none","WhiteSpace":"OFF","MobileFirst":true},"QuestionDescription":"This is a matrix single answer question with some text entry parts Rank each fruit on this strang...","Choices":{"1":{"Display":"Cucumbers"},"2":{"Display":"Pomegranates"},"3":{"Display":"Mango"},"4":{"Display":"Snozzberries"},"5":{"Display":"What's your favorite academic subject? <br>Fill in the blank with it, and rate it on this complicated scale for me, bruh.","TextEntry":"true"}},"ChoiceOrder":[1,2,3,4,5],"Validation":{"Settings":{"ForceResponse":"OFF","ForceResponseType":"ON","Type":"None"}},"RecodeValues":{"1":"1","2":"10","3":"100","4":"-1","5":"-2"},"GradingData":[],"Language":[],"Answers":{"1":{"Display":"They're against my ideology"},"2":{"Display":"I mean, they're not bad"},"3":{"Display":"I have an intimate relationship with this fruit"},"4":{"Display":"I'm unfamiliar with this fruit"},"5":{"Display":"I'm a political objector to agriculture of any kind"}},"AnswerOrder":[1,2,3,4,5],"ChoiceDataExportTags":{"1":"cucumbers","2":"pomegranates","3":"mangos","4":"snozzberries","5":"Q26_5"},"QuestionID":"QID26"}},{"SurveyID":"SV_eFjHq9W5eLCeJI9","Element":"SQ","PrimaryAttribute":"QID50","SecondaryAttribute":"This is a matrix text entry question with an additional text entry component. Please describe you...","TertiaryAttribute":null,"Payload":{"QuestionText":"This is a matrix text entry question with an additional text entry component.<br><br>Please describe your thoughts for each of the following combinations.","DefaultChoices":false,"DataExportTag":"Q50","QuestionType":"Matrix","Selector":"TE","SubSelector":"Long","Configuration":{"QuestionDescriptionOption":"UseText","TextPosition":"inline","ChoiceColumnWidth":25,"RepeatHeaders":"none","MobileFirst":true},"QuestionDescription":"This is a matrix text entry question with an additional text entry component. Please describe you...","Choices":{"1":{"Display":"Steampunk"},"2":{"Display":"Fractal"},"3":{"Display":"Deep-fried"},"4":{"Display":"Put the adjective that best describes your worst professor here:","TextEntry":"true"}},"ChoiceOrder":[1,2,3,4],"Validation":{"Settings":{"ForceResponse":"OFF","ForceResponseType":"ON","Type":"None"}},"GradingData":[],"Language":[],"Answers":{"1":{"Display":"Octopus"},"2":{"Display":"Pharmaceutical Drug"},"3":{"Display":"Art"}},"AnswerOrder":["1","2","3"],"ChoiceDataExportTags":false,"QuestionID":"QID50"}},{"SurveyID":"SV_eFjHq9W5eLCeJI9","Element":"SQ","PrimaryAttribute":"QID46","SecondaryAttribute":"This is a matrix text entry question. Please describe your thoughts for each of the following com...","TertiaryAttribute":null,"Payload":{"QuestionText":"This is a matrix text entry question.<br><br>Please describe your thoughts for each of the following combinations.","DefaultChoices":false,"DataExportTag":"Q46","QuestionType":"Matrix","Selector":"TE","SubSelector":"Long","Configuration":{"QuestionDescriptionOption":"UseText","TextPosition":"inline","ChoiceColumnWidth":25,"RepeatHeaders":"none","MobileFirst":true},"QuestionDescription":"This is a matrix text entry question. Please describe your thoughts for each of the following com...","Choices":{"1":{"Display":"Steampunk"},"2":{"Display":"Fractal"},"3":{"Display":"Deep-fried"}},"ChoiceOrder":["1","2","3"],"Validation":{"Settings":{"ForceResponse":"OFF","ForceResponseType":"ON","Type":"None"}},"GradingData":[],"Language":[],"Answers":{"1":{"Display":"Octopus"},"2":{"Display":"Pharmaceutical Drug"},"3":{"Display":"Art"}},"AnswerOrder":["1","2","3"],"ChoiceDataExportTags":false,"QuestionID":"QID46"}},{"SurveyID":"SV_eFjHq9W5eLCeJI9","Element":"SQ","PrimaryAttribute":"QID4","SecondaryAttribute":"This is a mcsa question with a data export tag.\u00a0 What kind of fruit do you like most?","TertiaryAttribute":null,"Payload":{"QuestionText":"This is a mcsa question with a data export tag.&nbsp;<div><br><\/div><div>What kind of fruit do you like most?<\/div>","DataExportTag":"q4_colored_fruit","QuestionType":"MC","Selector":"SAVR","SubSelector":"TX","Configuration":{"QuestionDescriptionOption":"UseText"},"QuestionDescription":"This is a mcsa question with a data export tag.\u00a0 What kind of fruit do you like most?","Choices":{"1":{"Display":"Orange-colored Fruit"},"2":{"Display":"Yellow-colored Fruit"},"3":{"Display":"Pink-colored Fruit"},"4":{"Display":"Blue-colored Fruit"},"5":{"Display":"Any-other-colored Fruit"}},"ChoiceOrder":[1,2,3,4,5],"Validation":{"Settings":{"ForceResponse":"OFF","ForceResponseType":"ON","Type":"None"}},"Language":[],"QuestionID":"QID4"}},{"SurveyID":"SV_eFjHq9W5eLCeJI9","Element":"SQ","PrimaryAttribute":"QID5","SecondaryAttribute":"This is a mcsa question with a recode values.\u00a0 What kind of fruit do you like most?","TertiaryAttribute":null,"Payload":{"QuestionText":"This is a mcsa question with a recode values.&nbsp;<div><br><\/div><div>What kind of fruit do you like most?<\/div>","DataExportTag":"Q5","QuestionType":"MC","Selector":"SAVR","SubSelector":"TX","Configuration":{"QuestionDescriptionOption":"UseText"},"QuestionDescription":"This is a mcsa question with a recode values.\u00a0 What kind of fruit do you like most?","Choices":{"1":{"Display":"Orange-colored Fruit"},"2":{"Display":"Yellow-colored Fruit"},"3":{"Display":"Pink-colored Fruit"},"4":{"Display":"Blue-colored Fruit"},"5":{"Display":"Any-other-colored Fruit"}},"ChoiceOrder":[1,2,3,4,5],"Validation":{"Settings":{"ForceResponse":"OFF","ForceResponseType":"ON","Type":"None"}},"RecodeValues":{"1":"16753920","2":"16776960","3":"16738740","4":"255","5":"1677721500000000"},"Language":[],"QuestionID":"QID5"}},{"SurveyID":"SV_eFjHq9W5eLCeJI9","Element":"SQ","PrimaryAttribute":"QID6","SecondaryAttribute":"This is a mcsa question with a text entry component.\u00a0 What kind of fruit do you like most?","TertiaryAttribute":null,"Payload":{"QuestionText":"This is a mcsa question with a text entry component.&nbsp;<div><br><\/div><div>What kind of fruit do you like most?<\/div>","DataExportTag":"Q6","QuestionType":"MC","Selector":"SAVR","SubSelector":"TX","Configuration":{"QuestionDescriptionOption":"UseText"},"QuestionDescription":"This is a mcsa question with a text entry component.\u00a0 What kind of fruit do you like most?","Choices":{"1":{"Display":"Orange-colored Fruit"},"2":{"Display":"Yellow-colored Fruit"},"3":{"Display":"Pink-colored Fruit"},"4":{"Display":"Blue-colored Fruit"},"5":{"Display":"Other, please specify:","TextEntry":"true"}},"ChoiceOrder":[1,2,3,4,5],"Validation":{"Settings":{"ForceResponse":"OFF","ForceResponseType":"ON","Type":"None"}},"RecodeValues":{"1":"16753920","2":"16776960","3":"16738740","4":"255","5":"1677721500000000"},"Language":[],"QuestionID":"QID6"}},{"SurveyID":"SV_eFjHq9W5eLCeJI9","Element":"SQ","PrimaryAttribute":"QID7","SecondaryAttribute":"This is a mcsa question with multiple text entry components. What kind of fruit do you like most?","TertiaryAttribute":null,"Payload":{"QuestionText":"This is a mcsa question with multiple text entry components. What kind of fruit do you like most?","DataExportTag":"Q7","QuestionType":"MC","Selector":"SAVR","SubSelector":"TX","Configuration":{"QuestionDescriptionOption":"UseText"},"QuestionDescription":"This is a mcsa question with multiple text entry components. What kind of fruit do you like most?","Choices":{"1":{"Display":"Orange-colored Fruit"},"2":{"Display":"Yellow-colored Fruit"},"3":{"Display":"Pink-colored Fruit","TextEntry":"true"},"4":{"Display":"Blue-colored Fruit","TextEntry":"true"},"5":{"Display":"Other, please specify:","TextEntry":"true"}},"ChoiceOrder":[1,2,3,4,5],"Validation":{"Settings":{"ForceResponse":"OFF","ForceResponseType":"ON","Type":"None"}},"RecodeValues":{"1":"16753920","2":"16776960","3":"16738740","4":"255","5":"1677721500000000"},"Language":[],"QuestionID":"QID7"}},{"SurveyID":"SV_eFjHq9W5eLCeJI9","Element":"SQ","PrimaryAttribute":"QID3","SecondaryAttribute":"This is a minimal mcsa question.\u00a0 What kind of fruit do you like most?","TertiaryAttribute":null,"Payload":{"QuestionText":"This is a minimal mcsa question.&nbsp;<div><br><\/div><div>What kind of fruit do you like most?<\/div>","DataExportTag":"Q3","QuestionType":"MC","Selector":"SAVR","SubSelector":"TX","Configuration":{"QuestionDescriptionOption":"UseText"},"QuestionDescription":"This is a minimal mcsa question.\u00a0 What kind of fruit do you like most?","Choices":{"1":{"Display":"Fruit"}},"ChoiceOrder":[1],"Validation":{"Settings":{"ForceResponse":"OFF","ForceResponseType":"ON","Type":"None"}},"Language":[],"QuestionID":"QID3"}},{"SurveyID":"SV_eFjHq9W5eLCeJI9","Element":"SQ","PrimaryAttribute":"QID12","SecondaryAttribute":"This is a minimal multiple choice multiple answer question. Do you eat inedible things from time...","TertiaryAttribute":null,"Payload":{"QuestionText":"This is a minimal multiple choice multiple answer question.<div><br><\/div><div>Do you eat inedible things from time to time??<\/div>","DataExportTag":"Q12","QuestionType":"MC","Selector":"MAVR","SubSelector":"TX","Configuration":{"QuestionDescriptionOption":"UseText"},"QuestionDescription":"This is a minimal multiple choice multiple answer question. Do you eat inedible things from time...","Choices":{"1":{"Display":"Yes"}},"ChoiceOrder":[1],"Validation":{"Settings":{"ForceResponse":"OFF","ForceResponseType":"ON","Type":"None"}},"Language":[],"QuestionID":"QID12"}},{"SurveyID":"SV_eFjHq9W5eLCeJI9","Element":"SQ","PrimaryAttribute":"QID43","SecondaryAttribute":"This is a minimal side-by-side question. For each animal, rate your appreciation for GIFs depicti...","TertiaryAttribute":null,"Payload":{"QuestionText":"This is a minimal side-by-side question.<div><br><\/div><div>For each animal, rate your appreciation for GIFs depicting it and which patterns you think would look cool on it<\/div>","DefaultChoices":false,"DataExportTag":"Q43","QuestionType":"SBS","Selector":"SBSMatrix","Configuration":{"QuestionDescriptionOption":"UseText","RepeatHeaders":"none"},"QuestionDescription":"This is a minimal side-by-side question. For each animal, rate your appreciation for GIFs depicti...","Choices":{"1":{"Display":"Red Pandas"},"2":{"Display":"Baby Hippos"},"3":{"Display":"Meerkats"},"4":{"Display":"Tiny Exotic Rainforest Frogs"}},"ChoiceOrder":[1,2,3,4],"Validation":{"Settings":{"ForceResponse":"OFF","Type":"None"}},"GradingData":[],"Language":[],"NumberOfQuestions":2,"AdditionalQuestions":{"1":{"QuestionText":"How much do you like GIFs of this creature?","Answers":{"1":{"Display":"I do or do not have an opinion"}},"RecodeValues":[],"VariableNaming":[],"AnalyzeChoices":[],"QuestionType":"Matrix","Selector":"Likert","SubSelector":"SingleAnswer","ChoiceColumnWidthPixels":null,"DataExportTag":"Q43#1","Choices":{"1":{"Display":"Red Pandas"},"2":{"Display":"Baby Hippos"},"3":{"Display":"Meerkats"},"4":{"Display":"Tiny Exotic Rainforest Frogs"}},"ChoiceDataExportTags":false,"Validation":{"Settings":{"ForceResponse":"OFF","Type":"None"}},"QuestionDescription":"How much do you like GIFs of this creature?","Configuration":{"QuestionDescriptionOption":"UseText"},"QuestionID":"QID43#1"},"2":{"QuestionText":"Which patterns would be cool on this creature?","Answers":{"1":{"Display":"There is or is not a pattern that would look cool on it"}},"RecodeValues":[],"VariableNaming":[],"AnalyzeChoices":[],"QuestionType":"Matrix","Selector":"Likert","SubSelector":"MultipleAnswer","ChoiceColumnWidthPixels":null,"DataExportTag":"Q43#2","Choices":{"1":{"Display":"Red Pandas"},"2":{"Display":"Baby Hippos"},"3":{"Display":"Meerkats"},"4":{"Display":"Tiny Exotic Rainforest Frogs"}},"ChoiceDataExportTags":false,"Validation":{"Settings":{"ForceResponse":"OFF","Type":"None"}},"QuestionDescription":"Which patterns would be cool on this creature?","Configuration":{"QuestionDescriptionOption":"UseText"},"QuestionID":"QID43#2"}},"ChoiceDataExportTags":false,"QuestionID":"QID43"}},{"SurveyID":"SV_eFjHq9W5eLCeJI9","Element":"SQ","PrimaryAttribute":"QID21","SecondaryAttribute":"This is a multiple choice multi-select box question Which foods do you think you could convince y...","TertiaryAttribute":null,"Payload":{"QuestionText":"This is a multiple choice multi-select box question<div><br><\/div><div>Which foods do you think you could convince your family relatives to eat at a reunion?<\/div>","DataExportTag":"Q21","QuestionType":"MC","Selector":"MAVR","Configuration":{"QuestionDescriptionOption":"UseText"},"QuestionDescription":"This is a multiple choice multi-select box question Which foods do you think you could convince y...","Choices":{"1":{"Display":"Kale"},"2":{"Display":"Kale chips"},"3":{"Display":"Swiss Chard"},"4":{"Display":"Fancy cheese"},"5":{"Display":"Chocolate with &gt;80% cocoa"},"6":{"Display":"Straight tomato paste"}},"ChoiceOrder":[1,2,3,4,5,6],"Validation":{"Settings":{"ForceResponse":"OFF","ForceResponseType":"ON","Type":"None"}},"Language":[],"QuestionID":"QID21","SubSelector":"TX"}},{"SurveyID":"SV_eFjHq9W5eLCeJI9","Element":"SQ","PrimaryAttribute":"QID13","SecondaryAttribute":"This is a multiple choice multiple answer question with a data export tag. Which foods do you thi...","TertiaryAttribute":null,"Payload":{"QuestionText":"This is a multiple choice multiple answer question with a data export tag.<div><br><\/div><div>Which foods do you think you could convince your family relatives to eat at a reunion?<\/div>","DataExportTag":"q13_family_food","QuestionType":"MC","Selector":"MAVR","SubSelector":"TX","Configuration":{"QuestionDescriptionOption":"UseText"},"QuestionDescription":"This is a multiple choice multiple answer question with a data export tag. Which foods do you thi...","Choices":{"1":{"Display":"Kale"},"2":{"Display":"Kale chips"},"3":{"Display":"Swiss Chard"},"4":{"Display":"Fancy cheese"},"5":{"Display":"Chocolate with &gt;80% cocoa"},"6":{"Display":"Straight tomato paste"}},"ChoiceOrder":[1,2,3,4,5,6],"Validation":{"Settings":{"ForceResponse":"OFF","ForceResponseType":"ON","Type":"None"}},"Language":[],"QuestionID":"QID13"}},{"SurveyID":"SV_eFjHq9W5eLCeJI9","Element":"SQ","PrimaryAttribute":"QID15","SecondaryAttribute":"This is a multiple choice multiple answer question with recode values and an NA-option. Which foo...","TertiaryAttribute":null,"Payload":{"QuestionText":"This is a multiple choice multiple answer question with recode values and an NA-option.<div><br><\/div><div>Which foods do you think you could convince your family relatives to eat at a reunion?<\/div>","DataExportTag":"Q15","QuestionType":"MC","Selector":"MAVR","SubSelector":"TX","Configuration":{"QuestionDescriptionOption":"UseText"},"QuestionDescription":"This is a multiple choice multiple answer question with recode values and an NA-option. Which foo...","Choices":{"1":{"Display":"Kale"},"2":{"Display":"Kale chips"},"3":{"Display":"Swiss Chard"},"4":{"Display":"Fancy cheese"},"5":{"Display":"Chocolate with &gt;80% cocoa"},"6":{"Display":"Straight tomato paste"},"7":{"Display":"NA - My family is full of fruitarians<br \/>\n<br \/>\n(<em>Really though<\/em>, the fruitarians should be eating the tomato paste.)"}},"ChoiceOrder":[1,2,3,4,5,6,7],"Validation":{"Settings":{"ForceResponse":"OFF","ForceResponseType":"ON","Type":"None"}},"RecodeValues":{"1":"130","2":"50","3":"7","4":"113","5":"155","6":"139","7":"-1"},"Language":[],"QuestionID":"QID15"}},{"SurveyID":"SV_eFjHq9W5eLCeJI9","Element":"SQ","PrimaryAttribute":"QID16","SecondaryAttribute":"This is a multiple choice multiple answer question with recode values and an NA-option. Which foo...","TertiaryAttribute":null,"Payload":{"QuestionText":"This is a multiple choice multiple answer question with recode values and an NA-option.<div><br><\/div><div>Which foods do you think you could convince your family relatives to eat at a reunion?<\/div>","DataExportTag":"Q16","QuestionType":"MC","Selector":"MAVR","SubSelector":"TX","Configuration":{"QuestionDescriptionOption":"UseText"},"QuestionDescription":"This is a multiple choice multiple answer question with recode values and an NA-option. Which foo...","Choices":{"1":{"Display":"Kale"},"2":{"Display":"Kale chips"},"3":{"Display":"Swiss Chard"},"4":{"Display":"Fancy cheese"},"5":{"Display":"Chocolate with &gt;80% cocoa"},"6":{"Display":"Straight tomato paste"},"7":{"Display":"NA - My family is full of fruitarians<br>\n<br>\n(<em>Really though<\/em>, the fruitarians should be eating the tomato paste.)"},"8":{"Display":"NA - I want to tell you about the specific ways in which my family is so incredibly uncool.","TextEntry":"true","TextEntrySize":"Large"}},"ChoiceOrder":[1,2,3,4,5,6,7,8],"Validation":{"Settings":{"ForceResponse":"OFF","ForceResponseType":"ON","Type":"None"}},"RecodeValues":{"1":"130","2":"50","3":"7","4":"113","5":"155","6":"139","7":"-1","8":"-2"},"Language":[],"QuestionID":"QID16"}},{"SurveyID":"SV_eFjHq9W5eLCeJI9","Element":"SQ","PrimaryAttribute":"QID14","SecondaryAttribute":"This is a multiple choice multiple answer question with recode values Which foods do you think yo...","TertiaryAttribute":null,"Payload":{"QuestionText":"This is a multiple choice multiple answer question with recode values<div><br><\/div><div>Which foods do you think you could convince your family relatives to eat at a reunion?<\/div>","DataExportTag":"Q14","QuestionType":"MC","Selector":"MAVR","SubSelector":"TX","Configuration":{"QuestionDescriptionOption":"UseText"},"QuestionDescription":"This is a multiple choice multiple answer question with recode values Which foods do you think yo...","Choices":{"1":{"Display":"Kale"},"2":{"Display":"Kale chips"},"3":{"Display":"Swiss Chard"},"4":{"Display":"Fancy cheese"},"5":{"Display":"Chocolate with &gt;80% cocoa"},"6":{"Display":"Straight tomato paste"}},"ChoiceOrder":[1,2,3,4,5,6],"Validation":{"Settings":{"ForceResponse":"OFF","ForceResponseType":"ON","Type":"None"}},"Language":[],"QuestionID":"QID14","RecodeValues":{"1":"130","2":"50","3":"7","4":"113","5":"155","6":"139"}}},{"SurveyID":"SV_eFjHq9W5eLCeJI9","Element":"SQ","PrimaryAttribute":"QID29","SecondaryAttribute":"This is a plain matrix multiple answer question. Select the ways in which you think you'd enjoy e...","TertiaryAttribute":null,"Payload":{"QuestionText":"This is a plain matrix multiple answer question.<div><br><\/div><div>Select the ways in which you think you'd enjoy eating the following fruit.<\/div>","DefaultChoices":false,"DataExportTag":"Q29","QuestionType":"Matrix","Selector":"Likert","SubSelector":"MultipleAnswer","Configuration":{"QuestionDescriptionOption":"UseText","TextPosition":"inline","ChoiceColumnWidth":25,"RepeatHeaders":"none","WhiteSpace":"OFF","MobileFirst":true},"QuestionDescription":"This is a plain matrix multiple answer question. Select the ways in which you think you'd enjoy e...","Choices":{"1":{"Display":"Underripe Avocados"},"2":{"Display":"Mushy Bananas"},"3":{"Display":"Yellow Cherry Tomatoes"},"4":{"Display":"A Lump of Dough"}},"ChoiceOrder":[1,2,3,4],"Validation":{"Settings":{"ForceResponse":"OFF","ForceResponseType":"ON","Type":"None"}},"GradingData":[],"Language":[],"Answers":{"1":{"Display":"Extra Deep Fried"},"2":{"Display":"Saut\u00e9ed, but kind of badly"},"3":{"Display":"Raw, but with some cayenne pepper on it"}},"AnswerOrder":["1","2","3"],"ChoiceDataExportTags":false,"QuestionID":"QID29"}},{"SurveyID":"SV_eFjHq9W5eLCeJI9","Element":"SQ","PrimaryAttribute":"QID8","SecondaryAttribute":"This is a plain matrix single answer question.\u00a0 Rank each fruit on this strange scale I've dreamt..","TertiaryAttribute":null,"Payload":{"QuestionText":"This is a plain matrix single answer question.&nbsp;<div><br><\/div><div>Rank each fruit on this strange scale I've dreamt up.<\/div>","DefaultChoices":false,"DataExportTag":"Q8","QuestionType":"Matrix","Selector":"Likert","SubSelector":"SingleAnswer","Configuration":{"QuestionDescriptionOption":"UseText","TextPosition":"inline","ChoiceColumnWidth":25,"RepeatHeaders":"none","WhiteSpace":"OFF","MobileFirst":true},"QuestionDescription":"This is a plain matrix single answer question.\u00a0 Rank each fruit on this strange scale I've dreamt...","Choices":{"1":{"Display":"Cucumbers"},"2":{"Display":"Pomegranates"},"3":{"Display":"Mango"},"4":{"Display":"Snozzberries"}},"ChoiceOrder":[1,2,3,4],"Validation":{"Settings":{"ForceResponse":"OFF","ForceResponseType":"ON","Type":"None"}},"GradingData":[],"Language":[],"Answers":{"1":{"Display":"They're against my ideology"},"2":{"Display":"I mean, they're not bad"},"3":{"Display":"I have an intimate relationship with this fruit"}},"AnswerOrder":["1","2","3"],"ChoiceDataExportTags":false,"QuestionID":"QID8"}},{"SurveyID":"SV_eFjHq9W5eLCeJI9","Element":"SQ","PrimaryAttribute":"QID2","SecondaryAttribute":"This is a plain mcsa question.\u00a0 What kind of fruit do you like most?","TertiaryAttribute":null,"Payload":{"QuestionText":"This is a plain mcsa question.&nbsp;<div><br><\/div><div>What kind of fruit do you like most?<\/div>","DataExportTag":"Q2","QuestionType":"MC","Selector":"SAVR","SubSelector":"TX","Configuration":{"QuestionDescriptionOption":"UseText"},"QuestionDescription":"This is a plain mcsa question.\u00a0 What kind of fruit do you like most?","Choices":{"1":{"Display":"Fruit with small seeds"},"2":{"Display":"Fruit with large seeds"},"3":{"Display":"Specifically, stone-fruit"},"4":{"Display":"What about pomegranates?"},"5":{"Display":"I think tomatoes are technically fruit"},"6":{"Display":"Are cucumber fruit, then? I'm not sure"},"7":{"Display":"Postmodernism, it'll getcha, man..."}},"ChoiceOrder":["1","2","3","4","5","6","7"],"Validation":{"Settings":{"ForceResponse":"OFF","ForceResponseType":"ON","Type":"None"}},"Language":[],"QuestionID":"QID2"}},{"SurveyID":"SV_eFjHq9W5eLCeJI9","Element":"SQ","PrimaryAttribute":"QID10","SecondaryAttribute":"This is a plain mcsa question.\u00a0 What kind of fruit do you like most?","TertiaryAttribute":null,"Payload":{"QuestionText":"This is a plain mcsa question.&nbsp;<div><br><\/div><div>What kind of fruit do you like most?<\/div>","DataExportTag":"Q10","QuestionType":"MC","Selector":"DL","Configuration":{"QuestionDescriptionOption":"UseText"},"QuestionDescription":"This is a plain mcsa question.\u00a0 What kind of fruit do you like most?","Choices":{"1":{"Display":"Fruit with small seeds"},"2":{"Display":"Fruit with large seeds"},"3":{"Display":"Specifically, stone-fruit"},"4":{"Display":"What about pomegranates?"},"5":{"Display":"I think tomatoes are technically fruit"},"6":{"Display":"Are cucumber fruit, then? I'm not sure"},"7":{"Display":"Postmodernism, it'll getcha, man..."}},"ChoiceOrder":["1","2","3","4","5","6","7"],"Validation":{"Settings":{"ForceResponse":"OFF","ForceResponseType":"ON","Type":"None"}},"Language":[],"QuestionID":"QID10"}},{"SurveyID":"SV_eFjHq9W5eLCeJI9","Element":"SQ","PrimaryAttribute":"QID11","SecondaryAttribute":"This is a plain mcsa question.\u00a0 What kind of fruit do you like most?","TertiaryAttribute":null,"Payload":{"QuestionText":"This is a plain mcsa question.&nbsp;<div><br><\/div><div>What kind of fruit do you like most?<\/div>","DataExportTag":"Q11","QuestionType":"MC","Selector":"SB","Configuration":{"QuestionDescriptionOption":"UseText"},"QuestionDescription":"This is a plain mcsa question.\u00a0 What kind of fruit do you like most?","Choices":{"1":{"Display":"Fruit with small seeds"},"2":{"Display":"Fruit with large seeds"},"3":{"Display":"Specifically, stone-fruit"},"4":{"Display":"What about pomegranates?"},"5":{"Display":"I think tomatoes are technically fruit"},"6":{"Display":"Are cucumber fruit, then? I'm not sure"},"7":{"Display":"Postmodernism, it'll getcha, man..."}},"ChoiceOrder":["1","2","3","4","5","6","7"],"Validation":{"Settings":{"ForceResponse":"OFF","ForceResponseType":"ON","Type":"None"}},"Language":[],"QuestionID":"QID11"}},{"SurveyID":"SV_eFjHq9W5eLCeJI9","Element":"SQ","PrimaryAttribute":"QID9","SecondaryAttribute":"This is a plain multiple choice multiple answer question. Which foods do you think you could conv...","TertiaryAttribute":null,"Payload":{"QuestionText":"This is a plain multiple choice multiple answer question.<div><br><\/div><div>Which foods do you think you could convince your family relatives to eat at a reunion?<\/div>","DataExportTag":"Q9","QuestionType":"MC","Selector":"MAVR","SubSelector":"TX","Configuration":{"QuestionDescriptionOption":"UseText"},"QuestionDescription":"This is a plain multiple choice multiple answer question. Which foods do you think you could conv...","Choices":{"1":{"Display":"Kale"},"2":{"Display":"Kale chips"},"3":{"Display":"Swiss Chard"},"4":{"Display":"Fancy cheese"},"5":{"Display":"Chocolate with &gt;80% cocoa"},"6":{"Display":"Straight tomato paste"}},"ChoiceOrder":[1,2,3,4,5,6],"Validation":{"Settings":{"ForceResponse":"OFF","ForceResponseType":"ON","Type":"None"}},"Language":[],"QuestionID":"QID9"}},{"SurveyID":"SV_eFjHq9W5eLCeJI9","Element":"SQ","PrimaryAttribute":"QID47","SecondaryAttribute":"This is a plain text entry question. Thoughts on sharks?","TertiaryAttribute":null,"Payload":{"QuestionText":"This is a plain text entry question.<br><br>Thoughts on sharks?","DefaultChoices":false,"DataExportTag":"Q47","QuestionType":"TE","Selector":"SL","Configuration":{"QuestionDescriptionOption":"UseText"},"QuestionDescription":"This is a plain text entry question. Thoughts on sharks?","Validation":{"Settings":{"ForceResponse":"OFF","ForceResponseType":"ON","Type":"None"}},"GradingData":[],"Language":[],"QuestionID":"QID47"}},{"SurveyID":"SV_eFjHq9W5eLCeJI9","Element":"SQ","PrimaryAttribute":"QID49","SecondaryAttribute":"This is a plain text entry question. Thoughts on sharks?","TertiaryAttribute":null,"Payload":{"QuestionText":"This is a plain text entry question.<br><br>Thoughts on sharks?","DefaultChoices":false,"DataExportTag":"Q49","QuestionType":"TE","Selector":"SL","Configuration":{"QuestionDescriptionOption":"UseText"},"QuestionDescription":"This is a plain text entry question. Thoughts on sharks?","Validation":{"Settings":{"ForceResponse":"OFF","ForceResponseType":"ON","Type":"None"}},"GradingData":[],"Language":[],"QuestionID":"QID49"}},{"SurveyID":"SV_eFjHq9W5eLCeJI9","Element":"SQ","PrimaryAttribute":"QID41","SecondaryAttribute":"This is a single-answer and multiple answer side-by-side question. For each animal, rate your app...","TertiaryAttribute":null,"Payload":{"QuestionText":"This is a single-answer and multiple answer side-by-side question.<div><br><\/div><div>For each animal, rate your appreciation for GIFs depicting it and which patterns you think would look cool on it<\/div>","DefaultChoices":false,"DataExportTag":"Q41","QuestionType":"SBS","Selector":"SBSMatrix","Configuration":{"QuestionDescriptionOption":"UseText","RepeatHeaders":"none"},"QuestionDescription":"This is a single-answer and multiple answer side-by-side question. For each animal, rate your app...","Choices":{"1":{"Display":"Red Pandas"},"2":{"Display":"Baby Hippos"},"3":{"Display":"Meerkats"},"4":{"Display":"Tiny Exotic Rainforest Frogs"}},"ChoiceOrder":[1,2,3,4],"Validation":{"Settings":{"ForceResponse":"OFF","Type":"None"}},"GradingData":[],"Language":[],"NumberOfQuestions":2,"AdditionalQuestions":{"1":{"QuestionText":"How much do you like GIFs of this creature?","Answers":{"1":{"Display":"Ewww, gross"},"2":{"Display":"I'd rather see it in person"},"3":{"Display":"Omg, like you don't even know"}},"RecodeValues":[],"VariableNaming":[],"AnalyzeChoices":[],"QuestionType":"Matrix","Selector":"Likert","SubSelector":"SingleAnswer","ChoiceColumnWidthPixels":null,"DataExportTag":"Q41#1","Choices":{"1":{"Display":"Red Pandas"},"2":{"Display":"Baby Hippos"},"3":{"Display":"Meerkats"},"4":{"Display":"Tiny Exotic Rainforest Frogs"}},"ChoiceDataExportTags":false,"Validation":{"Settings":{"ForceResponse":"OFF","Type":"None"}},"QuestionDescription":"How much do you like GIFs of this creature?","Configuration":{"QuestionDescriptionOption":"UseText"},"QuestionID":"QID41#1"},"2":{"QuestionText":"Which patterns would be cool on this creature?","Answers":{"1":{"Display":"Paisley"},"2":{"Display":"Stripes"},"3":{"Display":"Swirls"},"4":{"Display":"Polkadots"},"5":{"Display":"Fractals"}},"RecodeValues":[],"VariableNaming":[],"AnalyzeChoices":[],"QuestionType":"Matrix","Selector":"Likert","SubSelector":"MultipleAnswer","ChoiceColumnWidthPixels":null,"DataExportTag":"Q41#2","Choices":{"1":{"Display":"Red Pandas"},"2":{"Display":"Baby Hippos"},"3":{"Display":"Meerkats"},"4":{"Display":"Tiny Exotic Rainforest Frogs"}},"ChoiceDataExportTags":false,"Validation":{"Settings":{"ForceResponse":"OFF","Type":"None"}},"QuestionDescription":"Which patterns would be cool on this creature?","Configuration":{"QuestionDescriptionOption":"UseText"},"QuestionID":"QID41#2"}},"ChoiceDataExportTags":false,"QuestionID":"QID41"}},{"SurveyID":"SV_eFjHq9W5eLCeJI9","Element":"SQ","PrimaryAttribute":"QID48","SecondaryAttribute":"This is a text entry question with a data export tag. How about them jellyfish, though?","TertiaryAttribute":null,"Payload":{"QuestionText":"This is a text entry question with a data export tag.<br><br>How about them jellyfish, though?","DefaultChoices":false,"DataExportTag":"q48_jellyfish_though","QuestionType":"TE","Selector":"SL","Configuration":{"QuestionDescriptionOption":"UseText"},"QuestionDescription":"This is a text entry question with a data export tag. How about them jellyfish, though?","Validation":{"Settings":{"ForceResponse":"OFF","ForceResponseType":"ON","Type":"None"}},"GradingData":[],"Language":[],"QuestionID":"QID48"}},{"SurveyID":"SV_eFjHq9W5eLCeJI9","Element":"SQ","PrimaryAttribute":"QID20","SecondaryAttribute":"This is a vertically minimal matrix single answer question.\u00a0 Rank the following activities on thi..","TertiaryAttribute":null,"Payload":{"QuestionText":"This is a vertically minimal matrix single answer question.&nbsp;<div><br><\/div><div>Rank the following activities on this strange scale I've dreamt up.<\/div>","DefaultChoices":false,"DataExportTag":"Q20","QuestionType":"Matrix","Selector":"Likert","SubSelector":"SingleAnswer","Configuration":{"QuestionDescriptionOption":"UseText","TextPosition":"inline","ChoiceColumnWidth":25,"RepeatHeaders":"none","WhiteSpace":"OFF","MobileFirst":true},"QuestionDescription":"This is a vertically minimal matrix single answer question.\u00a0 Rank the following activities on thi...","Choices":{"1":{"Display":"experiencing life, and occasionally reflecting on it"}},"ChoiceOrder":[1],"Validation":{"Settings":{"ForceResponse":"OFF","ForceResponseType":"ON","Type":"None"}},"GradingData":[],"Language":[],"Answers":{"1":{"Display":"They're against my ideology"},"2":{"Display":"I mean, they're not bad"},"3":{"Display":"I have a fetishized relationship with these activities"}},"AnswerOrder":["1","2","3"],"ChoiceDataExportTags":false,"QuestionID":"QID20"}},{"SurveyID":"SV_eFjHq9W5eLCeJI9","Element":"SQ","PrimaryAttribute":"QID1","SecondaryAttribute":"This sample survey is purely for detailing different types and structures of questions. There w","TertiaryAttribute":null,"Payload":{"QuestionText":"This sample survey is purely for detailing different types and structures of questions.&nbsp;<div><br><\/div><div># There will be a block for each question type of interest:<br>- mcsa<\/div><div>- mcma<\/div><div>- matrix-sa<\/div><div>- matrix-ma<\/div><div>- matrix-text-entry<\/div><div>- side-by-sides<\/div><div>- text-entry<\/div><div><br><\/div><div># For each question type, there should be the following variations when possible:<\/div><div>- plain<\/div><div>- minimal<\/div><div>- with data export tag<\/div><div>- with recode values&nbsp;<\/div><div>- with choice data export tags&nbsp;<\/div><div>- with recode values and choice data export tags&nbsp;<\/div><div>- with text entry&nbsp;<\/div>","DefaultChoices":false,"DataExportTag":"Q1","QuestionType":"DB","Selector":"TB","Configuration":{"QuestionDescriptionOption":"SpecifyLabel"},"QuestionDescription":"This sample survey is purely for detailing different types and structures of questions. There w","ChoiceOrder":[],"Validation":{"Settings":{"Type":"None"}},"GradingData":[],"Language":[],"QuestionID":"QID1"}}]}