{"SurveyEntry":{"SurveyID":"SV_0OPrrLPGRIffqZf","SurveyName":"Choice Text from Response Columns","SurveyDescription":null,"SurveyOwnerID":"UR_8kzO7vEaBPWnAB7","SurveyBrandID":"tufts","DivisionID":null,"SurveyLanguage":"EN","SurveyActiveResponseSet":"RS_3dwLgmzpscOJhqJ","SurveyStatus":"Inactive","SurveyStartDate":"0000-00-00 00:00:00","SurveyExpirationDate":"0000-00-00 00:00:00","SurveyCreationDate":"2016-06-15 13:30:17","CreatorID":"UR_8kzO7vEaBPWnAB7","LastModified":"2016-06-15 13:33:40","LastAccessed":"0000-00-00 00:00:00","LastActivated":"0000-00-00 00:00:00","Deleted":null},"SurveyElements":[{"SurveyID":"SV_0OPrrLPGRIffqZf","Element":"BL","PrimaryAttribute":"Survey Blocks","SecondaryAttribute":null,"TertiaryAttribute":null,"Payload":[{"Type":"Default","Description":"Default Question Block","ID":"BL_00WFQcpNCGsCQGF","BlockElements":[{"Type":"Question","QuestionID":"QID1"},{"Type":"Question","QuestionID":"QID5"},{"Type":"Question","QuestionID":"QID3"},{"Type":"Question","QuestionID":"QID4"}]},{"Type":"Trash","Description":"Trash \/ Unused Questions","ID":"BL_eQyoAUQC1hEA0oB","BlockElements":[{"Type":"Question","QuestionID":"QID2"}]}]},{"SurveyID":"SV_0OPrrLPGRIffqZf","Element":"FL","PrimaryAttribute":"Survey Flow","SecondaryAttribute":null,"TertiaryAttribute":null,"Payload":{"Flow":[{"ID":"BL_00WFQcpNCGsCQGF","Type":"Block","FlowID":"FL_2"}],"Properties":{"Count":2},"FlowID":"FL_1","Type":"Root"}},{"SurveyID":"SV_0OPrrLPGRIffqZf","Element":"SO","PrimaryAttribute":"Survey Options","SecondaryAttribute":null,"TertiaryAttribute":null,"Payload":{"BackButton":"false","SaveAndContinue":"true","SurveyProtection":"PublicSurvey","BallotBoxStuffingPrevention":"false","NoIndex":"Yes","SecureResponseFiles":"true","SurveyExpiration":"None","SurveyTermination":"DefaultMessage","Header":"","Footer":"","ProgressBarDisplay":"None","PartialData":"+1 week","ValidationMessage":"","PreviousButton":"  <<  ","NextButton":"  >>  ","SkinLibrary":"tufts","SkinType":"MQ","Skin":"tufts1","NewScoring":1}},{"SurveyID":"SV_0OPrrLPGRIffqZf","Element":"SCO","PrimaryAttribute":"Scoring","SecondaryAttribute":null,"TertiaryAttribute":null,"Payload":{"ScoringCategories":[],"ScoringCategoryGroups":[],"ScoringSummaryCategory":null,"ScoringSummaryAfterQuestions":0,"ScoringSummaryAfterSurvey":0,"DefaultScoringCategory":null,"AutoScoringCategory":null}},{"SurveyID":"SV_0OPrrLPGRIffqZf","Element":"STAT","PrimaryAttribute":"Survey Statistics","SecondaryAttribute":null,"TertiaryAttribute":null,"Payload":{"MobileCompatible":false,"ID":"Survey Statistics"}},{"SurveyID":"SV_0OPrrLPGRIffqZf","Element":"QC","PrimaryAttribute":"Survey Question Count","SecondaryAttribute":"5","TertiaryAttribute":null,"Payload":null},{"SurveyID":"SV_0OPrrLPGRIffqZf","Element":"SQ","PrimaryAttribute":"QID2","SecondaryAttribute":"Click to write the question text","TertiaryAttribute":null,"Payload":{"QuestionText":"Click to write the question text","DataExportTag":"Q2","QuestionType":"MC","Selector":"SAVR","SubSelector":"TX","Configuration":{"QuestionDescriptionOption":"UseText"},"QuestionDescription":"Click to write the question text","Choices":{"1":{"Display":"Click to write Choice 1"},"2":{"Display":"Click to write Choice 2"},"3":{"Display":"Click to write Choice 3"}},"ChoiceOrder":["1","2","3"],"Validation":{"Settings":{"ForceResponse":"OFF","ForceResponseType":"ON","Type":"None"}},"Language":[],"QuestionID":"QID2"}},{"SurveyID":"SV_0OPrrLPGRIffqZf","Element":"RS","PrimaryAttribute":"RS_3dwLgmzpscOJhqJ","SecondaryAttribute":"Default Response Set","TertiaryAttribute":null,"Payload":null},{"SurveyID":"SV_0OPrrLPGRIffqZf","Element":"SQ","PrimaryAttribute":"QID4","SecondaryAttribute":"this is an-html table as a question please-dear-god-no please - never use this this is -- unnecss...","TertiaryAttribute":null,"Payload":{"QuestionText":"<table border=\"1\" cellpadding=\"1\" cellspacing=\"1\" style=\"width:500px;\">\n\t<tbody>\n\t\t<tr>\n\t\t\t<td>this is an-html<\/td>\n\t\t\t<td>table<\/td>\n\t\t<\/tr>\n\t\t<tr>\n\t\t\t<td>as a question<\/td>\n\t\t\t<td>please-dear-god-no<\/td>\n\t\t<\/tr>\n\t\t<tr>\n\t\t\t<td>please - never use this<\/td>\n\t\t\t<td>this is -- unnecssary!<\/td>\n\t\t<\/tr>\n\t<\/tbody>\n<\/table>","DefaultChoices":false,"DataExportTag":"Q4","QuestionType":"Matrix","Selector":"Likert","SubSelector":"SingleAnswer","Configuration":{"QuestionDescriptionOption":"UseText","TextPosition":"inline","ChoiceColumnWidth":25,"RepeatHeaders":"none","WhiteSpace":"OFF","MobileFirst":true},"QuestionDescription":"this is an-html table as a question please-dear-god-no please - never use this this is -- unnecss...","Choices":{"1":{"Display":"Click to write Statement 1"},"2":{"Display":"Click to write Statement 2"},"3":{"Display":"Click to write Statement 3"},"4":{"Display":"Click to write Statement 4"}},"ChoiceOrder":[1,2,3,4],"Validation":{"Settings":{"ForceResponse":"OFF","ForceResponseType":"ON","Type":"None"}},"GradingData":[],"Language":[],"Answers":{"1":{"Display":"This-choice--has-several-dashes"},"2":{"Display":"this choice has no dashes"},"3":{"Display":"this choice <b>has-some dashes-<\/b> between choices"},"4":{"Display":"this is a really really really really really really really really really really really really really really really really really really long choice with a dash -"},"5":{"Display":"-"},"6":{"Display":"the last one was only a dash --"},"7":{"Display":"Click to write Scale point 7"}},"AnswerOrder":[1,2,3,4,5,6,7],"ChoiceDataExportTags":false,"QuestionID":"QID4"}},{"SurveyID":"SV_0OPrrLPGRIffqZf","Element":"SQ","PrimaryAttribute":"QID1","SecondaryAttribute":"This question has no dashes","TertiaryAttribute":null,"Payload":{"QuestionText":"This question has no dashes","DefaultChoices":false,"DataExportTag":"Q1","QuestionType":"Matrix","Selector":"Likert","SubSelector":"SingleAnswer","Configuration":{"QuestionDescriptionOption":"UseText","TextPosition":"inline","ChoiceColumnWidth":25,"RepeatHeaders":"none","WhiteSpace":"OFF","MobileFirst":true},"QuestionDescription":"This question has no dashes","Choices":{"1":{"Display":"Click to write Statement 1"},"2":{"Display":"Click to write Statement 2"},"3":{"Display":"Click to write Statement 3"},"4":{"Display":"Click to write Statement 4"}},"ChoiceOrder":[1,2,3,4],"Validation":{"Settings":{"ForceResponse":"OFF","ForceResponseType":"ON","Type":"None"}},"GradingData":[],"Language":[],"Answers":{"1":{"Display":"This-choice--has-several-dashes"},"2":{"Display":"this choice has no dashes"},"3":{"Display":"this choice <b>has-some dashes-<\/b> between choices"},"4":{"Display":"this is a really really really really really really really really really really really really really really really really really really long choice with a dash -"},"5":{"Display":"-"},"6":{"Display":"the last one was only a dash --"},"7":{"Display":"Click to write Scale point 7"}},"AnswerOrder":[1,2,3,4,5,6,7],"ChoiceDataExportTags":false,"QuestionID":"QID1"}},{"SurveyID":"SV_0OPrrLPGRIffqZf","Element":"SQ","PrimaryAttribute":"QID5","SecondaryAttribute":"This question has no dashes","TertiaryAttribute":null,"Payload":{"QuestionText":"This question has no dashes","DefaultChoices":false,"DataExportTag":"are-dashes-in-dexps","QuestionType":"Matrix","Selector":"Likert","SubSelector":"SingleAnswer","Configuration":{"QuestionDescriptionOption":"UseText","TextPosition":"inline","ChoiceColumnWidth":25,"RepeatHeaders":"none","WhiteSpace":"OFF","MobileFirst":true},"QuestionDescription":"This question has no dashes","Choices":{"1":{"Display":"Click to write Statement 1"},"2":{"Display":"Click to write Statement 2"},"3":{"Display":"Click to write Statement 3"},"4":{"Display":"Click to write Statement 4"}},"ChoiceOrder":[1,2,3,4],"Validation":{"Settings":{"ForceResponse":"OFF","ForceResponseType":"ON","Type":"None"}},"GradingData":[],"Language":[],"Answers":{"1":{"Display":"This-choice--has-several-dashes"},"2":{"Display":"this choice has no dashes"},"3":{"Display":"this choice <b>has-some dashes-<\/b> between choices"},"4":{"Display":"this is a really really really really really really really really really really really really really really really really really really long choice with a dash -"},"5":{"Display":"-"},"6":{"Display":"the last one was only a dash --"},"7":{"Display":"Click to write Scale point 7"}},"AnswerOrder":[1,2,3,4,5,6,7],"ChoiceDataExportTags":false,"QuestionID":"QID5"}},{"SurveyID":"SV_0OPrrLPGRIffqZf","Element":"SQ","PrimaryAttribute":"QID3","SecondaryAttribute":"This question has one-dash","TertiaryAttribute":null,"Payload":{"QuestionText":"This question has one-dash","DefaultChoices":false,"DataExportTag":"Q3","QuestionType":"Matrix","Selector":"Likert","SubSelector":"SingleAnswer","Configuration":{"QuestionDescriptionOption":"UseText","TextPosition":"inline","ChoiceColumnWidth":25,"RepeatHeaders":"none","WhiteSpace":"OFF","MobileFirst":true},"QuestionDescription":"This question has one-dash","Choices":{"1":{"Display":"Click to write Statement 1"},"2":{"Display":"Click to write Statement 2"},"3":{"Display":"Click to write Statement 3"},"4":{"Display":"Click to write Statement 4"}},"ChoiceOrder":[1,2,3,4],"Validation":{"Settings":{"ForceResponse":"OFF","ForceResponseType":"ON","Type":"None"}},"GradingData":[],"Language":[],"Answers":{"1":{"Display":"This-choice--has-several-dashes"},"2":{"Display":"this choice has no dashes"},"3":{"Display":"this choice <b>has-some dashes-<\/b> between choices"},"4":{"Display":"this is a really really really really really really really really really really really really really really really really really really long choice with a dash -"},"5":{"Display":"-"},"6":{"Display":"the last one was only a dash --"},"7":{"Display":"Click to write Scale point 7"}},"AnswerOrder":[1,2,3,4,5,6,7],"ChoiceDataExportTags":false,"QuestionID":"QID3"}}]}