{"SurveyEntry":{"SurveyID":"SV_4ILRhqlGA79u2Md","SurveyName":"Better Sample Survey","SurveyDescription":null,"SurveyOwnerID":"UR_8kzO7vEaBPWnAB7","SurveyBrandID":"tufts","DivisionID":null,"SurveyLanguage":"EN","SurveyActiveResponseSet":"RS_b7zfXIWLy4DCKcl","SurveyStatus":"Inactive","SurveyStartDate":"0000-00-00 00:00:00","SurveyExpirationDate":"0000-00-00 00:00:00","SurveyCreationDate":"2016-06-26 19:30:35","CreatorID":"UR_8kzO7vEaBPWnAB7","LastModified":"2016-07-20 10:47:10","LastAccessed":"0000-00-00 00:00:00","LastActivated":"0000-00-00 00:00:00","Deleted":null},"SurveyElements":[{"SurveyID":"SV_4ILRhqlGA79u2Md","Element":"BL","PrimaryAttribute":"Survey Blocks","SecondaryAttribute":null,"TertiaryAttribute":null,"Payload":[{"Type":"Default","Description":"First Question Block","ID":"BL_6Md3U9jb0suQHmR","BlockElements":[{"Type":"Question","QuestionID":"QID4"},{"Type":"Question","QuestionID":"QID1","SkipLogic":[{"SkipLogicID":1,"ChoiceLocator":"q:\/\/QID1\/SelectableChoice\/1","Condition":"Selected","SkipToDestination":"ENDOFBLOCK","Locator":"q:\/\/QID1\/SelectableChoice\/1","SkipToDescription":"Please select your favorite... <strong>Canteloupe<\/strong> Is <strong>Selected<\/strong>","Description":"If <strong title=\"Canteloupe\">Canteloupe<\/strong> Is <strong>Selected<\/strong>, Then Skip To <strong>End of Block<\/strong>","QuestionID":"QID1"}]},{"Type":"Question","QuestionID":"QID5"},{"Type":"Question","QuestionID":"QID2"},{"Type":"Question","QuestionID":"QID6"},{"Type":"Question","QuestionID":"QID3"},{"Type":"Question","QuestionID":"QID8"},{"Type":"Question","QuestionID":"QID9"},{"Type":"Question","QuestionID":"QID10"},{"Type":"Question","QuestionID":"QID11"},{"Type":"Question","QuestionID":"QID12"}]},{"Type":"Trash","Description":"Trash \/ Unused Questions","ID":"BL_efFx0nTfpb3OAg5","BlockElements":[{"Type":"Question","QuestionID":"QID7"}]}]},{"SurveyID":"SV_4ILRhqlGA79u2Md","Element":"FL","PrimaryAttribute":"Survey Flow","SecondaryAttribute":null,"TertiaryAttribute":null,"Payload":{"Flow":[{"ID":"BL_6Md3U9jb0suQHmR","Type":"Block","FlowID":"FL_2"}],"Properties":{"Count":2},"FlowID":"FL_1","Type":"Root"}},{"SurveyID":"SV_4ILRhqlGA79u2Md","Element":"NT","PrimaryAttribute":"NT_51nhj7porSo15Vr","SecondaryAttribute":null,"TertiaryAttribute":null,"Payload":{"Notes":[{"Message":"This is a note, and it belongs here.","ID":"NO_cTT8gVZ2ANn25Sd","UserID":"UR_8kzO7vEaBPWnAB7","Timestamp":1469023640,"Removed":false}],"UserStatuses":{"UR_8kzO7vEaBPWnAB7":"Expanded"},"ParentID":"QID4","ID":"NT_51nhj7porSo15Vr"}},{"SurveyID":"SV_4ILRhqlGA79u2Md","Element":"SO","PrimaryAttribute":"Survey Options","SecondaryAttribute":null,"TertiaryAttribute":null,"Payload":{"BackButton":"false","SaveAndContinue":"true","SurveyProtection":"PublicSurvey","BallotBoxStuffingPrevention":"false","NoIndex":"Yes","SecureResponseFiles":"true","SurveyExpiration":"None","SurveyTermination":"DefaultMessage","Header":"","Footer":"","ProgressBarDisplay":"None","PartialData":"+1 week","ValidationMessage":"","PreviousButton":"  <<  ","NextButton":"  >>  ","SkinLibrary":"tufts","SkinType":"MQ","Skin":"tufts1","NewScoring":1}},{"SurveyID":"SV_4ILRhqlGA79u2Md","Element":"SCO","PrimaryAttribute":"Scoring","SecondaryAttribute":null,"TertiaryAttribute":null,"Payload":{"ScoringCategories":[],"ScoringCategoryGroups":[],"ScoringSummaryCategory":null,"ScoringSummaryAfterQuestions":0,"ScoringSummaryAfterSurvey":0,"DefaultScoringCategory":null,"AutoScoringCategory":null}},{"SurveyID":"SV_4ILRhqlGA79u2Md","Element":"STAT","PrimaryAttribute":"Survey Statistics","SecondaryAttribute":null,"TertiaryAttribute":null,"Payload":{"MobileCompatible":false,"ID":"Survey Statistics"}},{"SurveyID":"SV_4ILRhqlGA79u2Md","Element":"QC","PrimaryAttribute":"Survey Question Count","SecondaryAttribute":"12","TertiaryAttribute":null,"Payload":null},{"SurveyID":"SV_4ILRhqlGA79u2Md","Element":"SQ","PrimaryAttribute":"QID7","SecondaryAttribute":"Click to write the question text","TertiaryAttribute":null,"Payload":{"QuestionText":"Click to write the question text","DefaultChoices":false,"DataExportTag":"Q7","QuestionType":"SBS","Selector":"SBSMatrix","Configuration":{"QuestionDescriptionOption":"UseText","RepeatHeaders":"none"},"QuestionDescription":"Click to write the question text","Choices":{"1":{"Display":"Click to write Statement 1"},"2":{"Display":"Click to write Statement 2"},"3":{"Display":"Click to write Statement 3"}},"ChoiceOrder":["1","2","3"],"Validation":{"Settings":{"ForceResponse":"OFF","Type":"None"}},"GradingData":[],"Language":[],"NumberOfQuestions":2,"AdditionalQuestions":{"1":{"QuestionText":"Click to write Column 1","Answers":{"1":{"Display":"Answer 1"},"2":{"Display":"Answer 2"}},"RecodeValues":[],"VariableNaming":[],"AnalyzeChoices":[],"QuestionType":"Matrix","Selector":"Likert","SubSelector":"SingleAnswer","ChoiceColumnWidthPixels":null,"DataExportTag":"Q7#1","Choices":{"1":{"Display":"Click to write Statement 1"},"2":{"Display":"Click to write Statement 2"},"3":{"Display":"Click to write Statement 3"}},"ChoiceDataExportTags":false,"Validation":{"Settings":{"ForceResponse":"OFF","Type":"None"}},"QuestionDescription":"Click to write Column 1","Configuration":{"QuestionDescriptionOption":"UseText"},"QuestionID":"QID7#1"},"2":{"QuestionText":"Click to write Column 2","Answers":{"1":{"Display":"Answer 1"},"2":{"Display":"Answer 2"}},"RecodeValues":[],"VariableNaming":[],"AnalyzeChoices":[],"QuestionType":"Matrix","Selector":"Likert","SubSelector":"SingleAnswer","ChoiceColumnWidthPixels":null,"DataExportTag":"Q7#2","Choices":{"1":{"Display":"Click to write Statement 1"},"2":{"Display":"Click to write Statement 2"},"3":{"Display":"Click to write Statement 3"}},"ChoiceDataExportTags":false,"Validation":{"Settings":{"ForceResponse":"OFF","Type":"None"}},"QuestionDescription":"Click to write Column 2","Configuration":{"QuestionDescriptionOption":"UseText"},"QuestionID":"QID7#2"}},"ChoiceDataExportTags":false,"QuestionID":"QID7"}},{"SurveyID":"SV_4ILRhqlGA79u2Md","Element":"SQ","PrimaryAttribute":"QID10","SecondaryAttribute":"Click to write the question text","TertiaryAttribute":null,"Payload":{"QuestionText":"Click to write the question text","DefaultChoices":false,"DataExportTag":"Q10","QuestionType":"SBS","Selector":"SBSMatrix","Configuration":{"QuestionDescriptionOption":"UseText","RepeatHeaders":"none"},"QuestionDescription":"Click to write the question text","Choices":{"1":{"Display":"Click to write Statement 1"},"2":{"Display":"Click to write Statement 2"},"3":{"Display":"Click to write Statement 3"}},"ChoiceOrder":["1","2","3"],"Validation":{"Settings":{"ForceResponse":"OFF","Type":"None"}},"GradingData":[],"Language":[],"NumberOfQuestions":2,"AdditionalQuestions":{"1":{"QuestionText":"Click to write Column 1","Answers":{"1":{"Display":"Answer 1"},"2":{"Display":"Answer 2"}},"RecodeValues":{"1":"1","2":"2"},"VariableNaming":[],"AnalyzeChoices":[],"QuestionType":"Matrix","Selector":"Likert","SubSelector":"SingleAnswer","ChoiceColumnWidthPixels":null,"DataExportTag":"Q10#1","QuestionID":"QID10#1","Choices":{"1":{"Display":"Click to write Statement 1"},"2":{"Display":"Click to write Statement 2"},"3":{"Display":"Click to write Statement 3"}},"ChoiceDataExportTags":false,"Validation":{"Settings":{"ForceResponse":"OFF","Type":"None"}},"QuestionDescription":"Click to write Column 1","Configuration":{"QuestionDescriptionOption":"UseText"}},"2":{"QuestionText":"Click to write Column 2","Answers":{"1":{"Display":"Answer 1"}},"RecodeValues":{"1":"-1"},"VariableNaming":[],"AnalyzeChoices":[],"QuestionType":"Matrix","Selector":"Likert","SubSelector":"MultipleAnswer","ChoiceColumnWidthPixels":null,"DataExportTag":"Q10#2","QuestionID":"QID10#2","Choices":{"1":{"Display":"Click to write Statement 1"},"2":{"Display":"Click to write Statement 2"},"3":{"Display":"Click to write Statement 3"}},"ChoiceDataExportTags":false,"Validation":{"Settings":{"ForceResponse":"OFF","Type":"None"}},"QuestionDescription":"Click to write Column 2","Configuration":{"QuestionDescriptionOption":"UseText"}}},"ChoiceDataExportTags":false,"QuestionID":"QID10","RecodeValues":{"1":1,"2":2}}},{"SurveyID":"SV_4ILRhqlGA79u2Md","Element":"SQ","PrimaryAttribute":"QID11","SecondaryAttribute":"Click to write the question text","TertiaryAttribute":null,"Payload":{"QuestionText":"Click to write the question text","DefaultChoices":false,"DataExportTag":"Q11","QuestionType":"SBS","Selector":"SBSMatrix","Configuration":{"QuestionDescriptionOption":"UseText","RepeatHeaders":"none"},"QuestionDescription":"Click to write the question text","Choices":{"1":{"Display":"Click to write Statement 1"},"2":{"Display":"Click to write Statement 2"},"3":{"Display":"Click to write Statement 3"}},"ChoiceOrder":["1","2","3"],"Validation":{"Settings":{"ForceResponse":"OFF","Type":"None"}},"RecodeValues":{"1":1,"2":2,"3":3},"GradingData":[],"Language":[],"NumberOfQuestions":3,"AdditionalQuestions":{"1":{"QuestionText":"Click to write Column 1","Answers":{"1":{"Display":"Answer 1"},"2":{"Display":"Answer 2"}},"RecodeValues":{"1":"0","2":"-99"},"VariableNaming":[],"AnalyzeChoices":[],"QuestionType":"Matrix","Selector":"Likert","SubSelector":"MultipleAnswer","ChoiceColumnWidthPixels":null,"DataExportTag":"Q11#1","Choices":{"1":{"Display":"Click to write Statement 1"},"2":{"Display":"Click to write Statement 2"},"3":{"Display":"Click to write Statement 3"}},"ChoiceDataExportTags":false,"Validation":{"Settings":{"ForceResponse":"OFF","Type":"None"}},"QuestionDescription":"Click to write Column 1","Configuration":{"QuestionDescriptionOption":"UseText"},"QuestionID":"QID11#1"},"2":{"QuestionText":"Click to write Column 2","Answers":{"1":{"Display":"Answer 1"},"2":{"Display":"Answer 2"}},"RecodeValues":{"1":"1","2":"2"},"VariableNaming":[],"AnalyzeChoices":[],"QuestionType":"Matrix","Selector":"Likert","SubSelector":"MultipleAnswer","ChoiceColumnWidthPixels":null,"DataExportTag":"Q11#2","Choices":{"1":{"Display":"Click to write Statement 1"},"2":{"Display":"Click to write Statement 2"},"3":{"Display":"Click to write Statement 3"}},"ChoiceDataExportTags":false,"Validation":{"Settings":{"ForceResponse":"OFF","Type":"None"}},"QuestionDescription":"Click to write Column 2","Configuration":{"QuestionDescriptionOption":"UseText"},"QuestionID":"QID11#2"},"3":{"QuestionText":"Click to write Column 3","Answers":{"1":{"Display":"Answer 1"},"2":{"Display":"Answer 2"}},"RecodeValues":{"1":"3","2":"4"},"VariableNaming":[],"AnalyzeChoices":[],"QuestionType":"Matrix","Selector":"Likert","SubSelector":"MultipleAnswer","ChoiceColumnWidthPixels":null,"DataExportTag":"Q11#3","Choices":{"1":{"Display":"Click to write Statement 1"},"2":{"Display":"Click to write Statement 2"},"3":{"Display":"Click to write Statement 3"}},"ChoiceDataExportTags":false,"Validation":{"Settings":{"ForceResponse":"OFF","Type":"None"}},"QuestionDescription":"Click to write Column 3","Configuration":{"QuestionDescriptionOption":"UseText"},"QuestionID":"QID11#3"}},"ChoiceDataExportTags":false,"QuestionID":"QID11"}},{"SurveyID":"SV_4ILRhqlGA79u2Md","Element":"SQ","PrimaryAttribute":"QID12","SecondaryAttribute":"Click to write the question text","TertiaryAttribute":null,"Payload":{"QuestionText":"Click to write the question text","DefaultChoices":false,"DataExportTag":"Q12","QuestionType":"SBS","Selector":"SBSMatrix","Configuration":{"QuestionDescriptionOption":"UseText","RepeatHeaders":"none"},"QuestionDescription":"Click to write the question text","Choices":{"1":{"Display":"Click to write Statement 1"},"2":{"Display":"Click to write Statement 2"},"3":{"Display":"Click to write Statement 3"}},"ChoiceOrder":["1","2","3"],"Validation":{"Settings":{"ForceResponse":"OFF","Type":"None"}},"RecodeValues":{"1":1,"2":2},"GradingData":[],"Language":[],"NumberOfQuestions":2,"AdditionalQuestions":{"1":{"QuestionText":"Click to write Column 1","Answers":{"1":{"Display":"Answer 1"}},"RecodeValues":{"1":"0"},"VariableNaming":[],"AnalyzeChoices":[],"QuestionType":"Matrix","Selector":"Likert","SubSelector":"MultipleAnswer","ChoiceColumnWidthPixels":null,"DataExportTag":"Q12#1","Choices":{"1":{"Display":"Click to write Statement 1"},"2":{"Display":"Click to write Statement 2"},"3":{"Display":"Click to write Statement 3"}},"ChoiceDataExportTags":false,"Validation":{"Settings":{"ForceResponse":"OFF","Type":"None"}},"QuestionDescription":"Click to write Column 1","Configuration":{"QuestionDescriptionOption":"UseText"},"QuestionID":"QID12#1"},"2":{"QuestionText":"Click to write Column 2","Answers":{"1":{"Display":"Answer 1"}},"RecodeValues":{"1":"-1"},"VariableNaming":[],"AnalyzeChoices":[],"QuestionType":"Matrix","Selector":"Likert","SubSelector":"MultipleAnswer","ChoiceColumnWidthPixels":null,"DataExportTag":"Q12#2","Choices":{"1":{"Display":"Click to write Statement 1"},"2":{"Display":"Click to write Statement 2"},"3":{"Display":"Click to write Statement 3"}},"ChoiceDataExportTags":false,"Validation":{"Settings":{"ForceResponse":"OFF","Type":"None"}},"QuestionDescription":"Click to write Column 2","Configuration":{"QuestionDescriptionOption":"UseText"},"QuestionID":"QID12#2"}},"ChoiceDataExportTags":false,"QuestionID":"QID12"}},{"SurveyID":"SV_4ILRhqlGA79u2Md","Element":"RS","PrimaryAttribute":"RS_b7zfXIWLy4DCKcl","SecondaryAttribute":"Default Response Set","TertiaryAttribute":null,"Payload":null},{"SurveyID":"SV_4ILRhqlGA79u2Md","Element":"SQ","PrimaryAttribute":"QID3","SecondaryAttribute":"Please briefly state your position on fruit.","TertiaryAttribute":null,"Payload":{"QuestionText":"Please briefly state your position on fruit.","DefaultChoices":false,"DataExportTag":"q5_position","QuestionType":"TE","Selector":"SL","Configuration":{"QuestionDescriptionOption":"UseText"},"QuestionDescription":"Please briefly state your position on fruit.","Validation":{"Settings":{"ForceResponse":"OFF","ForceResponseType":"ON","Type":"None"}},"GradingData":[],"Language":[],"QuestionID":"QID3"}},{"SurveyID":"SV_4ILRhqlGA79u2Md","Element":"SQ","PrimaryAttribute":"QID4","SecondaryAttribute":"Please indicate how recently you've eaten each of the following fruit","TertiaryAttribute":null,"Payload":{"QuestionText":"Please indicate how recently you've eaten each of the following fruit","DefaultChoices":false,"DataExportTag":"q1_recent","QuestionType":"Matrix","Selector":"Likert","SubSelector":"MultipleAnswer","Configuration":{"QuestionDescriptionOption":"UseText","TextPosition":"inline","ChoiceColumnWidth":25,"RepeatHeaders":"none","WhiteSpace":"OFF","MobileFirst":true},"QuestionDescription":"Please indicate how recently you've eaten each of the following fruit","Choices":{"1":{"Display":"Canteloupe","DisplayLogic":{"0":{"0":{"LogicType":"Question","QuestionID":"QID2","QuestionIsInLoop":"no","ChoiceLocator":"q:\/\/QID2\/SelectableChoice\/1\/4","Operator":"NotSelected","QuestionIDFromLocator":"QID2","LeftOperand":"q:\/\/QID2\/SelectableChoice\/1\/4","Type":"Expression","Description":"<span class=\"ConjDesc\">If<\/span> <span class=\"QuestionDesc\">Please rank each food<\/span> <span class=\"LeftOpDesc\">Cantaloupe - No Opinion<\/span> Is <span class=\"OpDesc\">Not Selected<\/span> "},"Type":"If"},"Type":"BooleanExpression","inPage":false}},"2":{"Display":"Kiwi","DisplayLogic":{"0":{"0":{"LogicType":"Question","QuestionID":"QID2","QuestionIsInLoop":"no","ChoiceLocator":"q:\/\/QID2\/SelectableChoice\/2\/4","Operator":"NotSelected","QuestionIDFromLocator":"QID2","LeftOperand":"q:\/\/QID2\/SelectableChoice\/2\/4","Type":"Expression","Description":"<span class=\"ConjDesc\">If<\/span> <span class=\"QuestionDesc\">Please rank each food<\/span> <span class=\"LeftOpDesc\">Kiwi - No Opinion<\/span> Is <span class=\"OpDesc\">Not Selected<\/span> "},"Type":"If"},"Type":"BooleanExpression","inPage":false}},"3":{"Display":"Pomegranate","DisplayLogic":{"0":{"0":{"LogicType":"Question","QuestionID":"QID2","QuestionIsInLoop":"no","ChoiceLocator":"q:\/\/QID2\/SelectableChoice\/3\/4","Operator":"NotSelected","QuestionIDFromLocator":"QID2","LeftOperand":"q:\/\/QID2\/SelectableChoice\/3\/4","Type":"Expression","Description":"<span class=\"ConjDesc\">If<\/span> <span class=\"QuestionDesc\">Please rank each food<\/span> <span class=\"LeftOpDesc\">Pomegranate - No Opinion<\/span> Is <span class=\"OpDesc\">Not Selected<\/span> "},"Type":"If"},"Type":"BooleanExpression","inPage":false}}},"ChoiceOrder":["1","2","3"],"Validation":{"Settings":{"ForceResponse":"OFF","ForceResponseType":"ON","Type":"None"}},"GradingData":[],"Language":[],"Answers":{"1":{"Display":"In the last week"},"2":{"Display":"In the last month"},"3":{"Display":"In the last year"}},"AnswerOrder":["1","2","3"],"ChoiceDataExportTags":{"1":"q1_recent_1","2":"q1_recent_2","3":"q1_recent_3"},"QuestionID":"QID4"}},{"SurveyID":"SV_4ILRhqlGA79u2Md","Element":"SQ","PrimaryAttribute":"QID6","SecondaryAttribute":"Please indicate if you have reservations in eating each of the following fruit, and if so, why. ","TertiaryAttribute":null,"Payload":{"QuestionText":"Please indicate if you have reservations in eating each of the following fruit, and if so, why.&nbsp;","DefaultChoices":false,"DataExportTag":"q6_reservations","QuestionType":"SBS","Selector":"SBSMatrix","Configuration":{"QuestionDescriptionOption":"UseText","RepeatHeaders":"none"},"QuestionDescription":"Please indicate if you have reservations in eating each of the following fruit, and if so, why. ","Choices":{"1":{"Display":"Cantaloupe"},"2":{"Display":"Kiwi"},"3":{"Display":"Pomegranate"}},"ChoiceOrder":["1","2","3"],"Validation":{"Settings":{"ForceResponse":"OFF","Type":"None"}},"GradingData":[],"Language":[],"NumberOfQuestions":2,"AdditionalQuestions":{"1":{"QuestionText":"Do you have reservations in eating this fruit?","Answers":{"1":{"Display":"Yes"},"2":{"Display":"No"},"3":{"Display":"Unsure"}},"RecodeValues":{"1":"1","2":"2","3":"3"},"VariableNaming":[],"AnalyzeChoices":[],"QuestionType":"Matrix","Selector":"Likert","SubSelector":"SingleAnswer","ChoiceColumnWidthPixels":null,"Validation":{"Settings":{"ForceResponse":"OFF","Type":"None"}},"DataExportTag":"q6_reservations#1","QuestionID":"QID6#1","Choices":{"1":{"Display":"Cantaloupe"},"2":{"Display":"Kiwi"},"3":{"Display":"Pomegranate"}},"ChoiceDataExportTags":false,"QuestionDescription":"Do you have reservations in eating this fruit?","Configuration":{"QuestionDescriptionOption":"UseText"}},"2":{"QuestionText":"Why?","Answers":{"1":{"Display":"I have no reservations"},"2":{"Display":"Food allergy"},"3":{"Display":"Dislike the taste"},"4":{"Display":"Other"}},"RecodeValues":{"1":"1","2":"2","3":"3","4":"4"},"VariableNaming":[],"AnalyzeChoices":[],"QuestionType":"Matrix","Selector":"Likert","SubSelector":"DL","ChoiceColumnWidthPixels":null,"Validation":{"Settings":{"ForceResponse":"OFF","Type":"None"}},"DataExportTag":"q6_reservations#2","QuestionID":"QID6#2","Choices":{"1":{"Display":"Cantaloupe"},"2":{"Display":"Kiwi"},"3":{"Display":"Pomegranate"}},"ChoiceDataExportTags":false,"QuestionDescription":"Why?","Configuration":{"QuestionDescriptionOption":"UseText"}}},"ChoiceDataExportTags":false,"QuestionID":"QID6","RecodeValues":{"1":"1","2":"2"}}},{"SurveyID":"SV_4ILRhqlGA79u2Md","Element":"SQ","PrimaryAttribute":"QID2","SecondaryAttribute":"Please rank each food","TertiaryAttribute":null,"Payload":{"QuestionText":"Please rank each food","DefaultChoices":false,"DataExportTag":"q4_rank","QuestionType":"Matrix","Selector":"Likert","SubSelector":"SingleAnswer","Configuration":{"QuestionDescriptionOption":"UseText","TextPosition":"inline","ChoiceColumnWidth":25,"RepeatHeaders":"none","WhiteSpace":"OFF","MobileFirst":true},"QuestionDescription":"Please rank each food","Choices":{"1":{"Display":"Cantaloupe"},"2":{"Display":"Kiwi"},"3":{"Display":"Pomegranate"}},"ChoiceOrder":["1","2","3"],"Validation":{"Settings":{"ForceResponse":"OFF","ForceResponseType":"ON","Type":"None"}},"RecodeValues":{"1":1,"2":2,"3":3,"4":"-1"},"GradingData":[],"Language":[],"Answers":{"1":{"Display":"Enjoy"},"2":{"Display":"Ambivalent"},"3":{"Display":"Dislike"},"4":{"Display":"Never Tried It"}},"AnswerOrder":[1,2,3,4],"ChoiceDataExportTags":false,"QuestionID":"QID2"}},{"SurveyID":"SV_4ILRhqlGA79u2Md","Element":"SQ","PrimaryAttribute":"QID5","SecondaryAttribute":"Please select the fruit you would voluntarily eat.","TertiaryAttribute":null,"Payload":{"QuestionText":"Please select the fruit you would voluntarily eat.","DataExportTag":"q3_volunteer","QuestionType":"MC","Selector":"MAVR","SubSelector":"TX","Configuration":{"QuestionDescriptionOption":"UseText"},"QuestionDescription":"Please select the fruit you would voluntarily eat.","Choices":{"1":{"Display":"Cantaloupe"},"2":{"Display":"Kiwi"},"3":{"Display":"Pomegranate"},"4":{"Display":"None of the above","ExclusiveAnswer":true}},"ChoiceOrder":[1,2,3,4],"Validation":{"Settings":{"ForceResponse":"OFF","ForceResponseType":"ON","Type":"None"}},"AnalyzeChoices":{"4":"on"},"Language":[],"QuestionID":"QID5","RecodeValues":{"1":"1","2":"2","3":"3","4":"4"}}},{"SurveyID":"SV_4ILRhqlGA79u2Md","Element":"SQ","PrimaryAttribute":"QID1","SecondaryAttribute":"Please select your favorite fruit from the following options","TertiaryAttribute":null,"Payload":{"QuestionText":"Please select your favorite fruit from the following options","DataExportTag":"q2_favorite","QuestionType":"MC","Selector":"SAVR","SubSelector":"TX","Configuration":{"QuestionDescriptionOption":"UseText"},"QuestionDescription":"Please select your favorite fruit from the following options","Choices":{"1":{"Display":"Canteloupe"},"2":{"Display":"Kiwi"},"3":{"Display":"Pomagranite"}},"ChoiceOrder":[1,2,3],"Validation":{"Settings":{"ForceResponse":"OFF","ForceResponseType":"ON","Type":"None"}},"Language":[],"QuestionID":"QID1","RecodeValues":{"1":"1","2":"2","3":"3"}}},{"SurveyID":"SV_4ILRhqlGA79u2Md","Element":"SQ","PrimaryAttribute":"QID9","SecondaryAttribute":"This is a matrix multiple answer question with only one response column. QualtricsTools really sh...","TertiaryAttribute":null,"Payload":{"QuestionText":"This is a matrix multiple answer question with only one response column. QualtricsTools really should treat single column multiple answer matrix questions as multiple choice multiple answer questions.","DefaultChoices":false,"DataExportTag":"Q9","QuestionID":"QID9","QuestionType":"Matrix","Selector":"Likert","SubSelector":"MultipleAnswer","Configuration":{"QuestionDescriptionOption":"UseText","TextPosition":"inline","ChoiceColumnWidth":25,"RepeatHeaders":"none","WhiteSpace":"OFF","MobileFirst":true},"QuestionDescription":"This is a matrix multiple answer question with only one response column. QualtricsTools really sh...","Choices":{"1":{"Display":"Click to write Statement 1"},"2":{"Display":"Click to write Statement 2"},"3":{"Display":"Click to write Statement 3"}},"ChoiceOrder":[1,2,3],"Validation":{"Settings":{"ForceResponse":"OFF","ForceResponseType":"ON","Type":"None"}},"GradingData":[],"Language":[],"Answers":{"1":{"Display":"Click to write Scale point 1"}},"AnswerOrder":[1],"ChoiceDataExportTags":false}},{"SurveyID":"SV_4ILRhqlGA79u2Md","Element":"SQ","PrimaryAttribute":"QID8","SecondaryAttribute":"This is a matrix single answer question with only one response column. QualtricsTools really shou...","TertiaryAttribute":null,"Payload":{"QuestionText":"This is a matrix single answer question with only one response column. QualtricsTools really should treat single column single answer matrix questions as multiple choice single answer questions.","DefaultChoices":false,"DataExportTag":"Q8","QuestionType":"Matrix","Selector":"Likert","SubSelector":"SingleAnswer","Configuration":{"QuestionDescriptionOption":"UseText","TextPosition":"inline","ChoiceColumnWidth":25,"RepeatHeaders":"none","WhiteSpace":"OFF","MobileFirst":true},"QuestionDescription":"This is a matrix single answer question with only one response column. QualtricsTools really shou...","Choices":{"1":{"Display":"Click to write Statement 1"},"2":{"Display":"Click to write Statement 2"},"3":{"Display":"Click to write Statement 3"}},"ChoiceOrder":["1","2","3"],"Validation":{"Settings":{"ForceResponse":"OFF","ForceResponseType":"ON","Type":"None"}},"GradingData":[],"Language":[],"Answers":{"1":{"Display":"Click to write Scale point 1"}},"AnswerOrder":[1],"ChoiceDataExportTags":false,"QuestionID":"QID8"}}]}