{"SurveyEntry":{"SurveyID":"SV_3Czxxo8mVNob5gV","SurveyName":"No Basis for Evaluation","SurveyDescription":null,"SurveyOwnerID":"UR_8kzO7vEaBPWnAB7","SurveyBrandID":"tufts","DivisionID":null,"SurveyLanguage":"EN","SurveyActiveResponseSet":"RS_9ZXvYOwTtmwuOvr","SurveyStatus":"Inactive","SurveyStartDate":"0000-00-00 00:00:00","SurveyExpirationDate":"0000-00-00 00:00:00","SurveyCreationDate":"2016-06-24 10:11:07","CreatorID":"UR_8kzO7vEaBPWnAB7","LastModified":"2016-06-24 10:26:48","LastAccessed":"0000-00-00 00:00:00","LastActivated":"0000-00-00 00:00:00","Deleted":null},"SurveyElements":[{"SurveyID":"SV_3Czxxo8mVNob5gV","Element":"BL","PrimaryAttribute":"Survey Blocks","SecondaryAttribute":null,"TertiaryAttribute":null,"Payload":[{"Type":"Default","Description":"Default Question Block","ID":"BL_25JUjmAJknPlBnD","BlockElements":[{"Type":"Question","QuestionID":"QID1"},{"Type":"Question","QuestionID":"QID2"},{"Type":"Question","QuestionID":"QID3"},{"Type":"Question","QuestionID":"QID4"},{"Type":"Question","QuestionID":"QID5"},{"Type":"Question","QuestionID":"QID6"}]},{"Type":"Trash","Description":"Trash \/ Unused Questions","ID":"BL_5pW1LjX1vkfg29f"}]},{"SurveyID":"SV_3Czxxo8mVNob5gV","Element":"FL","PrimaryAttribute":"Survey Flow","SecondaryAttribute":null,"TertiaryAttribute":null,"Payload":{"Flow":[{"ID":"BL_25JUjmAJknPlBnD","Type":"Block","FlowID":"FL_2"}],"Properties":{"Count":2},"FlowID":"FL_1","Type":"Root"}},{"SurveyID":"SV_3Czxxo8mVNob5gV","Element":"SO","PrimaryAttribute":"Survey Options","SecondaryAttribute":null,"TertiaryAttribute":null,"Payload":{"BackButton":"false","SaveAndContinue":"true","SurveyProtection":"PublicSurvey","BallotBoxStuffingPrevention":"false","NoIndex":"Yes","SecureResponseFiles":"true","SurveyExpiration":"None","SurveyTermination":"DefaultMessage","Header":"","Footer":"","ProgressBarDisplay":"None","PartialData":"+1 week","ValidationMessage":"","PreviousButton":"  <<  ","NextButton":"  >>  ","SkinLibrary":"tufts","SkinType":"MQ","Skin":"tufts1","NewScoring":1}},{"SurveyID":"SV_3Czxxo8mVNob5gV","Element":"SCO","PrimaryAttribute":"Scoring","SecondaryAttribute":null,"TertiaryAttribute":null,"Payload":{"ScoringCategories":[],"ScoringCategoryGroups":[],"ScoringSummaryCategory":null,"ScoringSummaryAfterQuestions":0,"ScoringSummaryAfterSurvey":0,"DefaultScoringCategory":null,"AutoScoringCategory":null}},{"SurveyID":"SV_3Czxxo8mVNob5gV","Element":"STAT","PrimaryAttribute":"Survey Statistics","SecondaryAttribute":null,"TertiaryAttribute":null,"Payload":{"MobileCompatible":false,"ID":"Survey Statistics"}},{"SurveyID":"SV_3Czxxo8mVNob5gV","Element":"QC","PrimaryAttribute":"Survey Question Count","SecondaryAttribute":"6","TertiaryAttribute":null,"Payload":null},{"SurveyID":"SV_3Czxxo8mVNob5gV","Element":"SQ","PrimaryAttribute":"QID2","SecondaryAttribute":"Check all statements you agree with","TertiaryAttribute":null,"Payload":{"QuestionText":"Check all statements you agree with<div><br><\/div>","DataExportTag":"Q2","QuestionType":"MC","Selector":"MAVR","SubSelector":"TX","Configuration":{"QuestionDescriptionOption":"UseText"},"QuestionDescription":"Check all statements you agree with","Choices":{"1":{"Display":"Squash are great"},"2":{"Display":"Squash are tolerable"},"3":{"Display":"Squash cause me anguish"},"4":{"Display":"No basis for evaluation"},"5":{"Display":"I've never had squash"}},"ChoiceOrder":[1,2,3,4,5],"Validation":{"Settings":{"ForceResponse":"OFF","ForceResponseType":"ON","Type":"None"}},"Language":[],"QuestionID":"QID2","RecodeValues":{"1":"1","2":"2","3":"3","4":"-1","5":"-2"}}},{"SurveyID":"SV_3Czxxo8mVNob5gV","Element":"RS","PrimaryAttribute":"RS_9ZXvYOwTtmwuOvr","SecondaryAttribute":"Default Response Set","TertiaryAttribute":null,"Payload":null},{"SurveyID":"SV_3Czxxo8mVNob5gV","Element":"SQ","PrimaryAttribute":"QID1","SecondaryAttribute":"Indicate how you feel about squash","TertiaryAttribute":null,"Payload":{"QuestionText":"Indicate how you feel about squash","DataExportTag":"Q1","QuestionType":"MC","Selector":"SAVR","SubSelector":"TX","Configuration":{"QuestionDescriptionOption":"UseText"},"QuestionDescription":"Indicate how you feel about squash","Choices":{"1":{"Display":"Great"},"2":{"Display":"In the middle"},"3":{"Display":"Awful"},"4":{"Display":"No opinion"}},"ChoiceOrder":[1,2,3,4],"Validation":{"Settings":{"ForceResponse":"OFF","ForceResponseType":"ON","Type":"None"}},"RecodeValues":{"1":"1","2":"2","3":"3","4":"-1"},"Language":[],"QuestionID":"QID1"}},{"SurveyID":"SV_3Czxxo8mVNob5gV","Element":"SQ","PrimaryAttribute":"QID3","SecondaryAttribute":"Indicate how you feel about the following vegetables","TertiaryAttribute":null,"Payload":{"QuestionText":"Indicate how you feel about the following vegetables","DefaultChoices":false,"DataExportTag":"Q3","QuestionType":"Matrix","Selector":"Likert","SubSelector":"SingleAnswer","Configuration":{"QuestionDescriptionOption":"UseText","TextPosition":"inline","ChoiceColumnWidth":25,"RepeatHeaders":"none","WhiteSpace":"OFF","MobileFirst":true},"QuestionDescription":"Indicate how you feel about the following vegetables","Choices":{"1":{"Display":"Squash"},"2":{"Display":"Cucumbers"},"3":{"Display":"Zucchini"},"4":{"Display":"Green beans"}},"ChoiceOrder":[1,2,3,4],"Validation":{"Settings":{"ForceResponse":"OFF","ForceResponseType":"ON","Type":"None"}},"GradingData":[],"Language":[],"Answers":{"1":{"Display":"Like"},"2":{"Display":"Neither like nor dislike"},"3":{"Display":"Dislike"},"4":{"Display":"No Opinion"}},"AnswerOrder":[1,2,3,4],"ChoiceDataExportTags":false,"QuestionID":"QID3","RecodeValues":{"1":1,"2":2,"3":3,"4":"-1"}}},{"SurveyID":"SV_3Czxxo8mVNob5gV","Element":"SQ","PrimaryAttribute":"QID4","SecondaryAttribute":"Indicate how you feel about the following vegetables","TertiaryAttribute":null,"Payload":{"QuestionText":"Indicate how you feel about the following vegetables","DefaultChoices":false,"DataExportTag":"Q4","QuestionType":"Matrix","Selector":"Likert","SubSelector":"SingleAnswer","Configuration":{"QuestionDescriptionOption":"UseText","TextPosition":"inline","ChoiceColumnWidth":25,"RepeatHeaders":"none","WhiteSpace":"OFF","MobileFirst":true},"QuestionDescription":"Indicate how you feel about the following vegetables","Choices":{"1":{"Display":"Squash"},"2":{"Display":"Cucumbers"},"3":{"Display":"Zucchini"},"4":{"Display":"Green beans"}},"ChoiceOrder":[1,2,3,4],"Validation":{"Settings":{"ForceResponse":"OFF","ForceResponseType":"ON","Type":"None"}},"GradingData":[],"Language":[],"Answers":{"1":{"Display":"Like"},"2":{"Display":"Neither like nor dislike"},"3":{"Display":"Dislike"},"4":{"Display":"No Opinion"},"5":{"Display":"Never tried it"}},"AnswerOrder":[1,2,3,4,5],"ChoiceDataExportTags":false,"QuestionID":"QID4","RecodeValues":{"1":1,"2":2,"3":3,"4":"-1","5":"-2"}}},{"SurveyID":"SV_3Czxxo8mVNob5gV","Element":"SQ","PrimaryAttribute":"QID5","SecondaryAttribute":"Please select when you participated in the following activities during your lifetime","TertiaryAttribute":null,"Payload":{"QuestionText":"Please select when you participated in the following activities during your lifetime","DefaultChoices":false,"DataExportTag":"Q5","QuestionType":"Matrix","Selector":"Likert","SubSelector":"MultipleAnswer","Configuration":{"QuestionDescriptionOption":"UseText","TextPosition":"inline","ChoiceColumnWidth":25,"RepeatHeaders":"none","WhiteSpace":"OFF","MobileFirst":true},"QuestionDescription":"Please select when you participated in the following activities during your lifetime","Choices":{"1":{"Display":"ate baby food"},"2":{"Display":"crawled around on the floow"},"3":{"Display":"considered deeply the meaning of life"}},"ChoiceOrder":[1,2,3],"Validation":{"Settings":{"ForceResponse":"OFF","ForceResponseType":"ON","Type":"None"}},"RecodeValues":{"1":"1","2":"2","3":"-1"},"GradingData":[],"Language":[],"Answers":{"1":{"Display":"1st Year"},"2":{"Display":"2nd Year"},"3":{"Display":"Did not participate"}},"AnswerOrder":["1","2","3"],"ChoiceDataExportTags":false,"QuestionID":"QID5"}},{"SurveyID":"SV_3Czxxo8mVNob5gV","Element":"SQ","PrimaryAttribute":"QID6","SecondaryAttribute":"Please select when you participated in the following activities during your lifetime","TertiaryAttribute":null,"Payload":{"QuestionText":"Please select when you participated in the following activities during your lifetime","DefaultChoices":false,"DataExportTag":"Q6","QuestionType":"Matrix","Selector":"Likert","SubSelector":"MultipleAnswer","Configuration":{"QuestionDescriptionOption":"UseText","TextPosition":"inline","ChoiceColumnWidth":25,"RepeatHeaders":"none","WhiteSpace":"OFF","MobileFirst":true},"QuestionDescription":"Please select when you participated in the following activities during your lifetime","Choices":{"1":{"Display":"ate baby food"},"2":{"Display":"crawled around on the floow"},"3":{"Display":"considered deeply the meaning of life"}},"ChoiceOrder":[1,2,3],"Validation":{"Settings":{"ForceResponse":"OFF","ForceResponseType":"ON","Type":"None"}},"RecodeValues":{"1":"1","2":"2","3":"-1","4":"-2"},"GradingData":[],"Language":[],"Answers":{"1":{"Display":"1st Year"},"2":{"Display":"2nd Year"},"3":{"Display":"Did not participate"},"4":{"Display":"Prefer not to Answer"}},"AnswerOrder":[1,2,3,4],"ChoiceDataExportTags":false,"QuestionID":"QID6"}}]}